
Microsoft Visual Studio Solution File, Format Version 12.00
# Visual Studio Version 16
VisualStudioVersion = 16.0.29215.179
MinimumVisualStudioVersion = 10.0.40219.1
Project("{2150E333-8FDC-42A3-9474-1A3956D46DE8}") = "Tooling", "Tooling", "{363DCFA0-F463-4525-84A9-7C25E2948517}"
EndProject
Project("{2150E333-8FDC-42A3-9474-1A3956D46DE8}") = "Assemblies", "Assemblies", "{F55228AE-1F0F-487D-B7F5-41E0ED19782A}"
EndProject
Project("{2150E333-8FDC-42A3-9474-1A3956D46DE8}") = "MLModules", "MLModules", "{F6FE064A-0421-4DD3-B682-CBD7C936D9E5}"
EndProject
Project("{9A19103F-16F7-4668-BE54-9A1E7A4F7556}") = "Pamaxie.Catalyst", "MLModules\Pamaxie.Catalyst\Pamaxie.Catalyst.csproj", "{DB776599-0814-4608-AA1B-38234CF65B2B}"
EndProject
Project("{9A19103F-16F7-4668-BE54-9A1E7A4F7556}") = "Pamaxie.Api", "Pamaxie.Api\Pamaxie.Api.csproj", "{608F1EB8-5905-45EF-8D66-FED15225F7F4}"
EndProject
Project("{9A19103F-16F7-4668-BE54-9A1E7A4F7556}") = "PamaxieML.Model", "MLModules\PamaxieML.Model\PamaxieML.Model.csproj", "{0F90928C-4F7B-40C4-9450-7273F02C2135}"
EndProject
Project("{9A19103F-16F7-4668-BE54-9A1E7A4F7556}") = "Pamaxie.ImageTooling", "Tooling\Pamaxie.ImageTooling\Pamaxie.ImageTooling.csproj", "{207C5C26-E64B-4F11-BDF8-2F8CC0ED613D}"
EndProject
Project("{9A19103F-16F7-4668-BE54-9A1E7A4F7556}") = "Pamaxie.Website", "Pamaxie.Website\Pamaxie.Website.csproj", "{3BF37CBD-5C7D-47A1-9E1A-D223D186DA01}"
EndProject
Project("{2150E333-8FDC-42A3-9474-1A3956D46DE8}") = "Testing", "Testing", "{DE5A386D-BC9A-4FA1-9EAB-36E66C72BC6E}"
EndProject
Project("{9A19103F-16F7-4668-BE54-9A1E7A4F7556}") = "Test.Pamaxie.API", "Testing\Test.Pamaxie.API\Test.Pamaxie.API.csproj", "{689FA3BA-BDEF-48A1-ADEB-661CA8763FE5}"
EndProject
Project("{9A19103F-16F7-4668-BE54-9A1E7A4F7556}") = "Test.Pamaxie.Website", "Testing\Test.Pamaxie.Website\Test.Pamaxie.Website.csproj", "{5D65EE49-6DF9-4F82-8002-75DB6BBCAED2}"
EndProject
Project("{9A19103F-16F7-4668-BE54-9A1E7A4F7556}") = "Pamaxie.MediaDetection", "Assemblies\Pamaxie.MediaDetection\Pamaxie.MediaDetection.csproj", "{026BB22A-512A-482E-8A2F-A9B1FAFABD2B}"
EndProject
Project("{2150E333-8FDC-42A3-9474-1A3956D46DE8}") = "Tooling", "Tooling", "{9DDDB100-CBC3-4A7F-B5E5-9A31C53AC716}"
EndProject
Project("{2150E333-8FDC-42A3-9474-1A3956D46DE8}") = "Assemblies", "Assemblies", "{37C54DFB-BDD0-4B87-A2DC-7C0B742ECE9B}"
EndProject
Project("{2150E333-8FDC-42A3-9474-1A3956D46DE8}") = "MLModules", "MLModules", "{9147E489-AC3C-42D3-BFF3-7149F395EC1D}"
EndProject
Project("{9A19103F-16F7-4668-BE54-9A1E7A4F7556}") = "Pamaxie.ImageProcessing", "Assemblies\Pamaxie.ImageProcessing\Pamaxie.ImageProcessing.csproj", "{5C90F422-2B17-4632-B075-3F9BA2624016}"
EndProject
Project("{9A19103F-16F7-4668-BE54-9A1E7A4F7556}") = "Pamaxie.Wpf", "Assemblies\Pamaxie.Wpf\Pamaxie.Wpf.csproj", "{20E8C464-D525-43E9-A892-55C2402811CC}"
EndProject
Project("{2150E333-8FDC-42A3-9474-1A3956D46DE8}") = "ClusterServices", "ClusterServices", "{84CA8747-3D54-470E-9BA7-2E43D7552FD7}"
EndProject
Project("{9A19103F-16F7-4668-BE54-9A1E7A4F7556}") = "Pamaxie.ClusterManager", "ClusterServices\Pamaxie.ClusterManager\Pamaxie.ClusterManager.csproj", "{CFEF5025-8386-47BD-BB38-4F10547D4BCE}"
EndProject
Project("{9A19103F-16F7-4668-BE54-9A1E7A4F7556}") = "Pamaxie.ClusterClient", "ClusterServices\Pamaxie.ClusterClient\Pamaxie.ClusterClient.csproj", "{49088F03-044B-4047-B29D-2C521F80AE56}"
EndProject
Project("{9A19103F-16F7-4668-BE54-9A1E7A4F7556}") = "Pamaxie.ClusterClientLib", "ClusterServices\Pamaxie.ClusterClientLib\Pamaxie.ClusterClientLib.csproj", "{7C320573-50BA-4B00-91DB-E919F5580E51}"
EndProject
Project("{9A19103F-16F7-4668-BE54-9A1E7A4F7556}") = "Test.Base", "Testing\Test.Base\Test.Base.csproj", "{2AC32420-2606-4518-92DC-3456C9E22188}"
EndProject
Project("{2150E333-8FDC-42A3-9474-1A3956D46DE8}") = "Database", "Database", "{3D245451-8A7A-418B-8375-C36C46FDE81E}"
EndProject
Project("{FAE04EC0-301F-11D3-BF4B-00C04F79EFBC}") = "Pamaxie.Data", "Database\Pamaxie.Data\Pamaxie.Data.csproj", "{9F853BBD-858B-444A-A4EE-52BF37C54EDB}"
EndProject
Project("{FAE04EC0-301F-11D3-BF4B-00C04F79EFBC}") = "Pamaxie.Database.Api", "Database\Pamaxie.Database.Api\Pamaxie.Database.Api.csproj", "{7AFE0E74-9EE0-4B79-9C2B-6A2D2E7FD69D}"
EndProject
Project("{FAE04EC0-301F-11D3-BF4B-00C04F79EFBC}") = "Pamaxie.Database.Design", "Database\Pamaxie.Database.Design\Pamaxie.Database.Design.csproj", "{961C38E2-9D48-471C-AD7D-4F5B5BA8406B}"
EndProject
Project("{FAE04EC0-301F-11D3-BF4B-00C04F79EFBC}") = "Pamaxie.Database.Extensions.Client", "Database\Pamaxie.Database.Extensions.Client\Pamaxie.Database.Extensions.Client.csproj", "{18D1F01A-F3AC-4544-8938-C7E85C6C0EFC}"
EndProject
Project("{FAE04EC0-301F-11D3-BF4B-00C04F79EFBC}") = "Pamaxie.Database.Extensions.Server", "Database\Pamaxie.Database.Extensions.Server\Pamaxie.Database.Extensions.Server.csproj", "{F29C989A-ADBC-4A57-92F3-56282997F897}"
EndProject
Project("{FAE04EC0-301F-11D3-BF4B-00C04F79EFBC}") = "Pamaxie.Database.Redis", "Database\Pamaxie.Database.Redis\Pamaxie.Database.Redis.csproj", "{367BA3F0-1B92-4C83-BE8D-1000FD2EEE68}"
EndProject
Global
	GlobalSection(SolutionConfigurationPlatforms) = preSolution
		All|Any CPU = All|Any CPU
		All|ARM = All|ARM
		All|ARM64 = All|ARM64
		All|x64 = All|x64
		All|x86 = All|x86
		Apply Migrations|Any CPU = Apply Migrations|Any CPU
		Apply Migrations|ARM = Apply Migrations|ARM
		Apply Migrations|ARM64 = Apply Migrations|ARM64
		Apply Migrations|x64 = Apply Migrations|x64
		Apply Migrations|x86 = Apply Migrations|x86
		Blazor Release|Any CPU = Blazor Release|Any CPU
		Blazor Release|ARM = Blazor Release|ARM
		Blazor Release|ARM64 = Blazor Release|ARM64
		Blazor Release|x64 = Blazor Release|x64
		Blazor Release|x86 = Blazor Release|x86
		Debug|Any CPU = Debug|Any CPU
		Debug|ARM = Debug|ARM
		Debug|ARM64 = Debug|ARM64
		Debug|x64 = Debug|x64
		Debug|x86 = Debug|x86
		Release|Any CPU = Release|Any CPU
		Release|ARM = Release|ARM
		Release|ARM64 = Release|ARM64
		Release|x64 = Release|x64
		Release|x86 = Release|x86
	EndGlobalSection
	GlobalSection(ProjectConfigurationPlatforms) = postSolution
		{DB776599-0814-4608-AA1B-38234CF65B2B}.All|Any CPU.ActiveCfg = Debug|Any CPU
		{DB776599-0814-4608-AA1B-38234CF65B2B}.All|Any CPU.Build.0 = Debug|Any CPU
		{DB776599-0814-4608-AA1B-38234CF65B2B}.All|ARM.ActiveCfg = Debug|Any CPU
		{DB776599-0814-4608-AA1B-38234CF65B2B}.All|ARM.Build.0 = Debug|Any CPU
		{DB776599-0814-4608-AA1B-38234CF65B2B}.All|ARM64.ActiveCfg = Debug|Any CPU
		{DB776599-0814-4608-AA1B-38234CF65B2B}.All|ARM64.Build.0 = Debug|Any CPU
		{DB776599-0814-4608-AA1B-38234CF65B2B}.All|x64.ActiveCfg = Debug|Any CPU
		{DB776599-0814-4608-AA1B-38234CF65B2B}.All|x64.Build.0 = Debug|Any CPU
		{DB776599-0814-4608-AA1B-38234CF65B2B}.All|x86.ActiveCfg = Debug|Any CPU
		{DB776599-0814-4608-AA1B-38234CF65B2B}.All|x86.Build.0 = Debug|Any CPU
		{DB776599-0814-4608-AA1B-38234CF65B2B}.Apply Migrations|Any CPU.ActiveCfg = Debug|Any CPU
		{DB776599-0814-4608-AA1B-38234CF65B2B}.Apply Migrations|Any CPU.Build.0 = Debug|Any CPU
		{DB776599-0814-4608-AA1B-38234CF65B2B}.Apply Migrations|ARM.ActiveCfg = Debug|Any CPU
		{DB776599-0814-4608-AA1B-38234CF65B2B}.Apply Migrations|ARM.Build.0 = Debug|Any CPU
		{DB776599-0814-4608-AA1B-38234CF65B2B}.Apply Migrations|ARM64.ActiveCfg = Debug|Any CPU
		{DB776599-0814-4608-AA1B-38234CF65B2B}.Apply Migrations|ARM64.Build.0 = Debug|Any CPU
		{DB776599-0814-4608-AA1B-38234CF65B2B}.Apply Migrations|x64.ActiveCfg = Debug|Any CPU
		{DB776599-0814-4608-AA1B-38234CF65B2B}.Apply Migrations|x64.Build.0 = Debug|Any CPU
		{DB776599-0814-4608-AA1B-38234CF65B2B}.Apply Migrations|x86.ActiveCfg = Debug|Any CPU
		{DB776599-0814-4608-AA1B-38234CF65B2B}.Apply Migrations|x86.Build.0 = Debug|Any CPU
		{DB776599-0814-4608-AA1B-38234CF65B2B}.Blazor Release|Any CPU.ActiveCfg = Release|Any CPU
		{DB776599-0814-4608-AA1B-38234CF65B2B}.Blazor Release|Any CPU.Build.0 = Release|Any CPU
		{DB776599-0814-4608-AA1B-38234CF65B2B}.Blazor Release|ARM.ActiveCfg = Release|Any CPU
		{DB776599-0814-4608-AA1B-38234CF65B2B}.Blazor Release|ARM.Build.0 = Release|Any CPU
		{DB776599-0814-4608-AA1B-38234CF65B2B}.Blazor Release|ARM64.ActiveCfg = Release|Any CPU
		{DB776599-0814-4608-AA1B-38234CF65B2B}.Blazor Release|ARM64.Build.0 = Release|Any CPU
		{DB776599-0814-4608-AA1B-38234CF65B2B}.Blazor Release|x64.ActiveCfg = Release|Any CPU
		{DB776599-0814-4608-AA1B-38234CF65B2B}.Blazor Release|x64.Build.0 = Release|Any CPU
		{DB776599-0814-4608-AA1B-38234CF65B2B}.Blazor Release|x86.ActiveCfg = Release|Any CPU
		{DB776599-0814-4608-AA1B-38234CF65B2B}.Blazor Release|x86.Build.0 = Release|Any CPU
		{DB776599-0814-4608-AA1B-38234CF65B2B}.Debug|Any CPU.ActiveCfg = Debug|Any CPU
		{DB776599-0814-4608-AA1B-38234CF65B2B}.Debug|Any CPU.Build.0 = Debug|Any CPU
		{DB776599-0814-4608-AA1B-38234CF65B2B}.Debug|ARM.ActiveCfg = Debug|Any CPU
		{DB776599-0814-4608-AA1B-38234CF65B2B}.Debug|ARM.Build.0 = Debug|Any CPU
		{DB776599-0814-4608-AA1B-38234CF65B2B}.Debug|ARM64.ActiveCfg = Debug|Any CPU
		{DB776599-0814-4608-AA1B-38234CF65B2B}.Debug|ARM64.Build.0 = Debug|Any CPU
		{DB776599-0814-4608-AA1B-38234CF65B2B}.Debug|x64.ActiveCfg = Debug|Any CPU
		{DB776599-0814-4608-AA1B-38234CF65B2B}.Debug|x64.Build.0 = Debug|Any CPU
		{DB776599-0814-4608-AA1B-38234CF65B2B}.Debug|x86.ActiveCfg = Debug|Any CPU
		{DB776599-0814-4608-AA1B-38234CF65B2B}.Debug|x86.Build.0 = Debug|Any CPU
		{DB776599-0814-4608-AA1B-38234CF65B2B}.Release|Any CPU.ActiveCfg = Release|Any CPU
		{DB776599-0814-4608-AA1B-38234CF65B2B}.Release|Any CPU.Build.0 = Release|Any CPU
		{DB776599-0814-4608-AA1B-38234CF65B2B}.Release|ARM.ActiveCfg = Release|Any CPU
		{DB776599-0814-4608-AA1B-38234CF65B2B}.Release|ARM.Build.0 = Release|Any CPU
		{DB776599-0814-4608-AA1B-38234CF65B2B}.Release|ARM64.ActiveCfg = Release|Any CPU
		{DB776599-0814-4608-AA1B-38234CF65B2B}.Release|ARM64.Build.0 = Release|Any CPU
		{DB776599-0814-4608-AA1B-38234CF65B2B}.Release|x64.ActiveCfg = Release|Any CPU
		{DB776599-0814-4608-AA1B-38234CF65B2B}.Release|x64.Build.0 = Release|Any CPU
		{DB776599-0814-4608-AA1B-38234CF65B2B}.Release|x86.ActiveCfg = Release|Any CPU
		{DB776599-0814-4608-AA1B-38234CF65B2B}.Release|x86.Build.0 = Release|Any CPU
		{608F1EB8-5905-45EF-8D66-FED15225F7F4}.All|Any CPU.ActiveCfg = Apply Migrations|Any CPU
		{608F1EB8-5905-45EF-8D66-FED15225F7F4}.All|Any CPU.Build.0 = Apply Migrations|Any CPU
		{608F1EB8-5905-45EF-8D66-FED15225F7F4}.All|ARM.ActiveCfg = Apply Migrations|Any CPU
		{608F1EB8-5905-45EF-8D66-FED15225F7F4}.All|ARM.Build.0 = Apply Migrations|Any CPU
		{608F1EB8-5905-45EF-8D66-FED15225F7F4}.All|ARM64.ActiveCfg = Apply Migrations|Any CPU
		{608F1EB8-5905-45EF-8D66-FED15225F7F4}.All|ARM64.Build.0 = Apply Migrations|Any CPU
		{608F1EB8-5905-45EF-8D66-FED15225F7F4}.All|x64.ActiveCfg = Apply Migrations|Any CPU
		{608F1EB8-5905-45EF-8D66-FED15225F7F4}.All|x64.Build.0 = Apply Migrations|Any CPU
		{608F1EB8-5905-45EF-8D66-FED15225F7F4}.All|x86.ActiveCfg = Apply Migrations|Any CPU
		{608F1EB8-5905-45EF-8D66-FED15225F7F4}.All|x86.Build.0 = Apply Migrations|Any CPU
		{608F1EB8-5905-45EF-8D66-FED15225F7F4}.Apply Migrations|Any CPU.ActiveCfg = Apply Migrations|Any CPU
		{608F1EB8-5905-45EF-8D66-FED15225F7F4}.Apply Migrations|Any CPU.Build.0 = Apply Migrations|Any CPU
		{608F1EB8-5905-45EF-8D66-FED15225F7F4}.Apply Migrations|ARM.ActiveCfg = Apply Migrations|Any CPU
		{608F1EB8-5905-45EF-8D66-FED15225F7F4}.Apply Migrations|ARM.Build.0 = Apply Migrations|Any CPU
		{608F1EB8-5905-45EF-8D66-FED15225F7F4}.Apply Migrations|ARM64.ActiveCfg = Apply Migrations|Any CPU
		{608F1EB8-5905-45EF-8D66-FED15225F7F4}.Apply Migrations|ARM64.Build.0 = Apply Migrations|Any CPU
		{608F1EB8-5905-45EF-8D66-FED15225F7F4}.Apply Migrations|x64.ActiveCfg = Apply Migrations|Any CPU
		{608F1EB8-5905-45EF-8D66-FED15225F7F4}.Apply Migrations|x64.Build.0 = Apply Migrations|Any CPU
		{608F1EB8-5905-45EF-8D66-FED15225F7F4}.Apply Migrations|x86.ActiveCfg = Apply Migrations|Any CPU
		{608F1EB8-5905-45EF-8D66-FED15225F7F4}.Apply Migrations|x86.Build.0 = Apply Migrations|Any CPU
		{608F1EB8-5905-45EF-8D66-FED15225F7F4}.Blazor Release|Any CPU.ActiveCfg = Blazor Release|Any CPU
		{608F1EB8-5905-45EF-8D66-FED15225F7F4}.Blazor Release|Any CPU.Build.0 = Blazor Release|Any CPU
		{608F1EB8-5905-45EF-8D66-FED15225F7F4}.Blazor Release|ARM.ActiveCfg = Blazor Release|Any CPU
		{608F1EB8-5905-45EF-8D66-FED15225F7F4}.Blazor Release|ARM.Build.0 = Blazor Release|Any CPU
		{608F1EB8-5905-45EF-8D66-FED15225F7F4}.Blazor Release|ARM64.ActiveCfg = Blazor Release|Any CPU
		{608F1EB8-5905-45EF-8D66-FED15225F7F4}.Blazor Release|ARM64.Build.0 = Blazor Release|Any CPU
		{608F1EB8-5905-45EF-8D66-FED15225F7F4}.Blazor Release|x64.ActiveCfg = Blazor Release|Any CPU
		{608F1EB8-5905-45EF-8D66-FED15225F7F4}.Blazor Release|x64.Build.0 = Blazor Release|Any CPU
		{608F1EB8-5905-45EF-8D66-FED15225F7F4}.Blazor Release|x86.ActiveCfg = Blazor Release|Any CPU
		{608F1EB8-5905-45EF-8D66-FED15225F7F4}.Blazor Release|x86.Build.0 = Blazor Release|Any CPU
		{608F1EB8-5905-45EF-8D66-FED15225F7F4}.Debug|Any CPU.ActiveCfg = Debug|Any CPU
		{608F1EB8-5905-45EF-8D66-FED15225F7F4}.Debug|Any CPU.Build.0 = Debug|Any CPU
		{608F1EB8-5905-45EF-8D66-FED15225F7F4}.Debug|ARM.ActiveCfg = Debug|Any CPU
		{608F1EB8-5905-45EF-8D66-FED15225F7F4}.Debug|ARM.Build.0 = Debug|Any CPU
		{608F1EB8-5905-45EF-8D66-FED15225F7F4}.Debug|ARM64.ActiveCfg = Debug|Any CPU
		{608F1EB8-5905-45EF-8D66-FED15225F7F4}.Debug|ARM64.Build.0 = Debug|Any CPU
		{608F1EB8-5905-45EF-8D66-FED15225F7F4}.Debug|x64.ActiveCfg = Debug|Any CPU
		{608F1EB8-5905-45EF-8D66-FED15225F7F4}.Debug|x64.Build.0 = Debug|Any CPU
		{608F1EB8-5905-45EF-8D66-FED15225F7F4}.Debug|x86.ActiveCfg = Debug|Any CPU
		{608F1EB8-5905-45EF-8D66-FED15225F7F4}.Debug|x86.Build.0 = Debug|Any CPU
		{608F1EB8-5905-45EF-8D66-FED15225F7F4}.Release|Any CPU.ActiveCfg = Release|Any CPU
		{608F1EB8-5905-45EF-8D66-FED15225F7F4}.Release|Any CPU.Build.0 = Release|Any CPU
		{608F1EB8-5905-45EF-8D66-FED15225F7F4}.Release|ARM.ActiveCfg = Release|Any CPU
		{608F1EB8-5905-45EF-8D66-FED15225F7F4}.Release|ARM.Build.0 = Release|Any CPU
		{608F1EB8-5905-45EF-8D66-FED15225F7F4}.Release|ARM64.ActiveCfg = Release|Any CPU
		{608F1EB8-5905-45EF-8D66-FED15225F7F4}.Release|ARM64.Build.0 = Release|Any CPU
		{608F1EB8-5905-45EF-8D66-FED15225F7F4}.Release|x64.ActiveCfg = Release|Any CPU
		{608F1EB8-5905-45EF-8D66-FED15225F7F4}.Release|x64.Build.0 = Release|Any CPU
		{608F1EB8-5905-45EF-8D66-FED15225F7F4}.Release|x86.ActiveCfg = Release|Any CPU
		{608F1EB8-5905-45EF-8D66-FED15225F7F4}.Release|x86.Build.0 = Release|Any CPU
		{0F90928C-4F7B-40C4-9450-7273F02C2135}.All|Any CPU.ActiveCfg = Debug|Any CPU
		{0F90928C-4F7B-40C4-9450-7273F02C2135}.All|Any CPU.Build.0 = Debug|Any CPU
		{0F90928C-4F7B-40C4-9450-7273F02C2135}.All|ARM.ActiveCfg = Debug|Any CPU
		{0F90928C-4F7B-40C4-9450-7273F02C2135}.All|ARM.Build.0 = Debug|Any CPU
		{0F90928C-4F7B-40C4-9450-7273F02C2135}.All|ARM64.ActiveCfg = Debug|Any CPU
		{0F90928C-4F7B-40C4-9450-7273F02C2135}.All|ARM64.Build.0 = Debug|Any CPU
		{0F90928C-4F7B-40C4-9450-7273F02C2135}.All|x64.ActiveCfg = Debug|Any CPU
		{0F90928C-4F7B-40C4-9450-7273F02C2135}.All|x64.Build.0 = Debug|Any CPU
		{0F90928C-4F7B-40C4-9450-7273F02C2135}.All|x86.ActiveCfg = Debug|Any CPU
		{0F90928C-4F7B-40C4-9450-7273F02C2135}.All|x86.Build.0 = Debug|Any CPU
		{0F90928C-4F7B-40C4-9450-7273F02C2135}.Apply Migrations|Any CPU.ActiveCfg = Debug|Any CPU
		{0F90928C-4F7B-40C4-9450-7273F02C2135}.Apply Migrations|Any CPU.Build.0 = Debug|Any CPU
		{0F90928C-4F7B-40C4-9450-7273F02C2135}.Apply Migrations|ARM.ActiveCfg = Debug|Any CPU
		{0F90928C-4F7B-40C4-9450-7273F02C2135}.Apply Migrations|ARM.Build.0 = Debug|Any CPU
		{0F90928C-4F7B-40C4-9450-7273F02C2135}.Apply Migrations|ARM64.ActiveCfg = Debug|Any CPU
		{0F90928C-4F7B-40C4-9450-7273F02C2135}.Apply Migrations|ARM64.Build.0 = Debug|Any CPU
		{0F90928C-4F7B-40C4-9450-7273F02C2135}.Apply Migrations|x64.ActiveCfg = Debug|Any CPU
		{0F90928C-4F7B-40C4-9450-7273F02C2135}.Apply Migrations|x64.Build.0 = Debug|Any CPU
		{0F90928C-4F7B-40C4-9450-7273F02C2135}.Apply Migrations|x86.ActiveCfg = Debug|Any CPU
		{0F90928C-4F7B-40C4-9450-7273F02C2135}.Apply Migrations|x86.Build.0 = Debug|Any CPU
		{0F90928C-4F7B-40C4-9450-7273F02C2135}.Blazor Release|Any CPU.ActiveCfg = Release|Any CPU
		{0F90928C-4F7B-40C4-9450-7273F02C2135}.Blazor Release|Any CPU.Build.0 = Release|Any CPU
		{0F90928C-4F7B-40C4-9450-7273F02C2135}.Blazor Release|ARM.ActiveCfg = Release|Any CPU
		{0F90928C-4F7B-40C4-9450-7273F02C2135}.Blazor Release|ARM.Build.0 = Release|Any CPU
		{0F90928C-4F7B-40C4-9450-7273F02C2135}.Blazor Release|ARM64.ActiveCfg = Release|Any CPU
		{0F90928C-4F7B-40C4-9450-7273F02C2135}.Blazor Release|ARM64.Build.0 = Release|Any CPU
		{0F90928C-4F7B-40C4-9450-7273F02C2135}.Blazor Release|x64.ActiveCfg = Release|Any CPU
		{0F90928C-4F7B-40C4-9450-7273F02C2135}.Blazor Release|x64.Build.0 = Release|Any CPU
		{0F90928C-4F7B-40C4-9450-7273F02C2135}.Blazor Release|x86.ActiveCfg = Release|Any CPU
		{0F90928C-4F7B-40C4-9450-7273F02C2135}.Blazor Release|x86.Build.0 = Release|Any CPU
		{0F90928C-4F7B-40C4-9450-7273F02C2135}.Debug|Any CPU.ActiveCfg = Debug|Any CPU
		{0F90928C-4F7B-40C4-9450-7273F02C2135}.Debug|Any CPU.Build.0 = Debug|Any CPU
		{0F90928C-4F7B-40C4-9450-7273F02C2135}.Debug|ARM.ActiveCfg = Debug|Any CPU
		{0F90928C-4F7B-40C4-9450-7273F02C2135}.Debug|ARM.Build.0 = Debug|Any CPU
		{0F90928C-4F7B-40C4-9450-7273F02C2135}.Debug|ARM64.ActiveCfg = Debug|Any CPU
		{0F90928C-4F7B-40C4-9450-7273F02C2135}.Debug|ARM64.Build.0 = Debug|Any CPU
		{0F90928C-4F7B-40C4-9450-7273F02C2135}.Debug|x64.ActiveCfg = Debug|Any CPU
		{0F90928C-4F7B-40C4-9450-7273F02C2135}.Debug|x64.Build.0 = Debug|Any CPU
		{0F90928C-4F7B-40C4-9450-7273F02C2135}.Debug|x86.ActiveCfg = Debug|Any CPU
		{0F90928C-4F7B-40C4-9450-7273F02C2135}.Debug|x86.Build.0 = Debug|Any CPU
		{0F90928C-4F7B-40C4-9450-7273F02C2135}.Release|Any CPU.ActiveCfg = Release|Any CPU
		{0F90928C-4F7B-40C4-9450-7273F02C2135}.Release|Any CPU.Build.0 = Release|Any CPU
		{0F90928C-4F7B-40C4-9450-7273F02C2135}.Release|ARM.ActiveCfg = Release|Any CPU
		{0F90928C-4F7B-40C4-9450-7273F02C2135}.Release|ARM.Build.0 = Release|Any CPU
		{0F90928C-4F7B-40C4-9450-7273F02C2135}.Release|ARM64.ActiveCfg = Release|Any CPU
		{0F90928C-4F7B-40C4-9450-7273F02C2135}.Release|ARM64.Build.0 = Release|Any CPU
		{0F90928C-4F7B-40C4-9450-7273F02C2135}.Release|x64.ActiveCfg = Release|Any CPU
		{0F90928C-4F7B-40C4-9450-7273F02C2135}.Release|x64.Build.0 = Release|Any CPU
		{0F90928C-4F7B-40C4-9450-7273F02C2135}.Release|x86.ActiveCfg = Release|Any CPU
		{0F90928C-4F7B-40C4-9450-7273F02C2135}.Release|x86.Build.0 = Release|Any CPU
		{207C5C26-E64B-4F11-BDF8-2F8CC0ED613D}.All|Any CPU.ActiveCfg = Debug|Any CPU
		{207C5C26-E64B-4F11-BDF8-2F8CC0ED613D}.All|Any CPU.Build.0 = Debug|Any CPU
		{207C5C26-E64B-4F11-BDF8-2F8CC0ED613D}.All|ARM.ActiveCfg = Debug|Any CPU
		{207C5C26-E64B-4F11-BDF8-2F8CC0ED613D}.All|ARM.Build.0 = Debug|Any CPU
		{207C5C26-E64B-4F11-BDF8-2F8CC0ED613D}.All|ARM64.ActiveCfg = Debug|Any CPU
		{207C5C26-E64B-4F11-BDF8-2F8CC0ED613D}.All|ARM64.Build.0 = Debug|Any CPU
		{207C5C26-E64B-4F11-BDF8-2F8CC0ED613D}.All|x64.ActiveCfg = Debug|Any CPU
		{207C5C26-E64B-4F11-BDF8-2F8CC0ED613D}.All|x64.Build.0 = Debug|Any CPU
		{207C5C26-E64B-4F11-BDF8-2F8CC0ED613D}.All|x86.ActiveCfg = Debug|Any CPU
		{207C5C26-E64B-4F11-BDF8-2F8CC0ED613D}.All|x86.Build.0 = Debug|Any CPU
		{207C5C26-E64B-4F11-BDF8-2F8CC0ED613D}.Apply Migrations|Any CPU.ActiveCfg = Debug|Any CPU
		{207C5C26-E64B-4F11-BDF8-2F8CC0ED613D}.Apply Migrations|Any CPU.Build.0 = Debug|Any CPU
		{207C5C26-E64B-4F11-BDF8-2F8CC0ED613D}.Apply Migrations|ARM.ActiveCfg = Debug|Any CPU
		{207C5C26-E64B-4F11-BDF8-2F8CC0ED613D}.Apply Migrations|ARM.Build.0 = Debug|Any CPU
		{207C5C26-E64B-4F11-BDF8-2F8CC0ED613D}.Apply Migrations|ARM64.ActiveCfg = Debug|Any CPU
		{207C5C26-E64B-4F11-BDF8-2F8CC0ED613D}.Apply Migrations|ARM64.Build.0 = Debug|Any CPU
		{207C5C26-E64B-4F11-BDF8-2F8CC0ED613D}.Apply Migrations|x64.ActiveCfg = Debug|Any CPU
		{207C5C26-E64B-4F11-BDF8-2F8CC0ED613D}.Apply Migrations|x64.Build.0 = Debug|Any CPU
		{207C5C26-E64B-4F11-BDF8-2F8CC0ED613D}.Apply Migrations|x86.ActiveCfg = Debug|Any CPU
		{207C5C26-E64B-4F11-BDF8-2F8CC0ED613D}.Apply Migrations|x86.Build.0 = Debug|Any CPU
		{207C5C26-E64B-4F11-BDF8-2F8CC0ED613D}.Blazor Release|Any CPU.ActiveCfg = Release|Any CPU
		{207C5C26-E64B-4F11-BDF8-2F8CC0ED613D}.Blazor Release|Any CPU.Build.0 = Release|Any CPU
		{207C5C26-E64B-4F11-BDF8-2F8CC0ED613D}.Blazor Release|ARM.ActiveCfg = Release|Any CPU
		{207C5C26-E64B-4F11-BDF8-2F8CC0ED613D}.Blazor Release|ARM.Build.0 = Release|Any CPU
		{207C5C26-E64B-4F11-BDF8-2F8CC0ED613D}.Blazor Release|ARM64.ActiveCfg = Release|Any CPU
		{207C5C26-E64B-4F11-BDF8-2F8CC0ED613D}.Blazor Release|ARM64.Build.0 = Release|Any CPU
		{207C5C26-E64B-4F11-BDF8-2F8CC0ED613D}.Blazor Release|x64.ActiveCfg = Release|Any CPU
		{207C5C26-E64B-4F11-BDF8-2F8CC0ED613D}.Blazor Release|x64.Build.0 = Release|Any CPU
		{207C5C26-E64B-4F11-BDF8-2F8CC0ED613D}.Blazor Release|x86.ActiveCfg = Release|Any CPU
		{207C5C26-E64B-4F11-BDF8-2F8CC0ED613D}.Blazor Release|x86.Build.0 = Release|Any CPU
		{207C5C26-E64B-4F11-BDF8-2F8CC0ED613D}.Debug|Any CPU.ActiveCfg = Debug|Any CPU
		{207C5C26-E64B-4F11-BDF8-2F8CC0ED613D}.Debug|Any CPU.Build.0 = Debug|Any CPU
		{207C5C26-E64B-4F11-BDF8-2F8CC0ED613D}.Debug|ARM.ActiveCfg = Debug|Any CPU
		{207C5C26-E64B-4F11-BDF8-2F8CC0ED613D}.Debug|ARM.Build.0 = Debug|Any CPU
		{207C5C26-E64B-4F11-BDF8-2F8CC0ED613D}.Debug|ARM64.ActiveCfg = Debug|Any CPU
		{207C5C26-E64B-4F11-BDF8-2F8CC0ED613D}.Debug|ARM64.Build.0 = Debug|Any CPU
		{207C5C26-E64B-4F11-BDF8-2F8CC0ED613D}.Debug|x64.ActiveCfg = Debug|Any CPU
		{207C5C26-E64B-4F11-BDF8-2F8CC0ED613D}.Debug|x64.Build.0 = Debug|Any CPU
		{207C5C26-E64B-4F11-BDF8-2F8CC0ED613D}.Debug|x86.ActiveCfg = Debug|Any CPU
		{207C5C26-E64B-4F11-BDF8-2F8CC0ED613D}.Debug|x86.Build.0 = Debug|Any CPU
		{207C5C26-E64B-4F11-BDF8-2F8CC0ED613D}.Release|Any CPU.ActiveCfg = Release|Any CPU
		{207C5C26-E64B-4F11-BDF8-2F8CC0ED613D}.Release|Any CPU.Build.0 = Release|Any CPU
		{207C5C26-E64B-4F11-BDF8-2F8CC0ED613D}.Release|ARM.ActiveCfg = Release|Any CPU
		{207C5C26-E64B-4F11-BDF8-2F8CC0ED613D}.Release|ARM.Build.0 = Release|Any CPU
		{207C5C26-E64B-4F11-BDF8-2F8CC0ED613D}.Release|ARM64.ActiveCfg = Release|Any CPU
		{207C5C26-E64B-4F11-BDF8-2F8CC0ED613D}.Release|ARM64.Build.0 = Release|Any CPU
		{207C5C26-E64B-4F11-BDF8-2F8CC0ED613D}.Release|x64.ActiveCfg = Release|Any CPU
		{207C5C26-E64B-4F11-BDF8-2F8CC0ED613D}.Release|x64.Build.0 = Release|Any CPU
		{207C5C26-E64B-4F11-BDF8-2F8CC0ED613D}.Release|x86.ActiveCfg = Release|Any CPU
		{207C5C26-E64B-4F11-BDF8-2F8CC0ED613D}.Release|x86.Build.0 = Release|Any CPU
		{3BF37CBD-5C7D-47A1-9E1A-D223D186DA01}.All|Any CPU.ActiveCfg = Debug|Any CPU
		{3BF37CBD-5C7D-47A1-9E1A-D223D186DA01}.All|Any CPU.Build.0 = Debug|Any CPU
		{3BF37CBD-5C7D-47A1-9E1A-D223D186DA01}.All|ARM.ActiveCfg = Debug|Any CPU
		{3BF37CBD-5C7D-47A1-9E1A-D223D186DA01}.All|ARM.Build.0 = Debug|Any CPU
		{3BF37CBD-5C7D-47A1-9E1A-D223D186DA01}.All|ARM64.ActiveCfg = Debug|Any CPU
		{3BF37CBD-5C7D-47A1-9E1A-D223D186DA01}.All|ARM64.Build.0 = Debug|Any CPU
		{3BF37CBD-5C7D-47A1-9E1A-D223D186DA01}.All|x64.ActiveCfg = Debug|Any CPU
		{3BF37CBD-5C7D-47A1-9E1A-D223D186DA01}.All|x64.Build.0 = Debug|Any CPU
		{3BF37CBD-5C7D-47A1-9E1A-D223D186DA01}.All|x86.ActiveCfg = Debug|Any CPU
		{3BF37CBD-5C7D-47A1-9E1A-D223D186DA01}.All|x86.Build.0 = Debug|Any CPU
		{3BF37CBD-5C7D-47A1-9E1A-D223D186DA01}.Apply Migrations|Any CPU.ActiveCfg = Debug|Any CPU
		{3BF37CBD-5C7D-47A1-9E1A-D223D186DA01}.Apply Migrations|Any CPU.Build.0 = Debug|Any CPU
		{3BF37CBD-5C7D-47A1-9E1A-D223D186DA01}.Apply Migrations|ARM.ActiveCfg = Debug|Any CPU
		{3BF37CBD-5C7D-47A1-9E1A-D223D186DA01}.Apply Migrations|ARM.Build.0 = Debug|Any CPU
		{3BF37CBD-5C7D-47A1-9E1A-D223D186DA01}.Apply Migrations|ARM64.ActiveCfg = Debug|Any CPU
		{3BF37CBD-5C7D-47A1-9E1A-D223D186DA01}.Apply Migrations|ARM64.Build.0 = Debug|Any CPU
		{3BF37CBD-5C7D-47A1-9E1A-D223D186DA01}.Apply Migrations|x64.ActiveCfg = Debug|Any CPU
		{3BF37CBD-5C7D-47A1-9E1A-D223D186DA01}.Apply Migrations|x64.Build.0 = Debug|Any CPU
		{3BF37CBD-5C7D-47A1-9E1A-D223D186DA01}.Apply Migrations|x86.ActiveCfg = Debug|Any CPU
		{3BF37CBD-5C7D-47A1-9E1A-D223D186DA01}.Apply Migrations|x86.Build.0 = Debug|Any CPU
		{3BF37CBD-5C7D-47A1-9E1A-D223D186DA01}.Blazor Release|Any CPU.ActiveCfg = Release|Any CPU
		{3BF37CBD-5C7D-47A1-9E1A-D223D186DA01}.Blazor Release|Any CPU.Build.0 = Release|Any CPU
		{3BF37CBD-5C7D-47A1-9E1A-D223D186DA01}.Blazor Release|ARM.ActiveCfg = Release|Any CPU
		{3BF37CBD-5C7D-47A1-9E1A-D223D186DA01}.Blazor Release|ARM.Build.0 = Release|Any CPU
		{3BF37CBD-5C7D-47A1-9E1A-D223D186DA01}.Blazor Release|ARM64.ActiveCfg = Release|Any CPU
		{3BF37CBD-5C7D-47A1-9E1A-D223D186DA01}.Blazor Release|ARM64.Build.0 = Release|Any CPU
		{3BF37CBD-5C7D-47A1-9E1A-D223D186DA01}.Blazor Release|x64.ActiveCfg = Release|Any CPU
		{3BF37CBD-5C7D-47A1-9E1A-D223D186DA01}.Blazor Release|x64.Build.0 = Release|Any CPU
		{3BF37CBD-5C7D-47A1-9E1A-D223D186DA01}.Blazor Release|x86.ActiveCfg = Release|Any CPU
		{3BF37CBD-5C7D-47A1-9E1A-D223D186DA01}.Blazor Release|x86.Build.0 = Release|Any CPU
		{3BF37CBD-5C7D-47A1-9E1A-D223D186DA01}.Debug|Any CPU.ActiveCfg = Debug|Any CPU
		{3BF37CBD-5C7D-47A1-9E1A-D223D186DA01}.Debug|Any CPU.Build.0 = Debug|Any CPU
		{3BF37CBD-5C7D-47A1-9E1A-D223D186DA01}.Debug|ARM.ActiveCfg = Debug|Any CPU
		{3BF37CBD-5C7D-47A1-9E1A-D223D186DA01}.Debug|ARM.Build.0 = Debug|Any CPU
		{3BF37CBD-5C7D-47A1-9E1A-D223D186DA01}.Debug|ARM64.ActiveCfg = Debug|Any CPU
		{3BF37CBD-5C7D-47A1-9E1A-D223D186DA01}.Debug|ARM64.Build.0 = Debug|Any CPU
		{3BF37CBD-5C7D-47A1-9E1A-D223D186DA01}.Debug|x64.ActiveCfg = Debug|Any CPU
		{3BF37CBD-5C7D-47A1-9E1A-D223D186DA01}.Debug|x64.Build.0 = Debug|Any CPU
		{3BF37CBD-5C7D-47A1-9E1A-D223D186DA01}.Debug|x86.ActiveCfg = Debug|Any CPU
		{3BF37CBD-5C7D-47A1-9E1A-D223D186DA01}.Debug|x86.Build.0 = Debug|Any CPU
		{3BF37CBD-5C7D-47A1-9E1A-D223D186DA01}.Release|Any CPU.ActiveCfg = Release|Any CPU
		{3BF37CBD-5C7D-47A1-9E1A-D223D186DA01}.Release|Any CPU.Build.0 = Release|Any CPU
		{3BF37CBD-5C7D-47A1-9E1A-D223D186DA01}.Release|ARM.ActiveCfg = Release|Any CPU
		{3BF37CBD-5C7D-47A1-9E1A-D223D186DA01}.Release|ARM.Build.0 = Release|Any CPU
		{3BF37CBD-5C7D-47A1-9E1A-D223D186DA01}.Release|ARM64.ActiveCfg = Release|Any CPU
		{3BF37CBD-5C7D-47A1-9E1A-D223D186DA01}.Release|ARM64.Build.0 = Release|Any CPU
		{3BF37CBD-5C7D-47A1-9E1A-D223D186DA01}.Release|x64.ActiveCfg = Release|Any CPU
		{3BF37CBD-5C7D-47A1-9E1A-D223D186DA01}.Release|x64.Build.0 = Release|Any CPU
		{3BF37CBD-5C7D-47A1-9E1A-D223D186DA01}.Release|x86.ActiveCfg = Release|Any CPU
		{3BF37CBD-5C7D-47A1-9E1A-D223D186DA01}.Release|x86.Build.0 = Release|Any CPU
		{689FA3BA-BDEF-48A1-ADEB-661CA8763FE5}.All|Any CPU.ActiveCfg = Debug|Any CPU
		{689FA3BA-BDEF-48A1-ADEB-661CA8763FE5}.All|Any CPU.Build.0 = Debug|Any CPU
		{689FA3BA-BDEF-48A1-ADEB-661CA8763FE5}.All|ARM.ActiveCfg = Debug|Any CPU
		{689FA3BA-BDEF-48A1-ADEB-661CA8763FE5}.All|ARM.Build.0 = Debug|Any CPU
		{689FA3BA-BDEF-48A1-ADEB-661CA8763FE5}.All|ARM64.ActiveCfg = Debug|Any CPU
		{689FA3BA-BDEF-48A1-ADEB-661CA8763FE5}.All|ARM64.Build.0 = Debug|Any CPU
		{689FA3BA-BDEF-48A1-ADEB-661CA8763FE5}.All|x64.ActiveCfg = Debug|Any CPU
		{689FA3BA-BDEF-48A1-ADEB-661CA8763FE5}.All|x64.Build.0 = Debug|Any CPU
		{689FA3BA-BDEF-48A1-ADEB-661CA8763FE5}.All|x86.ActiveCfg = Debug|Any CPU
		{689FA3BA-BDEF-48A1-ADEB-661CA8763FE5}.All|x86.Build.0 = Debug|Any CPU
		{689FA3BA-BDEF-48A1-ADEB-661CA8763FE5}.Apply Migrations|Any CPU.ActiveCfg = Debug|Any CPU
		{689FA3BA-BDEF-48A1-ADEB-661CA8763FE5}.Apply Migrations|Any CPU.Build.0 = Debug|Any CPU
		{689FA3BA-BDEF-48A1-ADEB-661CA8763FE5}.Apply Migrations|ARM.ActiveCfg = Debug|Any CPU
		{689FA3BA-BDEF-48A1-ADEB-661CA8763FE5}.Apply Migrations|ARM.Build.0 = Debug|Any CPU
		{689FA3BA-BDEF-48A1-ADEB-661CA8763FE5}.Apply Migrations|ARM64.ActiveCfg = Debug|Any CPU
		{689FA3BA-BDEF-48A1-ADEB-661CA8763FE5}.Apply Migrations|ARM64.Build.0 = Debug|Any CPU
		{689FA3BA-BDEF-48A1-ADEB-661CA8763FE5}.Apply Migrations|x64.ActiveCfg = Debug|Any CPU
		{689FA3BA-BDEF-48A1-ADEB-661CA8763FE5}.Apply Migrations|x64.Build.0 = Debug|Any CPU
		{689FA3BA-BDEF-48A1-ADEB-661CA8763FE5}.Apply Migrations|x86.ActiveCfg = Debug|Any CPU
		{689FA3BA-BDEF-48A1-ADEB-661CA8763FE5}.Apply Migrations|x86.Build.0 = Debug|Any CPU
		{689FA3BA-BDEF-48A1-ADEB-661CA8763FE5}.Blazor Release|Any CPU.ActiveCfg = Debug|Any CPU
		{689FA3BA-BDEF-48A1-ADEB-661CA8763FE5}.Blazor Release|Any CPU.Build.0 = Debug|Any CPU
		{689FA3BA-BDEF-48A1-ADEB-661CA8763FE5}.Blazor Release|ARM.ActiveCfg = Debug|Any CPU
		{689FA3BA-BDEF-48A1-ADEB-661CA8763FE5}.Blazor Release|ARM.Build.0 = Debug|Any CPU
		{689FA3BA-BDEF-48A1-ADEB-661CA8763FE5}.Blazor Release|ARM64.ActiveCfg = Debug|Any CPU
		{689FA3BA-BDEF-48A1-ADEB-661CA8763FE5}.Blazor Release|ARM64.Build.0 = Debug|Any CPU
		{689FA3BA-BDEF-48A1-ADEB-661CA8763FE5}.Blazor Release|x64.ActiveCfg = Debug|Any CPU
		{689FA3BA-BDEF-48A1-ADEB-661CA8763FE5}.Blazor Release|x64.Build.0 = Debug|Any CPU
		{689FA3BA-BDEF-48A1-ADEB-661CA8763FE5}.Blazor Release|x86.ActiveCfg = Debug|Any CPU
		{689FA3BA-BDEF-48A1-ADEB-661CA8763FE5}.Blazor Release|x86.Build.0 = Debug|Any CPU
		{689FA3BA-BDEF-48A1-ADEB-661CA8763FE5}.Debug|Any CPU.ActiveCfg = Debug|Any CPU
		{689FA3BA-BDEF-48A1-ADEB-661CA8763FE5}.Debug|Any CPU.Build.0 = Debug|Any CPU
		{689FA3BA-BDEF-48A1-ADEB-661CA8763FE5}.Debug|ARM.ActiveCfg = Debug|Any CPU
		{689FA3BA-BDEF-48A1-ADEB-661CA8763FE5}.Debug|ARM.Build.0 = Debug|Any CPU
		{689FA3BA-BDEF-48A1-ADEB-661CA8763FE5}.Debug|ARM64.ActiveCfg = Debug|Any CPU
		{689FA3BA-BDEF-48A1-ADEB-661CA8763FE5}.Debug|ARM64.Build.0 = Debug|Any CPU
		{689FA3BA-BDEF-48A1-ADEB-661CA8763FE5}.Debug|x64.ActiveCfg = Debug|Any CPU
		{689FA3BA-BDEF-48A1-ADEB-661CA8763FE5}.Debug|x64.Build.0 = Debug|Any CPU
		{689FA3BA-BDEF-48A1-ADEB-661CA8763FE5}.Debug|x86.ActiveCfg = Debug|Any CPU
		{689FA3BA-BDEF-48A1-ADEB-661CA8763FE5}.Debug|x86.Build.0 = Debug|Any CPU
		{689FA3BA-BDEF-48A1-ADEB-661CA8763FE5}.Release|Any CPU.ActiveCfg = Release|Any CPU
		{689FA3BA-BDEF-48A1-ADEB-661CA8763FE5}.Release|Any CPU.Build.0 = Release|Any CPU
		{689FA3BA-BDEF-48A1-ADEB-661CA8763FE5}.Release|ARM.ActiveCfg = Release|Any CPU
		{689FA3BA-BDEF-48A1-ADEB-661CA8763FE5}.Release|ARM.Build.0 = Release|Any CPU
		{689FA3BA-BDEF-48A1-ADEB-661CA8763FE5}.Release|ARM64.ActiveCfg = Release|Any CPU
		{689FA3BA-BDEF-48A1-ADEB-661CA8763FE5}.Release|ARM64.Build.0 = Release|Any CPU
		{689FA3BA-BDEF-48A1-ADEB-661CA8763FE5}.Release|x64.ActiveCfg = Release|Any CPU
		{689FA3BA-BDEF-48A1-ADEB-661CA8763FE5}.Release|x64.Build.0 = Release|Any CPU
		{689FA3BA-BDEF-48A1-ADEB-661CA8763FE5}.Release|x86.ActiveCfg = Release|Any CPU
		{689FA3BA-BDEF-48A1-ADEB-661CA8763FE5}.Release|x86.Build.0 = Release|Any CPU
		{5D65EE49-6DF9-4F82-8002-75DB6BBCAED2}.All|Any CPU.ActiveCfg = Debug|Any CPU
		{5D65EE49-6DF9-4F82-8002-75DB6BBCAED2}.All|Any CPU.Build.0 = Debug|Any CPU
		{5D65EE49-6DF9-4F82-8002-75DB6BBCAED2}.All|ARM.ActiveCfg = Debug|Any CPU
		{5D65EE49-6DF9-4F82-8002-75DB6BBCAED2}.All|ARM.Build.0 = Debug|Any CPU
		{5D65EE49-6DF9-4F82-8002-75DB6BBCAED2}.All|ARM64.ActiveCfg = Debug|Any CPU
		{5D65EE49-6DF9-4F82-8002-75DB6BBCAED2}.All|ARM64.Build.0 = Debug|Any CPU
		{5D65EE49-6DF9-4F82-8002-75DB6BBCAED2}.All|x64.ActiveCfg = Debug|Any CPU
		{5D65EE49-6DF9-4F82-8002-75DB6BBCAED2}.All|x64.Build.0 = Debug|Any CPU
		{5D65EE49-6DF9-4F82-8002-75DB6BBCAED2}.All|x86.ActiveCfg = Debug|Any CPU
		{5D65EE49-6DF9-4F82-8002-75DB6BBCAED2}.All|x86.Build.0 = Debug|Any CPU
		{5D65EE49-6DF9-4F82-8002-75DB6BBCAED2}.Apply Migrations|Any CPU.ActiveCfg = Debug|Any CPU
		{5D65EE49-6DF9-4F82-8002-75DB6BBCAED2}.Apply Migrations|Any CPU.Build.0 = Debug|Any CPU
		{5D65EE49-6DF9-4F82-8002-75DB6BBCAED2}.Apply Migrations|ARM.ActiveCfg = Debug|Any CPU
		{5D65EE49-6DF9-4F82-8002-75DB6BBCAED2}.Apply Migrations|ARM.Build.0 = Debug|Any CPU
		{5D65EE49-6DF9-4F82-8002-75DB6BBCAED2}.Apply Migrations|ARM64.ActiveCfg = Debug|Any CPU
		{5D65EE49-6DF9-4F82-8002-75DB6BBCAED2}.Apply Migrations|ARM64.Build.0 = Debug|Any CPU
		{5D65EE49-6DF9-4F82-8002-75DB6BBCAED2}.Apply Migrations|x64.ActiveCfg = Debug|Any CPU
		{5D65EE49-6DF9-4F82-8002-75DB6BBCAED2}.Apply Migrations|x64.Build.0 = Debug|Any CPU
		{5D65EE49-6DF9-4F82-8002-75DB6BBCAED2}.Apply Migrations|x86.ActiveCfg = Debug|Any CPU
		{5D65EE49-6DF9-4F82-8002-75DB6BBCAED2}.Apply Migrations|x86.Build.0 = Debug|Any CPU
		{5D65EE49-6DF9-4F82-8002-75DB6BBCAED2}.Blazor Release|Any CPU.ActiveCfg = Debug|Any CPU
		{5D65EE49-6DF9-4F82-8002-75DB6BBCAED2}.Blazor Release|Any CPU.Build.0 = Debug|Any CPU
		{5D65EE49-6DF9-4F82-8002-75DB6BBCAED2}.Blazor Release|ARM.ActiveCfg = Debug|Any CPU
		{5D65EE49-6DF9-4F82-8002-75DB6BBCAED2}.Blazor Release|ARM.Build.0 = Debug|Any CPU
		{5D65EE49-6DF9-4F82-8002-75DB6BBCAED2}.Blazor Release|ARM64.ActiveCfg = Debug|Any CPU
		{5D65EE49-6DF9-4F82-8002-75DB6BBCAED2}.Blazor Release|ARM64.Build.0 = Debug|Any CPU
		{5D65EE49-6DF9-4F82-8002-75DB6BBCAED2}.Blazor Release|x64.ActiveCfg = Debug|Any CPU
		{5D65EE49-6DF9-4F82-8002-75DB6BBCAED2}.Blazor Release|x64.Build.0 = Debug|Any CPU
		{5D65EE49-6DF9-4F82-8002-75DB6BBCAED2}.Blazor Release|x86.ActiveCfg = Debug|Any CPU
		{5D65EE49-6DF9-4F82-8002-75DB6BBCAED2}.Blazor Release|x86.Build.0 = Debug|Any CPU
		{5D65EE49-6DF9-4F82-8002-75DB6BBCAED2}.Debug|Any CPU.ActiveCfg = Debug|Any CPU
		{5D65EE49-6DF9-4F82-8002-75DB6BBCAED2}.Debug|Any CPU.Build.0 = Debug|Any CPU
		{5D65EE49-6DF9-4F82-8002-75DB6BBCAED2}.Debug|ARM.ActiveCfg = Debug|Any CPU
		{5D65EE49-6DF9-4F82-8002-75DB6BBCAED2}.Debug|ARM.Build.0 = Debug|Any CPU
		{5D65EE49-6DF9-4F82-8002-75DB6BBCAED2}.Debug|ARM64.ActiveCfg = Debug|Any CPU
		{5D65EE49-6DF9-4F82-8002-75DB6BBCAED2}.Debug|ARM64.Build.0 = Debug|Any CPU
		{5D65EE49-6DF9-4F82-8002-75DB6BBCAED2}.Debug|x64.ActiveCfg = Debug|Any CPU
		{5D65EE49-6DF9-4F82-8002-75DB6BBCAED2}.Debug|x64.Build.0 = Debug|Any CPU
		{5D65EE49-6DF9-4F82-8002-75DB6BBCAED2}.Debug|x86.ActiveCfg = Debug|Any CPU
		{5D65EE49-6DF9-4F82-8002-75DB6BBCAED2}.Debug|x86.Build.0 = Debug|Any CPU
		{5D65EE49-6DF9-4F82-8002-75DB6BBCAED2}.Release|Any CPU.ActiveCfg = Release|Any CPU
		{5D65EE49-6DF9-4F82-8002-75DB6BBCAED2}.Release|Any CPU.Build.0 = Release|Any CPU
		{5D65EE49-6DF9-4F82-8002-75DB6BBCAED2}.Release|ARM.ActiveCfg = Release|Any CPU
		{5D65EE49-6DF9-4F82-8002-75DB6BBCAED2}.Release|ARM.Build.0 = Release|Any CPU
		{5D65EE49-6DF9-4F82-8002-75DB6BBCAED2}.Release|ARM64.ActiveCfg = Release|Any CPU
		{5D65EE49-6DF9-4F82-8002-75DB6BBCAED2}.Release|ARM64.Build.0 = Release|Any CPU
		{5D65EE49-6DF9-4F82-8002-75DB6BBCAED2}.Release|x64.ActiveCfg = Release|Any CPU
		{5D65EE49-6DF9-4F82-8002-75DB6BBCAED2}.Release|x64.Build.0 = Release|Any CPU
		{5D65EE49-6DF9-4F82-8002-75DB6BBCAED2}.Release|x86.ActiveCfg = Release|Any CPU
		{5D65EE49-6DF9-4F82-8002-75DB6BBCAED2}.Release|x86.Build.0 = Release|Any CPU
		{026BB22A-512A-482E-8A2F-A9B1FAFABD2B}.All|Any CPU.ActiveCfg = Debug|Any CPU
		{026BB22A-512A-482E-8A2F-A9B1FAFABD2B}.All|Any CPU.Build.0 = Debug|Any CPU
		{026BB22A-512A-482E-8A2F-A9B1FAFABD2B}.All|ARM.ActiveCfg = Debug|Any CPU
		{026BB22A-512A-482E-8A2F-A9B1FAFABD2B}.All|ARM.Build.0 = Debug|Any CPU
		{026BB22A-512A-482E-8A2F-A9B1FAFABD2B}.All|ARM64.ActiveCfg = Debug|Any CPU
		{026BB22A-512A-482E-8A2F-A9B1FAFABD2B}.All|ARM64.Build.0 = Debug|Any CPU
		{026BB22A-512A-482E-8A2F-A9B1FAFABD2B}.All|x64.ActiveCfg = Debug|Any CPU
		{026BB22A-512A-482E-8A2F-A9B1FAFABD2B}.All|x64.Build.0 = Debug|Any CPU
		{026BB22A-512A-482E-8A2F-A9B1FAFABD2B}.All|x86.ActiveCfg = Debug|Any CPU
		{026BB22A-512A-482E-8A2F-A9B1FAFABD2B}.All|x86.Build.0 = Debug|Any CPU
		{026BB22A-512A-482E-8A2F-A9B1FAFABD2B}.Apply Migrations|Any CPU.ActiveCfg = Debug|Any CPU
		{026BB22A-512A-482E-8A2F-A9B1FAFABD2B}.Apply Migrations|Any CPU.Build.0 = Debug|Any CPU
		{026BB22A-512A-482E-8A2F-A9B1FAFABD2B}.Apply Migrations|ARM.ActiveCfg = Debug|Any CPU
		{026BB22A-512A-482E-8A2F-A9B1FAFABD2B}.Apply Migrations|ARM.Build.0 = Debug|Any CPU
		{026BB22A-512A-482E-8A2F-A9B1FAFABD2B}.Apply Migrations|ARM64.ActiveCfg = Debug|Any CPU
		{026BB22A-512A-482E-8A2F-A9B1FAFABD2B}.Apply Migrations|ARM64.Build.0 = Debug|Any CPU
		{026BB22A-512A-482E-8A2F-A9B1FAFABD2B}.Apply Migrations|x64.ActiveCfg = Debug|Any CPU
		{026BB22A-512A-482E-8A2F-A9B1FAFABD2B}.Apply Migrations|x64.Build.0 = Debug|Any CPU
		{026BB22A-512A-482E-8A2F-A9B1FAFABD2B}.Apply Migrations|x86.ActiveCfg = Debug|Any CPU
		{026BB22A-512A-482E-8A2F-A9B1FAFABD2B}.Apply Migrations|x86.Build.0 = Debug|Any CPU
		{026BB22A-512A-482E-8A2F-A9B1FAFABD2B}.Blazor Release|Any CPU.ActiveCfg = Debug|Any CPU
		{026BB22A-512A-482E-8A2F-A9B1FAFABD2B}.Blazor Release|Any CPU.Build.0 = Debug|Any CPU
		{026BB22A-512A-482E-8A2F-A9B1FAFABD2B}.Blazor Release|ARM.ActiveCfg = Debug|Any CPU
		{026BB22A-512A-482E-8A2F-A9B1FAFABD2B}.Blazor Release|ARM.Build.0 = Debug|Any CPU
		{026BB22A-512A-482E-8A2F-A9B1FAFABD2B}.Blazor Release|ARM64.ActiveCfg = Debug|Any CPU
		{026BB22A-512A-482E-8A2F-A9B1FAFABD2B}.Blazor Release|ARM64.Build.0 = Debug|Any CPU
		{026BB22A-512A-482E-8A2F-A9B1FAFABD2B}.Blazor Release|x64.ActiveCfg = Debug|Any CPU
		{026BB22A-512A-482E-8A2F-A9B1FAFABD2B}.Blazor Release|x64.Build.0 = Debug|Any CPU
		{026BB22A-512A-482E-8A2F-A9B1FAFABD2B}.Blazor Release|x86.ActiveCfg = Debug|Any CPU
		{026BB22A-512A-482E-8A2F-A9B1FAFABD2B}.Blazor Release|x86.Build.0 = Debug|Any CPU
		{026BB22A-512A-482E-8A2F-A9B1FAFABD2B}.Debug|Any CPU.ActiveCfg = Debug|Any CPU
		{026BB22A-512A-482E-8A2F-A9B1FAFABD2B}.Debug|Any CPU.Build.0 = Debug|Any CPU
		{026BB22A-512A-482E-8A2F-A9B1FAFABD2B}.Debug|ARM.ActiveCfg = Debug|Any CPU
		{026BB22A-512A-482E-8A2F-A9B1FAFABD2B}.Debug|ARM.Build.0 = Debug|Any CPU
		{026BB22A-512A-482E-8A2F-A9B1FAFABD2B}.Debug|ARM64.ActiveCfg = Debug|Any CPU
		{026BB22A-512A-482E-8A2F-A9B1FAFABD2B}.Debug|ARM64.Build.0 = Debug|Any CPU
		{026BB22A-512A-482E-8A2F-A9B1FAFABD2B}.Debug|x64.ActiveCfg = Debug|Any CPU
		{026BB22A-512A-482E-8A2F-A9B1FAFABD2B}.Debug|x64.Build.0 = Debug|Any CPU
		{026BB22A-512A-482E-8A2F-A9B1FAFABD2B}.Debug|x86.ActiveCfg = Debug|Any CPU
		{026BB22A-512A-482E-8A2F-A9B1FAFABD2B}.Debug|x86.Build.0 = Debug|Any CPU
		{026BB22A-512A-482E-8A2F-A9B1FAFABD2B}.Release|Any CPU.ActiveCfg = Release|Any CPU
		{026BB22A-512A-482E-8A2F-A9B1FAFABD2B}.Release|Any CPU.Build.0 = Release|Any CPU
		{026BB22A-512A-482E-8A2F-A9B1FAFABD2B}.Release|ARM.ActiveCfg = Release|Any CPU
		{026BB22A-512A-482E-8A2F-A9B1FAFABD2B}.Release|ARM.Build.0 = Release|Any CPU
		{026BB22A-512A-482E-8A2F-A9B1FAFABD2B}.Release|ARM64.ActiveCfg = Release|Any CPU
		{026BB22A-512A-482E-8A2F-A9B1FAFABD2B}.Release|ARM64.Build.0 = Release|Any CPU
		{026BB22A-512A-482E-8A2F-A9B1FAFABD2B}.Release|x64.ActiveCfg = Release|Any CPU
		{026BB22A-512A-482E-8A2F-A9B1FAFABD2B}.Release|x64.Build.0 = Release|Any CPU
		{026BB22A-512A-482E-8A2F-A9B1FAFABD2B}.Release|x86.ActiveCfg = Release|Any CPU
		{026BB22A-512A-482E-8A2F-A9B1FAFABD2B}.Release|x86.Build.0 = Release|Any CPU
		{5C90F422-2B17-4632-B075-3F9BA2624016}.All|Any CPU.ActiveCfg = Debug|Any CPU
		{5C90F422-2B17-4632-B075-3F9BA2624016}.All|Any CPU.Build.0 = Debug|Any CPU
		{5C90F422-2B17-4632-B075-3F9BA2624016}.All|ARM.ActiveCfg = Debug|Any CPU
		{5C90F422-2B17-4632-B075-3F9BA2624016}.All|ARM.Build.0 = Debug|Any CPU
		{5C90F422-2B17-4632-B075-3F9BA2624016}.All|ARM64.ActiveCfg = Debug|Any CPU
		{5C90F422-2B17-4632-B075-3F9BA2624016}.All|ARM64.Build.0 = Debug|Any CPU
		{5C90F422-2B17-4632-B075-3F9BA2624016}.All|x64.ActiveCfg = Debug|Any CPU
		{5C90F422-2B17-4632-B075-3F9BA2624016}.All|x64.Build.0 = Debug|Any CPU
		{5C90F422-2B17-4632-B075-3F9BA2624016}.All|x86.ActiveCfg = Debug|Any CPU
		{5C90F422-2B17-4632-B075-3F9BA2624016}.All|x86.Build.0 = Debug|Any CPU
		{5C90F422-2B17-4632-B075-3F9BA2624016}.Apply Migrations|Any CPU.ActiveCfg = Debug|Any CPU
		{5C90F422-2B17-4632-B075-3F9BA2624016}.Apply Migrations|Any CPU.Build.0 = Debug|Any CPU
		{5C90F422-2B17-4632-B075-3F9BA2624016}.Apply Migrations|ARM.ActiveCfg = Debug|Any CPU
		{5C90F422-2B17-4632-B075-3F9BA2624016}.Apply Migrations|ARM.Build.0 = Debug|Any CPU
		{5C90F422-2B17-4632-B075-3F9BA2624016}.Apply Migrations|ARM64.ActiveCfg = Debug|Any CPU
		{5C90F422-2B17-4632-B075-3F9BA2624016}.Apply Migrations|ARM64.Build.0 = Debug|Any CPU
		{5C90F422-2B17-4632-B075-3F9BA2624016}.Apply Migrations|x64.ActiveCfg = Debug|Any CPU
		{5C90F422-2B17-4632-B075-3F9BA2624016}.Apply Migrations|x64.Build.0 = Debug|Any CPU
		{5C90F422-2B17-4632-B075-3F9BA2624016}.Apply Migrations|x86.ActiveCfg = Debug|Any CPU
		{5C90F422-2B17-4632-B075-3F9BA2624016}.Apply Migrations|x86.Build.0 = Debug|Any CPU
		{5C90F422-2B17-4632-B075-3F9BA2624016}.Blazor Release|Any CPU.ActiveCfg = Debug|Any CPU
		{5C90F422-2B17-4632-B075-3F9BA2624016}.Blazor Release|Any CPU.Build.0 = Debug|Any CPU
		{5C90F422-2B17-4632-B075-3F9BA2624016}.Blazor Release|ARM.ActiveCfg = Debug|Any CPU
		{5C90F422-2B17-4632-B075-3F9BA2624016}.Blazor Release|ARM.Build.0 = Debug|Any CPU
		{5C90F422-2B17-4632-B075-3F9BA2624016}.Blazor Release|ARM64.ActiveCfg = Debug|Any CPU
		{5C90F422-2B17-4632-B075-3F9BA2624016}.Blazor Release|ARM64.Build.0 = Debug|Any CPU
		{5C90F422-2B17-4632-B075-3F9BA2624016}.Blazor Release|x64.ActiveCfg = Debug|Any CPU
		{5C90F422-2B17-4632-B075-3F9BA2624016}.Blazor Release|x64.Build.0 = Debug|Any CPU
		{5C90F422-2B17-4632-B075-3F9BA2624016}.Blazor Release|x86.ActiveCfg = Debug|Any CPU
		{5C90F422-2B17-4632-B075-3F9BA2624016}.Blazor Release|x86.Build.0 = Debug|Any CPU
		{5C90F422-2B17-4632-B075-3F9BA2624016}.Debug|Any CPU.ActiveCfg = Debug|Any CPU
		{5C90F422-2B17-4632-B075-3F9BA2624016}.Debug|Any CPU.Build.0 = Debug|Any CPU
		{5C90F422-2B17-4632-B075-3F9BA2624016}.Debug|ARM.ActiveCfg = Debug|Any CPU
		{5C90F422-2B17-4632-B075-3F9BA2624016}.Debug|ARM.Build.0 = Debug|Any CPU
		{5C90F422-2B17-4632-B075-3F9BA2624016}.Debug|ARM64.ActiveCfg = Debug|Any CPU
		{5C90F422-2B17-4632-B075-3F9BA2624016}.Debug|ARM64.Build.0 = Debug|Any CPU
		{5C90F422-2B17-4632-B075-3F9BA2624016}.Debug|x64.ActiveCfg = Debug|Any CPU
		{5C90F422-2B17-4632-B075-3F9BA2624016}.Debug|x64.Build.0 = Debug|Any CPU
		{5C90F422-2B17-4632-B075-3F9BA2624016}.Debug|x86.ActiveCfg = Debug|Any CPU
		{5C90F422-2B17-4632-B075-3F9BA2624016}.Debug|x86.Build.0 = Debug|Any CPU
		{5C90F422-2B17-4632-B075-3F9BA2624016}.Release|Any CPU.ActiveCfg = Release|Any CPU
		{5C90F422-2B17-4632-B075-3F9BA2624016}.Release|Any CPU.Build.0 = Release|Any CPU
		{5C90F422-2B17-4632-B075-3F9BA2624016}.Release|ARM.ActiveCfg = Release|Any CPU
		{5C90F422-2B17-4632-B075-3F9BA2624016}.Release|ARM.Build.0 = Release|Any CPU
		{5C90F422-2B17-4632-B075-3F9BA2624016}.Release|ARM64.ActiveCfg = Release|Any CPU
		{5C90F422-2B17-4632-B075-3F9BA2624016}.Release|ARM64.Build.0 = Release|Any CPU
		{5C90F422-2B17-4632-B075-3F9BA2624016}.Release|x64.ActiveCfg = Release|Any CPU
		{5C90F422-2B17-4632-B075-3F9BA2624016}.Release|x64.Build.0 = Release|Any CPU
		{5C90F422-2B17-4632-B075-3F9BA2624016}.Release|x86.ActiveCfg = Release|Any CPU
		{5C90F422-2B17-4632-B075-3F9BA2624016}.Release|x86.Build.0 = Release|Any CPU
		{20E8C464-D525-43E9-A892-55C2402811CC}.All|Any CPU.ActiveCfg = Debug|Any CPU
		{20E8C464-D525-43E9-A892-55C2402811CC}.All|Any CPU.Build.0 = Debug|Any CPU
		{20E8C464-D525-43E9-A892-55C2402811CC}.All|ARM.ActiveCfg = Debug|Any CPU
		{20E8C464-D525-43E9-A892-55C2402811CC}.All|ARM.Build.0 = Debug|Any CPU
		{20E8C464-D525-43E9-A892-55C2402811CC}.All|ARM64.ActiveCfg = Debug|Any CPU
		{20E8C464-D525-43E9-A892-55C2402811CC}.All|ARM64.Build.0 = Debug|Any CPU
		{20E8C464-D525-43E9-A892-55C2402811CC}.All|x64.ActiveCfg = Debug|Any CPU
		{20E8C464-D525-43E9-A892-55C2402811CC}.All|x64.Build.0 = Debug|Any CPU
		{20E8C464-D525-43E9-A892-55C2402811CC}.All|x86.ActiveCfg = Debug|Any CPU
		{20E8C464-D525-43E9-A892-55C2402811CC}.All|x86.Build.0 = Debug|Any CPU
		{20E8C464-D525-43E9-A892-55C2402811CC}.Apply Migrations|Any CPU.ActiveCfg = Debug|Any CPU
		{20E8C464-D525-43E9-A892-55C2402811CC}.Apply Migrations|Any CPU.Build.0 = Debug|Any CPU
		{20E8C464-D525-43E9-A892-55C2402811CC}.Apply Migrations|ARM.ActiveCfg = Debug|Any CPU
		{20E8C464-D525-43E9-A892-55C2402811CC}.Apply Migrations|ARM.Build.0 = Debug|Any CPU
		{20E8C464-D525-43E9-A892-55C2402811CC}.Apply Migrations|ARM64.ActiveCfg = Debug|Any CPU
		{20E8C464-D525-43E9-A892-55C2402811CC}.Apply Migrations|ARM64.Build.0 = Debug|Any CPU
		{20E8C464-D525-43E9-A892-55C2402811CC}.Apply Migrations|x64.ActiveCfg = Debug|Any CPU
		{20E8C464-D525-43E9-A892-55C2402811CC}.Apply Migrations|x64.Build.0 = Debug|Any CPU
		{20E8C464-D525-43E9-A892-55C2402811CC}.Apply Migrations|x86.ActiveCfg = Debug|Any CPU
		{20E8C464-D525-43E9-A892-55C2402811CC}.Apply Migrations|x86.Build.0 = Debug|Any CPU
		{20E8C464-D525-43E9-A892-55C2402811CC}.Blazor Release|Any CPU.ActiveCfg = Release|Any CPU
		{20E8C464-D525-43E9-A892-55C2402811CC}.Blazor Release|Any CPU.Build.0 = Release|Any CPU
		{20E8C464-D525-43E9-A892-55C2402811CC}.Blazor Release|ARM.ActiveCfg = Release|Any CPU
		{20E8C464-D525-43E9-A892-55C2402811CC}.Blazor Release|ARM.Build.0 = Release|Any CPU
		{20E8C464-D525-43E9-A892-55C2402811CC}.Blazor Release|ARM64.ActiveCfg = Release|Any CPU
		{20E8C464-D525-43E9-A892-55C2402811CC}.Blazor Release|ARM64.Build.0 = Release|Any CPU
		{20E8C464-D525-43E9-A892-55C2402811CC}.Blazor Release|x64.ActiveCfg = Release|Any CPU
		{20E8C464-D525-43E9-A892-55C2402811CC}.Blazor Release|x64.Build.0 = Release|Any CPU
		{20E8C464-D525-43E9-A892-55C2402811CC}.Blazor Release|x86.ActiveCfg = Release|Any CPU
		{20E8C464-D525-43E9-A892-55C2402811CC}.Blazor Release|x86.Build.0 = Release|Any CPU
		{20E8C464-D525-43E9-A892-55C2402811CC}.Debug|Any CPU.ActiveCfg = Debug|Any CPU
		{20E8C464-D525-43E9-A892-55C2402811CC}.Debug|Any CPU.Build.0 = Debug|Any CPU
		{20E8C464-D525-43E9-A892-55C2402811CC}.Debug|ARM.ActiveCfg = Debug|Any CPU
		{20E8C464-D525-43E9-A892-55C2402811CC}.Debug|ARM.Build.0 = Debug|Any CPU
		{20E8C464-D525-43E9-A892-55C2402811CC}.Debug|ARM64.ActiveCfg = Debug|Any CPU
		{20E8C464-D525-43E9-A892-55C2402811CC}.Debug|ARM64.Build.0 = Debug|Any CPU
		{20E8C464-D525-43E9-A892-55C2402811CC}.Debug|x64.ActiveCfg = Debug|Any CPU
		{20E8C464-D525-43E9-A892-55C2402811CC}.Debug|x64.Build.0 = Debug|Any CPU
		{20E8C464-D525-43E9-A892-55C2402811CC}.Debug|x86.ActiveCfg = Debug|Any CPU
		{20E8C464-D525-43E9-A892-55C2402811CC}.Debug|x86.Build.0 = Debug|Any CPU
		{20E8C464-D525-43E9-A892-55C2402811CC}.Release|Any CPU.ActiveCfg = Release|Any CPU
		{20E8C464-D525-43E9-A892-55C2402811CC}.Release|Any CPU.Build.0 = Release|Any CPU
		{20E8C464-D525-43E9-A892-55C2402811CC}.Release|ARM.ActiveCfg = Release|Any CPU
		{20E8C464-D525-43E9-A892-55C2402811CC}.Release|ARM.Build.0 = Release|Any CPU
		{20E8C464-D525-43E9-A892-55C2402811CC}.Release|ARM64.ActiveCfg = Release|Any CPU
		{20E8C464-D525-43E9-A892-55C2402811CC}.Release|ARM64.Build.0 = Release|Any CPU
		{20E8C464-D525-43E9-A892-55C2402811CC}.Release|x64.ActiveCfg = Release|Any CPU
		{20E8C464-D525-43E9-A892-55C2402811CC}.Release|x64.Build.0 = Release|Any CPU
		{20E8C464-D525-43E9-A892-55C2402811CC}.Release|x86.ActiveCfg = Release|Any CPU
		{20E8C464-D525-43E9-A892-55C2402811CC}.Release|x86.Build.0 = Release|Any CPU
		{CFEF5025-8386-47BD-BB38-4F10547D4BCE}.All|Any CPU.ActiveCfg = Debug|Any CPU
		{CFEF5025-8386-47BD-BB38-4F10547D4BCE}.All|Any CPU.Build.0 = Debug|Any CPU
		{CFEF5025-8386-47BD-BB38-4F10547D4BCE}.All|ARM.ActiveCfg = Debug|Any CPU
		{CFEF5025-8386-47BD-BB38-4F10547D4BCE}.All|ARM.Build.0 = Debug|Any CPU
		{CFEF5025-8386-47BD-BB38-4F10547D4BCE}.All|ARM64.ActiveCfg = Debug|Any CPU
		{CFEF5025-8386-47BD-BB38-4F10547D4BCE}.All|ARM64.Build.0 = Debug|Any CPU
		{CFEF5025-8386-47BD-BB38-4F10547D4BCE}.All|x64.ActiveCfg = Debug|Any CPU
		{CFEF5025-8386-47BD-BB38-4F10547D4BCE}.All|x64.Build.0 = Debug|Any CPU
		{CFEF5025-8386-47BD-BB38-4F10547D4BCE}.All|x86.ActiveCfg = Debug|Any CPU
		{CFEF5025-8386-47BD-BB38-4F10547D4BCE}.All|x86.Build.0 = Debug|Any CPU
		{CFEF5025-8386-47BD-BB38-4F10547D4BCE}.Apply Migrations|Any CPU.ActiveCfg = Debug|Any CPU
		{CFEF5025-8386-47BD-BB38-4F10547D4BCE}.Apply Migrations|Any CPU.Build.0 = Debug|Any CPU
		{CFEF5025-8386-47BD-BB38-4F10547D4BCE}.Apply Migrations|ARM.ActiveCfg = Debug|Any CPU
		{CFEF5025-8386-47BD-BB38-4F10547D4BCE}.Apply Migrations|ARM.Build.0 = Debug|Any CPU
		{CFEF5025-8386-47BD-BB38-4F10547D4BCE}.Apply Migrations|ARM64.ActiveCfg = Debug|Any CPU
		{CFEF5025-8386-47BD-BB38-4F10547D4BCE}.Apply Migrations|ARM64.Build.0 = Debug|Any CPU
		{CFEF5025-8386-47BD-BB38-4F10547D4BCE}.Apply Migrations|x64.ActiveCfg = Debug|Any CPU
		{CFEF5025-8386-47BD-BB38-4F10547D4BCE}.Apply Migrations|x64.Build.0 = Debug|Any CPU
		{CFEF5025-8386-47BD-BB38-4F10547D4BCE}.Apply Migrations|x86.ActiveCfg = Debug|Any CPU
		{CFEF5025-8386-47BD-BB38-4F10547D4BCE}.Apply Migrations|x86.Build.0 = Debug|Any CPU
		{CFEF5025-8386-47BD-BB38-4F10547D4BCE}.Blazor Release|Any CPU.ActiveCfg = Release|Any CPU
		{CFEF5025-8386-47BD-BB38-4F10547D4BCE}.Blazor Release|Any CPU.Build.0 = Release|Any CPU
		{CFEF5025-8386-47BD-BB38-4F10547D4BCE}.Blazor Release|ARM.ActiveCfg = Release|Any CPU
		{CFEF5025-8386-47BD-BB38-4F10547D4BCE}.Blazor Release|ARM.Build.0 = Release|Any CPU
		{CFEF5025-8386-47BD-BB38-4F10547D4BCE}.Blazor Release|ARM64.ActiveCfg = Release|Any CPU
		{CFEF5025-8386-47BD-BB38-4F10547D4BCE}.Blazor Release|ARM64.Build.0 = Release|Any CPU
		{CFEF5025-8386-47BD-BB38-4F10547D4BCE}.Blazor Release|x64.ActiveCfg = Release|Any CPU
		{CFEF5025-8386-47BD-BB38-4F10547D4BCE}.Blazor Release|x64.Build.0 = Release|Any CPU
		{CFEF5025-8386-47BD-BB38-4F10547D4BCE}.Blazor Release|x86.ActiveCfg = Release|Any CPU
		{CFEF5025-8386-47BD-BB38-4F10547D4BCE}.Blazor Release|x86.Build.0 = Release|Any CPU
		{CFEF5025-8386-47BD-BB38-4F10547D4BCE}.Debug|Any CPU.ActiveCfg = Debug|Any CPU
		{CFEF5025-8386-47BD-BB38-4F10547D4BCE}.Debug|Any CPU.Build.0 = Debug|Any CPU
		{CFEF5025-8386-47BD-BB38-4F10547D4BCE}.Debug|ARM.ActiveCfg = Debug|Any CPU
		{CFEF5025-8386-47BD-BB38-4F10547D4BCE}.Debug|ARM.Build.0 = Debug|Any CPU
		{CFEF5025-8386-47BD-BB38-4F10547D4BCE}.Debug|ARM64.ActiveCfg = Debug|Any CPU
		{CFEF5025-8386-47BD-BB38-4F10547D4BCE}.Debug|ARM64.Build.0 = Debug|Any CPU
		{CFEF5025-8386-47BD-BB38-4F10547D4BCE}.Debug|x64.ActiveCfg = Debug|Any CPU
		{CFEF5025-8386-47BD-BB38-4F10547D4BCE}.Debug|x64.Build.0 = Debug|Any CPU
		{CFEF5025-8386-47BD-BB38-4F10547D4BCE}.Debug|x86.ActiveCfg = Debug|Any CPU
		{CFEF5025-8386-47BD-BB38-4F10547D4BCE}.Debug|x86.Build.0 = Debug|Any CPU
		{CFEF5025-8386-47BD-BB38-4F10547D4BCE}.Release|Any CPU.ActiveCfg = Release|Any CPU
		{CFEF5025-8386-47BD-BB38-4F10547D4BCE}.Release|Any CPU.Build.0 = Release|Any CPU
		{CFEF5025-8386-47BD-BB38-4F10547D4BCE}.Release|ARM.ActiveCfg = Release|Any CPU
		{CFEF5025-8386-47BD-BB38-4F10547D4BCE}.Release|ARM.Build.0 = Release|Any CPU
		{CFEF5025-8386-47BD-BB38-4F10547D4BCE}.Release|ARM64.ActiveCfg = Release|Any CPU
		{CFEF5025-8386-47BD-BB38-4F10547D4BCE}.Release|ARM64.Build.0 = Release|Any CPU
		{CFEF5025-8386-47BD-BB38-4F10547D4BCE}.Release|x64.ActiveCfg = Release|Any CPU
		{CFEF5025-8386-47BD-BB38-4F10547D4BCE}.Release|x64.Build.0 = Release|Any CPU
		{CFEF5025-8386-47BD-BB38-4F10547D4BCE}.Release|x86.ActiveCfg = Release|Any CPU
		{CFEF5025-8386-47BD-BB38-4F10547D4BCE}.Release|x86.Build.0 = Release|Any CPU
		{49088F03-044B-4047-B29D-2C521F80AE56}.All|Any CPU.ActiveCfg = Debug|Any CPU
		{49088F03-044B-4047-B29D-2C521F80AE56}.All|Any CPU.Build.0 = Debug|Any CPU
		{49088F03-044B-4047-B29D-2C521F80AE56}.All|ARM.ActiveCfg = Debug|Any CPU
		{49088F03-044B-4047-B29D-2C521F80AE56}.All|ARM.Build.0 = Debug|Any CPU
		{49088F03-044B-4047-B29D-2C521F80AE56}.All|ARM64.ActiveCfg = Debug|Any CPU
		{49088F03-044B-4047-B29D-2C521F80AE56}.All|ARM64.Build.0 = Debug|Any CPU
		{49088F03-044B-4047-B29D-2C521F80AE56}.All|x64.ActiveCfg = Debug|Any CPU
		{49088F03-044B-4047-B29D-2C521F80AE56}.All|x64.Build.0 = Debug|Any CPU
		{49088F03-044B-4047-B29D-2C521F80AE56}.All|x86.ActiveCfg = Debug|Any CPU
		{49088F03-044B-4047-B29D-2C521F80AE56}.All|x86.Build.0 = Debug|Any CPU
		{49088F03-044B-4047-B29D-2C521F80AE56}.Apply Migrations|Any CPU.ActiveCfg = Debug|Any CPU
		{49088F03-044B-4047-B29D-2C521F80AE56}.Apply Migrations|Any CPU.Build.0 = Debug|Any CPU
		{49088F03-044B-4047-B29D-2C521F80AE56}.Apply Migrations|ARM.ActiveCfg = Debug|Any CPU
		{49088F03-044B-4047-B29D-2C521F80AE56}.Apply Migrations|ARM.Build.0 = Debug|Any CPU
		{49088F03-044B-4047-B29D-2C521F80AE56}.Apply Migrations|ARM64.ActiveCfg = Debug|Any CPU
		{49088F03-044B-4047-B29D-2C521F80AE56}.Apply Migrations|ARM64.Build.0 = Debug|Any CPU
		{49088F03-044B-4047-B29D-2C521F80AE56}.Apply Migrations|x64.ActiveCfg = Debug|Any CPU
		{49088F03-044B-4047-B29D-2C521F80AE56}.Apply Migrations|x64.Build.0 = Debug|Any CPU
		{49088F03-044B-4047-B29D-2C521F80AE56}.Apply Migrations|x86.ActiveCfg = Debug|Any CPU
		{49088F03-044B-4047-B29D-2C521F80AE56}.Apply Migrations|x86.Build.0 = Debug|Any CPU
		{49088F03-044B-4047-B29D-2C521F80AE56}.Blazor Release|Any CPU.ActiveCfg = Release|Any CPU
		{49088F03-044B-4047-B29D-2C521F80AE56}.Blazor Release|Any CPU.Build.0 = Release|Any CPU
		{49088F03-044B-4047-B29D-2C521F80AE56}.Blazor Release|ARM.ActiveCfg = Release|Any CPU
		{49088F03-044B-4047-B29D-2C521F80AE56}.Blazor Release|ARM.Build.0 = Release|Any CPU
		{49088F03-044B-4047-B29D-2C521F80AE56}.Blazor Release|ARM64.ActiveCfg = Release|Any CPU
		{49088F03-044B-4047-B29D-2C521F80AE56}.Blazor Release|ARM64.Build.0 = Release|Any CPU
		{49088F03-044B-4047-B29D-2C521F80AE56}.Blazor Release|x64.ActiveCfg = Release|Any CPU
		{49088F03-044B-4047-B29D-2C521F80AE56}.Blazor Release|x64.Build.0 = Release|Any CPU
		{49088F03-044B-4047-B29D-2C521F80AE56}.Blazor Release|x86.ActiveCfg = Release|Any CPU
		{49088F03-044B-4047-B29D-2C521F80AE56}.Blazor Release|x86.Build.0 = Release|Any CPU
		{49088F03-044B-4047-B29D-2C521F80AE56}.Debug|Any CPU.ActiveCfg = Debug|Any CPU
		{49088F03-044B-4047-B29D-2C521F80AE56}.Debug|Any CPU.Build.0 = Debug|Any CPU
		{49088F03-044B-4047-B29D-2C521F80AE56}.Debug|ARM.ActiveCfg = Debug|Any CPU
		{49088F03-044B-4047-B29D-2C521F80AE56}.Debug|ARM.Build.0 = Debug|Any CPU
		{49088F03-044B-4047-B29D-2C521F80AE56}.Debug|ARM64.ActiveCfg = Debug|Any CPU
		{49088F03-044B-4047-B29D-2C521F80AE56}.Debug|ARM64.Build.0 = Debug|Any CPU
		{49088F03-044B-4047-B29D-2C521F80AE56}.Debug|x64.ActiveCfg = Debug|Any CPU
		{49088F03-044B-4047-B29D-2C521F80AE56}.Debug|x64.Build.0 = Debug|Any CPU
		{49088F03-044B-4047-B29D-2C521F80AE56}.Debug|x86.ActiveCfg = Debug|Any CPU
		{49088F03-044B-4047-B29D-2C521F80AE56}.Debug|x86.Build.0 = Debug|Any CPU
		{49088F03-044B-4047-B29D-2C521F80AE56}.Release|Any CPU.ActiveCfg = Release|Any CPU
		{49088F03-044B-4047-B29D-2C521F80AE56}.Release|Any CPU.Build.0 = Release|Any CPU
		{49088F03-044B-4047-B29D-2C521F80AE56}.Release|ARM.ActiveCfg = Release|Any CPU
		{49088F03-044B-4047-B29D-2C521F80AE56}.Release|ARM.Build.0 = Release|Any CPU
		{49088F03-044B-4047-B29D-2C521F80AE56}.Release|ARM64.ActiveCfg = Release|Any CPU
		{49088F03-044B-4047-B29D-2C521F80AE56}.Release|ARM64.Build.0 = Release|Any CPU
		{49088F03-044B-4047-B29D-2C521F80AE56}.Release|x64.ActiveCfg = Release|Any CPU
		{49088F03-044B-4047-B29D-2C521F80AE56}.Release|x64.Build.0 = Release|Any CPU
		{49088F03-044B-4047-B29D-2C521F80AE56}.Release|x86.ActiveCfg = Release|Any CPU
		{49088F03-044B-4047-B29D-2C521F80AE56}.Release|x86.Build.0 = Release|Any CPU
		{7C320573-50BA-4B00-91DB-E919F5580E51}.All|Any CPU.ActiveCfg = Debug|Any CPU
		{7C320573-50BA-4B00-91DB-E919F5580E51}.All|Any CPU.Build.0 = Debug|Any CPU
		{7C320573-50BA-4B00-91DB-E919F5580E51}.All|ARM.ActiveCfg = Debug|Any CPU
		{7C320573-50BA-4B00-91DB-E919F5580E51}.All|ARM.Build.0 = Debug|Any CPU
		{7C320573-50BA-4B00-91DB-E919F5580E51}.All|ARM64.ActiveCfg = Debug|Any CPU
		{7C320573-50BA-4B00-91DB-E919F5580E51}.All|ARM64.Build.0 = Debug|Any CPU
		{7C320573-50BA-4B00-91DB-E919F5580E51}.All|x64.ActiveCfg = Debug|Any CPU
		{7C320573-50BA-4B00-91DB-E919F5580E51}.All|x64.Build.0 = Debug|Any CPU
		{7C320573-50BA-4B00-91DB-E919F5580E51}.All|x86.ActiveCfg = Debug|Any CPU
		{7C320573-50BA-4B00-91DB-E919F5580E51}.All|x86.Build.0 = Debug|Any CPU
		{7C320573-50BA-4B00-91DB-E919F5580E51}.Apply Migrations|Any CPU.ActiveCfg = Debug|Any CPU
		{7C320573-50BA-4B00-91DB-E919F5580E51}.Apply Migrations|Any CPU.Build.0 = Debug|Any CPU
		{7C320573-50BA-4B00-91DB-E919F5580E51}.Apply Migrations|ARM.ActiveCfg = Debug|Any CPU
		{7C320573-50BA-4B00-91DB-E919F5580E51}.Apply Migrations|ARM.Build.0 = Debug|Any CPU
		{7C320573-50BA-4B00-91DB-E919F5580E51}.Apply Migrations|ARM64.ActiveCfg = Debug|Any CPU
		{7C320573-50BA-4B00-91DB-E919F5580E51}.Apply Migrations|ARM64.Build.0 = Debug|Any CPU
		{7C320573-50BA-4B00-91DB-E919F5580E51}.Apply Migrations|x64.ActiveCfg = Debug|Any CPU
		{7C320573-50BA-4B00-91DB-E919F5580E51}.Apply Migrations|x64.Build.0 = Debug|Any CPU
		{7C320573-50BA-4B00-91DB-E919F5580E51}.Apply Migrations|x86.ActiveCfg = Debug|Any CPU
		{7C320573-50BA-4B00-91DB-E919F5580E51}.Apply Migrations|x86.Build.0 = Debug|Any CPU
		{7C320573-50BA-4B00-91DB-E919F5580E51}.Blazor Release|Any CPU.ActiveCfg = Release|Any CPU
		{7C320573-50BA-4B00-91DB-E919F5580E51}.Blazor Release|Any CPU.Build.0 = Release|Any CPU
		{7C320573-50BA-4B00-91DB-E919F5580E51}.Blazor Release|ARM.ActiveCfg = Release|Any CPU
		{7C320573-50BA-4B00-91DB-E919F5580E51}.Blazor Release|ARM.Build.0 = Release|Any CPU
		{7C320573-50BA-4B00-91DB-E919F5580E51}.Blazor Release|ARM64.ActiveCfg = Release|Any CPU
		{7C320573-50BA-4B00-91DB-E919F5580E51}.Blazor Release|ARM64.Build.0 = Release|Any CPU
		{7C320573-50BA-4B00-91DB-E919F5580E51}.Blazor Release|x64.ActiveCfg = Release|Any CPU
		{7C320573-50BA-4B00-91DB-E919F5580E51}.Blazor Release|x64.Build.0 = Release|Any CPU
		{7C320573-50BA-4B00-91DB-E919F5580E51}.Blazor Release|x86.ActiveCfg = Release|Any CPU
		{7C320573-50BA-4B00-91DB-E919F5580E51}.Blazor Release|x86.Build.0 = Release|Any CPU
		{7C320573-50BA-4B00-91DB-E919F5580E51}.Debug|Any CPU.ActiveCfg = Debug|Any CPU
		{7C320573-50BA-4B00-91DB-E919F5580E51}.Debug|Any CPU.Build.0 = Debug|Any CPU
		{7C320573-50BA-4B00-91DB-E919F5580E51}.Debug|ARM.ActiveCfg = Debug|Any CPU
		{7C320573-50BA-4B00-91DB-E919F5580E51}.Debug|ARM.Build.0 = Debug|Any CPU
		{7C320573-50BA-4B00-91DB-E919F5580E51}.Debug|ARM64.ActiveCfg = Debug|Any CPU
		{7C320573-50BA-4B00-91DB-E919F5580E51}.Debug|ARM64.Build.0 = Debug|Any CPU
		{7C320573-50BA-4B00-91DB-E919F5580E51}.Debug|x64.ActiveCfg = Debug|Any CPU
		{7C320573-50BA-4B00-91DB-E919F5580E51}.Debug|x64.Build.0 = Debug|Any CPU
		{7C320573-50BA-4B00-91DB-E919F5580E51}.Debug|x86.ActiveCfg = Debug|Any CPU
		{7C320573-50BA-4B00-91DB-E919F5580E51}.Debug|x86.Build.0 = Debug|Any CPU
		{7C320573-50BA-4B00-91DB-E919F5580E51}.Release|Any CPU.ActiveCfg = Release|Any CPU
		{7C320573-50BA-4B00-91DB-E919F5580E51}.Release|Any CPU.Build.0 = Release|Any CPU
		{7C320573-50BA-4B00-91DB-E919F5580E51}.Release|ARM.ActiveCfg = Release|Any CPU
		{7C320573-50BA-4B00-91DB-E919F5580E51}.Release|ARM.Build.0 = Release|Any CPU
		{7C320573-50BA-4B00-91DB-E919F5580E51}.Release|ARM64.ActiveCfg = Release|Any CPU
		{7C320573-50BA-4B00-91DB-E919F5580E51}.Release|ARM64.Build.0 = Release|Any CPU
		{7C320573-50BA-4B00-91DB-E919F5580E51}.Release|x64.ActiveCfg = Release|Any CPU
		{7C320573-50BA-4B00-91DB-E919F5580E51}.Release|x64.Build.0 = Release|Any CPU
		{7C320573-50BA-4B00-91DB-E919F5580E51}.Release|x86.ActiveCfg = Release|Any CPU
		{7C320573-50BA-4B00-91DB-E919F5580E51}.Release|x86.Build.0 = Release|Any CPU
		{2AC32420-2606-4518-92DC-3456C9E22188}.All|Any CPU.ActiveCfg = Debug|Any CPU
		{2AC32420-2606-4518-92DC-3456C9E22188}.All|Any CPU.Build.0 = Debug|Any CPU
		{2AC32420-2606-4518-92DC-3456C9E22188}.All|ARM.ActiveCfg = Debug|Any CPU
		{2AC32420-2606-4518-92DC-3456C9E22188}.All|ARM.Build.0 = Debug|Any CPU
		{2AC32420-2606-4518-92DC-3456C9E22188}.All|ARM64.ActiveCfg = Debug|Any CPU
		{2AC32420-2606-4518-92DC-3456C9E22188}.All|ARM64.Build.0 = Debug|Any CPU
		{2AC32420-2606-4518-92DC-3456C9E22188}.All|x64.ActiveCfg = Debug|Any CPU
		{2AC32420-2606-4518-92DC-3456C9E22188}.All|x64.Build.0 = Debug|Any CPU
		{2AC32420-2606-4518-92DC-3456C9E22188}.All|x86.ActiveCfg = Debug|Any CPU
		{2AC32420-2606-4518-92DC-3456C9E22188}.All|x86.Build.0 = Debug|Any CPU
		{2AC32420-2606-4518-92DC-3456C9E22188}.Apply Migrations|Any CPU.ActiveCfg = Debug|Any CPU
		{2AC32420-2606-4518-92DC-3456C9E22188}.Apply Migrations|Any CPU.Build.0 = Debug|Any CPU
		{2AC32420-2606-4518-92DC-3456C9E22188}.Apply Migrations|ARM.ActiveCfg = Debug|Any CPU
		{2AC32420-2606-4518-92DC-3456C9E22188}.Apply Migrations|ARM.Build.0 = Debug|Any CPU
		{2AC32420-2606-4518-92DC-3456C9E22188}.Apply Migrations|ARM64.ActiveCfg = Debug|Any CPU
		{2AC32420-2606-4518-92DC-3456C9E22188}.Apply Migrations|ARM64.Build.0 = Debug|Any CPU
		{2AC32420-2606-4518-92DC-3456C9E22188}.Apply Migrations|x64.ActiveCfg = Debug|Any CPU
		{2AC32420-2606-4518-92DC-3456C9E22188}.Apply Migrations|x64.Build.0 = Debug|Any CPU
		{2AC32420-2606-4518-92DC-3456C9E22188}.Apply Migrations|x86.ActiveCfg = Debug|Any CPU
		{2AC32420-2606-4518-92DC-3456C9E22188}.Apply Migrations|x86.Build.0 = Debug|Any CPU
		{2AC32420-2606-4518-92DC-3456C9E22188}.Blazor Release|Any CPU.ActiveCfg = Debug|Any CPU
		{2AC32420-2606-4518-92DC-3456C9E22188}.Blazor Release|Any CPU.Build.0 = Debug|Any CPU
		{2AC32420-2606-4518-92DC-3456C9E22188}.Blazor Release|ARM.ActiveCfg = Debug|Any CPU
		{2AC32420-2606-4518-92DC-3456C9E22188}.Blazor Release|ARM.Build.0 = Debug|Any CPU
		{2AC32420-2606-4518-92DC-3456C9E22188}.Blazor Release|ARM64.ActiveCfg = Debug|Any CPU
		{2AC32420-2606-4518-92DC-3456C9E22188}.Blazor Release|ARM64.Build.0 = Debug|Any CPU
		{2AC32420-2606-4518-92DC-3456C9E22188}.Blazor Release|x64.ActiveCfg = Debug|Any CPU
		{2AC32420-2606-4518-92DC-3456C9E22188}.Blazor Release|x64.Build.0 = Debug|Any CPU
		{2AC32420-2606-4518-92DC-3456C9E22188}.Blazor Release|x86.ActiveCfg = Debug|Any CPU
		{2AC32420-2606-4518-92DC-3456C9E22188}.Blazor Release|x86.Build.0 = Debug|Any CPU
		{2AC32420-2606-4518-92DC-3456C9E22188}.Debug|Any CPU.ActiveCfg = Debug|Any CPU
		{2AC32420-2606-4518-92DC-3456C9E22188}.Debug|Any CPU.Build.0 = Debug|Any CPU
		{2AC32420-2606-4518-92DC-3456C9E22188}.Debug|ARM.ActiveCfg = Debug|Any CPU
		{2AC32420-2606-4518-92DC-3456C9E22188}.Debug|ARM.Build.0 = Debug|Any CPU
		{2AC32420-2606-4518-92DC-3456C9E22188}.Debug|ARM64.ActiveCfg = Debug|Any CPU
		{2AC32420-2606-4518-92DC-3456C9E22188}.Debug|ARM64.Build.0 = Debug|Any CPU
		{2AC32420-2606-4518-92DC-3456C9E22188}.Debug|x64.ActiveCfg = Debug|Any CPU
		{2AC32420-2606-4518-92DC-3456C9E22188}.Debug|x64.Build.0 = Debug|Any CPU
		{2AC32420-2606-4518-92DC-3456C9E22188}.Debug|x86.ActiveCfg = Debug|Any CPU
		{2AC32420-2606-4518-92DC-3456C9E22188}.Debug|x86.Build.0 = Debug|Any CPU
		{2AC32420-2606-4518-92DC-3456C9E22188}.Release|Any CPU.ActiveCfg = Release|Any CPU
		{2AC32420-2606-4518-92DC-3456C9E22188}.Release|Any CPU.Build.0 = Release|Any CPU
		{2AC32420-2606-4518-92DC-3456C9E22188}.Release|ARM.ActiveCfg = Release|Any CPU
		{2AC32420-2606-4518-92DC-3456C9E22188}.Release|ARM.Build.0 = Release|Any CPU
		{2AC32420-2606-4518-92DC-3456C9E22188}.Release|ARM64.ActiveCfg = Release|Any CPU
		{2AC32420-2606-4518-92DC-3456C9E22188}.Release|ARM64.Build.0 = Release|Any CPU
		{2AC32420-2606-4518-92DC-3456C9E22188}.Release|x64.ActiveCfg = Release|Any CPU
		{2AC32420-2606-4518-92DC-3456C9E22188}.Release|x64.Build.0 = Release|Any CPU
		{2AC32420-2606-4518-92DC-3456C9E22188}.Release|x86.ActiveCfg = Release|Any CPU
		{2AC32420-2606-4518-92DC-3456C9E22188}.Release|x86.Build.0 = Release|Any CPU
		{9F853BBD-858B-444A-A4EE-52BF37C54EDB}.All|Any CPU.ActiveCfg = Debug|Any CPU
		{9F853BBD-858B-444A-A4EE-52BF37C54EDB}.All|Any CPU.Build.0 = Debug|Any CPU
		{9F853BBD-858B-444A-A4EE-52BF37C54EDB}.All|ARM.ActiveCfg = Debug|Any CPU
		{9F853BBD-858B-444A-A4EE-52BF37C54EDB}.All|ARM.Build.0 = Debug|Any CPU
		{9F853BBD-858B-444A-A4EE-52BF37C54EDB}.All|ARM64.ActiveCfg = Debug|Any CPU
		{9F853BBD-858B-444A-A4EE-52BF37C54EDB}.All|ARM64.Build.0 = Debug|Any CPU
		{9F853BBD-858B-444A-A4EE-52BF37C54EDB}.All|x64.ActiveCfg = Debug|Any CPU
		{9F853BBD-858B-444A-A4EE-52BF37C54EDB}.All|x64.Build.0 = Debug|Any CPU
		{9F853BBD-858B-444A-A4EE-52BF37C54EDB}.All|x86.ActiveCfg = Debug|Any CPU
		{9F853BBD-858B-444A-A4EE-52BF37C54EDB}.All|x86.Build.0 = Debug|Any CPU
		{9F853BBD-858B-444A-A4EE-52BF37C54EDB}.Apply Migrations|Any CPU.ActiveCfg = Debug|Any CPU
		{9F853BBD-858B-444A-A4EE-52BF37C54EDB}.Apply Migrations|Any CPU.Build.0 = Debug|Any CPU
		{9F853BBD-858B-444A-A4EE-52BF37C54EDB}.Apply Migrations|ARM.ActiveCfg = Debug|Any CPU
		{9F853BBD-858B-444A-A4EE-52BF37C54EDB}.Apply Migrations|ARM.Build.0 = Debug|Any CPU
		{9F853BBD-858B-444A-A4EE-52BF37C54EDB}.Apply Migrations|ARM64.ActiveCfg = Debug|Any CPU
		{9F853BBD-858B-444A-A4EE-52BF37C54EDB}.Apply Migrations|ARM64.Build.0 = Debug|Any CPU
		{9F853BBD-858B-444A-A4EE-52BF37C54EDB}.Apply Migrations|x64.ActiveCfg = Debug|Any CPU
		{9F853BBD-858B-444A-A4EE-52BF37C54EDB}.Apply Migrations|x64.Build.0 = Debug|Any CPU
		{9F853BBD-858B-444A-A4EE-52BF37C54EDB}.Apply Migrations|x86.ActiveCfg = Debug|Any CPU
		{9F853BBD-858B-444A-A4EE-52BF37C54EDB}.Apply Migrations|x86.Build.0 = Debug|Any CPU
		{9F853BBD-858B-444A-A4EE-52BF37C54EDB}.Blazor Release|Any CPU.ActiveCfg = Debug|Any CPU
		{9F853BBD-858B-444A-A4EE-52BF37C54EDB}.Blazor Release|Any CPU.Build.0 = Debug|Any CPU
		{9F853BBD-858B-444A-A4EE-52BF37C54EDB}.Blazor Release|ARM.ActiveCfg = Debug|Any CPU
		{9F853BBD-858B-444A-A4EE-52BF37C54EDB}.Blazor Release|ARM.Build.0 = Debug|Any CPU
		{9F853BBD-858B-444A-A4EE-52BF37C54EDB}.Blazor Release|ARM64.ActiveCfg = Debug|Any CPU
		{9F853BBD-858B-444A-A4EE-52BF37C54EDB}.Blazor Release|ARM64.Build.0 = Debug|Any CPU
		{9F853BBD-858B-444A-A4EE-52BF37C54EDB}.Blazor Release|x64.ActiveCfg = Debug|Any CPU
		{9F853BBD-858B-444A-A4EE-52BF37C54EDB}.Blazor Release|x64.Build.0 = Debug|Any CPU
		{9F853BBD-858B-444A-A4EE-52BF37C54EDB}.Blazor Release|x86.ActiveCfg = Debug|Any CPU
		{9F853BBD-858B-444A-A4EE-52BF37C54EDB}.Blazor Release|x86.Build.0 = Debug|Any CPU
		{9F853BBD-858B-444A-A4EE-52BF37C54EDB}.Debug|Any CPU.ActiveCfg = Debug|Any CPU
		{9F853BBD-858B-444A-A4EE-52BF37C54EDB}.Debug|Any CPU.Build.0 = Debug|Any CPU
		{9F853BBD-858B-444A-A4EE-52BF37C54EDB}.Debug|ARM.ActiveCfg = Debug|Any CPU
		{9F853BBD-858B-444A-A4EE-52BF37C54EDB}.Debug|ARM.Build.0 = Debug|Any CPU
		{9F853BBD-858B-444A-A4EE-52BF37C54EDB}.Debug|ARM64.ActiveCfg = Debug|Any CPU
		{9F853BBD-858B-444A-A4EE-52BF37C54EDB}.Debug|ARM64.Build.0 = Debug|Any CPU
		{9F853BBD-858B-444A-A4EE-52BF37C54EDB}.Debug|x64.ActiveCfg = Debug|Any CPU
		{9F853BBD-858B-444A-A4EE-52BF37C54EDB}.Debug|x64.Build.0 = Debug|Any CPU
		{9F853BBD-858B-444A-A4EE-52BF37C54EDB}.Debug|x86.ActiveCfg = Debug|Any CPU
		{9F853BBD-858B-444A-A4EE-52BF37C54EDB}.Debug|x86.Build.0 = Debug|Any CPU
		{9F853BBD-858B-444A-A4EE-52BF37C54EDB}.Release|Any CPU.ActiveCfg = Release|Any CPU
		{9F853BBD-858B-444A-A4EE-52BF37C54EDB}.Release|Any CPU.Build.0 = Release|Any CPU
		{9F853BBD-858B-444A-A4EE-52BF37C54EDB}.Release|ARM.ActiveCfg = Release|Any CPU
		{9F853BBD-858B-444A-A4EE-52BF37C54EDB}.Release|ARM.Build.0 = Release|Any CPU
		{9F853BBD-858B-444A-A4EE-52BF37C54EDB}.Release|ARM64.ActiveCfg = Release|Any CPU
		{9F853BBD-858B-444A-A4EE-52BF37C54EDB}.Release|ARM64.Build.0 = Release|Any CPU
		{9F853BBD-858B-444A-A4EE-52BF37C54EDB}.Release|x64.ActiveCfg = Release|Any CPU
		{9F853BBD-858B-444A-A4EE-52BF37C54EDB}.Release|x64.Build.0 = Release|Any CPU
		{9F853BBD-858B-444A-A4EE-52BF37C54EDB}.Release|x86.ActiveCfg = Release|Any CPU
		{9F853BBD-858B-444A-A4EE-52BF37C54EDB}.Release|x86.Build.0 = Release|Any CPU
		{7AFE0E74-9EE0-4B79-9C2B-6A2D2E7FD69D}.All|Any CPU.ActiveCfg = Debug|Any CPU
		{7AFE0E74-9EE0-4B79-9C2B-6A2D2E7FD69D}.All|Any CPU.Build.0 = Debug|Any CPU
		{7AFE0E74-9EE0-4B79-9C2B-6A2D2E7FD69D}.All|ARM.ActiveCfg = Debug|Any CPU
		{7AFE0E74-9EE0-4B79-9C2B-6A2D2E7FD69D}.All|ARM.Build.0 = Debug|Any CPU
		{7AFE0E74-9EE0-4B79-9C2B-6A2D2E7FD69D}.All|ARM64.ActiveCfg = Debug|Any CPU
		{7AFE0E74-9EE0-4B79-9C2B-6A2D2E7FD69D}.All|ARM64.Build.0 = Debug|Any CPU
		{7AFE0E74-9EE0-4B79-9C2B-6A2D2E7FD69D}.All|x64.ActiveCfg = Debug|Any CPU
		{7AFE0E74-9EE0-4B79-9C2B-6A2D2E7FD69D}.All|x64.Build.0 = Debug|Any CPU
		{7AFE0E74-9EE0-4B79-9C2B-6A2D2E7FD69D}.All|x86.ActiveCfg = Debug|Any CPU
		{7AFE0E74-9EE0-4B79-9C2B-6A2D2E7FD69D}.All|x86.Build.0 = Debug|Any CPU
		{7AFE0E74-9EE0-4B79-9C2B-6A2D2E7FD69D}.Apply Migrations|Any CPU.ActiveCfg = Apply Migrations|Any CPU
		{7AFE0E74-9EE0-4B79-9C2B-6A2D2E7FD69D}.Apply Migrations|Any CPU.Build.0 = Apply Migrations|Any CPU
		{7AFE0E74-9EE0-4B79-9C2B-6A2D2E7FD69D}.Apply Migrations|ARM.ActiveCfg = Apply Migrations|Any CPU
		{7AFE0E74-9EE0-4B79-9C2B-6A2D2E7FD69D}.Apply Migrations|ARM.Build.0 = Apply Migrations|Any CPU
		{7AFE0E74-9EE0-4B79-9C2B-6A2D2E7FD69D}.Apply Migrations|ARM64.ActiveCfg = Apply Migrations|Any CPU
		{7AFE0E74-9EE0-4B79-9C2B-6A2D2E7FD69D}.Apply Migrations|ARM64.Build.0 = Apply Migrations|Any CPU
		{7AFE0E74-9EE0-4B79-9C2B-6A2D2E7FD69D}.Apply Migrations|x64.ActiveCfg = Apply Migrations|Any CPU
		{7AFE0E74-9EE0-4B79-9C2B-6A2D2E7FD69D}.Apply Migrations|x64.Build.0 = Apply Migrations|Any CPU
		{7AFE0E74-9EE0-4B79-9C2B-6A2D2E7FD69D}.Apply Migrations|x86.ActiveCfg = Apply Migrations|Any CPU
		{7AFE0E74-9EE0-4B79-9C2B-6A2D2E7FD69D}.Apply Migrations|x86.Build.0 = Apply Migrations|Any CPU
		{7AFE0E74-9EE0-4B79-9C2B-6A2D2E7FD69D}.Blazor Release|Any CPU.ActiveCfg = Blazor Release|Any CPU
		{7AFE0E74-9EE0-4B79-9C2B-6A2D2E7FD69D}.Blazor Release|Any CPU.Build.0 = Blazor Release|Any CPU
		{7AFE0E74-9EE0-4B79-9C2B-6A2D2E7FD69D}.Blazor Release|ARM.ActiveCfg = Blazor Release|Any CPU
		{7AFE0E74-9EE0-4B79-9C2B-6A2D2E7FD69D}.Blazor Release|ARM.Build.0 = Blazor Release|Any CPU
		{7AFE0E74-9EE0-4B79-9C2B-6A2D2E7FD69D}.Blazor Release|ARM64.ActiveCfg = Blazor Release|Any CPU
		{7AFE0E74-9EE0-4B79-9C2B-6A2D2E7FD69D}.Blazor Release|ARM64.Build.0 = Blazor Release|Any CPU
		{7AFE0E74-9EE0-4B79-9C2B-6A2D2E7FD69D}.Blazor Release|x64.ActiveCfg = Blazor Release|Any CPU
		{7AFE0E74-9EE0-4B79-9C2B-6A2D2E7FD69D}.Blazor Release|x64.Build.0 = Blazor Release|Any CPU
		{7AFE0E74-9EE0-4B79-9C2B-6A2D2E7FD69D}.Blazor Release|x86.ActiveCfg = Blazor Release|Any CPU
		{7AFE0E74-9EE0-4B79-9C2B-6A2D2E7FD69D}.Blazor Release|x86.Build.0 = Blazor Release|Any CPU
		{7AFE0E74-9EE0-4B79-9C2B-6A2D2E7FD69D}.Debug|Any CPU.ActiveCfg = Debug|Any CPU
		{7AFE0E74-9EE0-4B79-9C2B-6A2D2E7FD69D}.Debug|Any CPU.Build.0 = Debug|Any CPU
		{7AFE0E74-9EE0-4B79-9C2B-6A2D2E7FD69D}.Debug|ARM.ActiveCfg = Debug|Any CPU
		{7AFE0E74-9EE0-4B79-9C2B-6A2D2E7FD69D}.Debug|ARM.Build.0 = Debug|Any CPU
		{7AFE0E74-9EE0-4B79-9C2B-6A2D2E7FD69D}.Debug|ARM64.ActiveCfg = Debug|Any CPU
		{7AFE0E74-9EE0-4B79-9C2B-6A2D2E7FD69D}.Debug|ARM64.Build.0 = Debug|Any CPU
		{7AFE0E74-9EE0-4B79-9C2B-6A2D2E7FD69D}.Debug|x64.ActiveCfg = Debug|Any CPU
		{7AFE0E74-9EE0-4B79-9C2B-6A2D2E7FD69D}.Debug|x64.Build.0 = Debug|Any CPU
		{7AFE0E74-9EE0-4B79-9C2B-6A2D2E7FD69D}.Debug|x86.ActiveCfg = Debug|Any CPU
		{7AFE0E74-9EE0-4B79-9C2B-6A2D2E7FD69D}.Debug|x86.Build.0 = Debug|Any CPU
		{7AFE0E74-9EE0-4B79-9C2B-6A2D2E7FD69D}.Release|Any CPU.ActiveCfg = Release|Any CPU
		{7AFE0E74-9EE0-4B79-9C2B-6A2D2E7FD69D}.Release|Any CPU.Build.0 = Release|Any CPU
		{7AFE0E74-9EE0-4B79-9C2B-6A2D2E7FD69D}.Release|ARM.ActiveCfg = Release|Any CPU
		{7AFE0E74-9EE0-4B79-9C2B-6A2D2E7FD69D}.Release|ARM.Build.0 = Release|Any CPU
		{7AFE0E74-9EE0-4B79-9C2B-6A2D2E7FD69D}.Release|ARM64.ActiveCfg = Release|Any CPU
		{7AFE0E74-9EE0-4B79-9C2B-6A2D2E7FD69D}.Release|ARM64.Build.0 = Release|Any CPU
		{7AFE0E74-9EE0-4B79-9C2B-6A2D2E7FD69D}.Release|x64.ActiveCfg = Release|Any CPU
		{7AFE0E74-9EE0-4B79-9C2B-6A2D2E7FD69D}.Release|x64.Build.0 = Release|Any CPU
		{7AFE0E74-9EE0-4B79-9C2B-6A2D2E7FD69D}.Release|x86.ActiveCfg = Release|Any CPU
		{7AFE0E74-9EE0-4B79-9C2B-6A2D2E7FD69D}.Release|x86.Build.0 = Release|Any CPU
		{961C38E2-9D48-471C-AD7D-4F5B5BA8406B}.All|Any CPU.ActiveCfg = Debug|Any CPU
		{961C38E2-9D48-471C-AD7D-4F5B5BA8406B}.All|Any CPU.Build.0 = Debug|Any CPU
		{961C38E2-9D48-471C-AD7D-4F5B5BA8406B}.All|ARM.ActiveCfg = Debug|Any CPU
		{961C38E2-9D48-471C-AD7D-4F5B5BA8406B}.All|ARM.Build.0 = Debug|Any CPU
		{961C38E2-9D48-471C-AD7D-4F5B5BA8406B}.All|ARM64.ActiveCfg = Debug|Any CPU
		{961C38E2-9D48-471C-AD7D-4F5B5BA8406B}.All|ARM64.Build.0 = Debug|Any CPU
		{961C38E2-9D48-471C-AD7D-4F5B5BA8406B}.All|x64.ActiveCfg = Debug|Any CPU
		{961C38E2-9D48-471C-AD7D-4F5B5BA8406B}.All|x64.Build.0 = Debug|Any CPU
		{961C38E2-9D48-471C-AD7D-4F5B5BA8406B}.All|x86.ActiveCfg = Debug|Any CPU
		{961C38E2-9D48-471C-AD7D-4F5B5BA8406B}.All|x86.Build.0 = Debug|Any CPU
		{961C38E2-9D48-471C-AD7D-4F5B5BA8406B}.Apply Migrations|Any CPU.ActiveCfg = Debug|Any CPU
		{961C38E2-9D48-471C-AD7D-4F5B5BA8406B}.Apply Migrations|Any CPU.Build.0 = Debug|Any CPU
		{961C38E2-9D48-471C-AD7D-4F5B5BA8406B}.Apply Migrations|ARM.ActiveCfg = Debug|Any CPU
		{961C38E2-9D48-471C-AD7D-4F5B5BA8406B}.Apply Migrations|ARM.Build.0 = Debug|Any CPU
		{961C38E2-9D48-471C-AD7D-4F5B5BA8406B}.Apply Migrations|ARM64.ActiveCfg = Debug|Any CPU
		{961C38E2-9D48-471C-AD7D-4F5B5BA8406B}.Apply Migrations|ARM64.Build.0 = Debug|Any CPU
		{961C38E2-9D48-471C-AD7D-4F5B5BA8406B}.Apply Migrations|x64.ActiveCfg = Debug|Any CPU
		{961C38E2-9D48-471C-AD7D-4F5B5BA8406B}.Apply Migrations|x64.Build.0 = Debug|Any CPU
		{961C38E2-9D48-471C-AD7D-4F5B5BA8406B}.Apply Migrations|x86.ActiveCfg = Debug|Any CPU
		{961C38E2-9D48-471C-AD7D-4F5B5BA8406B}.Apply Migrations|x86.Build.0 = Debug|Any CPU
		{961C38E2-9D48-471C-AD7D-4F5B5BA8406B}.Blazor Release|Any CPU.ActiveCfg = Debug|Any CPU
		{961C38E2-9D48-471C-AD7D-4F5B5BA8406B}.Blazor Release|Any CPU.Build.0 = Debug|Any CPU
		{961C38E2-9D48-471C-AD7D-4F5B5BA8406B}.Blazor Release|ARM.ActiveCfg = Debug|Any CPU
		{961C38E2-9D48-471C-AD7D-4F5B5BA8406B}.Blazor Release|ARM.Build.0 = Debug|Any CPU
		{961C38E2-9D48-471C-AD7D-4F5B5BA8406B}.Blazor Release|ARM64.ActiveCfg = Debug|Any CPU
		{961C38E2-9D48-471C-AD7D-4F5B5BA8406B}.Blazor Release|ARM64.Build.0 = Debug|Any CPU
		{961C38E2-9D48-471C-AD7D-4F5B5BA8406B}.Blazor Release|x64.ActiveCfg = Debug|Any CPU
		{961C38E2-9D48-471C-AD7D-4F5B5BA8406B}.Blazor Release|x64.Build.0 = Debug|Any CPU
		{961C38E2-9D48-471C-AD7D-4F5B5BA8406B}.Blazor Release|x86.ActiveCfg = Debug|Any CPU
		{961C38E2-9D48-471C-AD7D-4F5B5BA8406B}.Blazor Release|x86.Build.0 = Debug|Any CPU
		{961C38E2-9D48-471C-AD7D-4F5B5BA8406B}.Debug|Any CPU.ActiveCfg = Debug|Any CPU
		{961C38E2-9D48-471C-AD7D-4F5B5BA8406B}.Debug|Any CPU.Build.0 = Debug|Any CPU
		{961C38E2-9D48-471C-AD7D-4F5B5BA8406B}.Debug|ARM.ActiveCfg = Debug|Any CPU
		{961C38E2-9D48-471C-AD7D-4F5B5BA8406B}.Debug|ARM.Build.0 = Debug|Any CPU
		{961C38E2-9D48-471C-AD7D-4F5B5BA8406B}.Debug|ARM64.ActiveCfg = Debug|Any CPU
		{961C38E2-9D48-471C-AD7D-4F5B5BA8406B}.Debug|ARM64.Build.0 = Debug|Any CPU
		{961C38E2-9D48-471C-AD7D-4F5B5BA8406B}.Debug|x64.ActiveCfg = Debug|Any CPU
		{961C38E2-9D48-471C-AD7D-4F5B5BA8406B}.Debug|x64.Build.0 = Debug|Any CPU
		{961C38E2-9D48-471C-AD7D-4F5B5BA8406B}.Debug|x86.ActiveCfg = Debug|Any CPU
		{961C38E2-9D48-471C-AD7D-4F5B5BA8406B}.Debug|x86.Build.0 = Debug|Any CPU
		{961C38E2-9D48-471C-AD7D-4F5B5BA8406B}.Release|Any CPU.ActiveCfg = Release|Any CPU
		{961C38E2-9D48-471C-AD7D-4F5B5BA8406B}.Release|Any CPU.Build.0 = Release|Any CPU
		{961C38E2-9D48-471C-AD7D-4F5B5BA8406B}.Release|ARM.ActiveCfg = Release|Any CPU
		{961C38E2-9D48-471C-AD7D-4F5B5BA8406B}.Release|ARM.Build.0 = Release|Any CPU
		{961C38E2-9D48-471C-AD7D-4F5B5BA8406B}.Release|ARM64.ActiveCfg = Release|Any CPU
		{961C38E2-9D48-471C-AD7D-4F5B5BA8406B}.Release|ARM64.Build.0 = Release|Any CPU
		{961C38E2-9D48-471C-AD7D-4F5B5BA8406B}.Release|x64.ActiveCfg = Release|Any CPU
		{961C38E2-9D48-471C-AD7D-4F5B5BA8406B}.Release|x64.Build.0 = Release|Any CPU
		{961C38E2-9D48-471C-AD7D-4F5B5BA8406B}.Release|x86.ActiveCfg = Release|Any CPU
		{961C38E2-9D48-471C-AD7D-4F5B5BA8406B}.Release|x86.Build.0 = Release|Any CPU
		{18D1F01A-F3AC-4544-8938-C7E85C6C0EFC}.All|Any CPU.ActiveCfg = Debug|Any CPU
		{18D1F01A-F3AC-4544-8938-C7E85C6C0EFC}.All|Any CPU.Build.0 = Debug|Any CPU
		{18D1F01A-F3AC-4544-8938-C7E85C6C0EFC}.All|ARM.ActiveCfg = Debug|Any CPU
		{18D1F01A-F3AC-4544-8938-C7E85C6C0EFC}.All|ARM.Build.0 = Debug|Any CPU
		{18D1F01A-F3AC-4544-8938-C7E85C6C0EFC}.All|ARM64.ActiveCfg = Debug|Any CPU
		{18D1F01A-F3AC-4544-8938-C7E85C6C0EFC}.All|ARM64.Build.0 = Debug|Any CPU
		{18D1F01A-F3AC-4544-8938-C7E85C6C0EFC}.All|x64.ActiveCfg = Debug|Any CPU
		{18D1F01A-F3AC-4544-8938-C7E85C6C0EFC}.All|x64.Build.0 = Debug|Any CPU
		{18D1F01A-F3AC-4544-8938-C7E85C6C0EFC}.All|x86.ActiveCfg = Debug|Any CPU
		{18D1F01A-F3AC-4544-8938-C7E85C6C0EFC}.All|x86.Build.0 = Debug|Any CPU
		{18D1F01A-F3AC-4544-8938-C7E85C6C0EFC}.Apply Migrations|Any CPU.ActiveCfg = Debug|Any CPU
		{18D1F01A-F3AC-4544-8938-C7E85C6C0EFC}.Apply Migrations|Any CPU.Build.0 = Debug|Any CPU
		{18D1F01A-F3AC-4544-8938-C7E85C6C0EFC}.Apply Migrations|ARM.ActiveCfg = Debug|Any CPU
		{18D1F01A-F3AC-4544-8938-C7E85C6C0EFC}.Apply Migrations|ARM.Build.0 = Debug|Any CPU
		{18D1F01A-F3AC-4544-8938-C7E85C6C0EFC}.Apply Migrations|ARM64.ActiveCfg = Debug|Any CPU
		{18D1F01A-F3AC-4544-8938-C7E85C6C0EFC}.Apply Migrations|ARM64.Build.0 = Debug|Any CPU
		{18D1F01A-F3AC-4544-8938-C7E85C6C0EFC}.Apply Migrations|x64.ActiveCfg = Debug|Any CPU
		{18D1F01A-F3AC-4544-8938-C7E85C6C0EFC}.Apply Migrations|x64.Build.0 = Debug|Any CPU
		{18D1F01A-F3AC-4544-8938-C7E85C6C0EFC}.Apply Migrations|x86.ActiveCfg = Debug|Any CPU
		{18D1F01A-F3AC-4544-8938-C7E85C6C0EFC}.Apply Migrations|x86.Build.0 = Debug|Any CPU
		{18D1F01A-F3AC-4544-8938-C7E85C6C0EFC}.Blazor Release|Any CPU.ActiveCfg = Debug|Any CPU
		{18D1F01A-F3AC-4544-8938-C7E85C6C0EFC}.Blazor Release|Any CPU.Build.0 = Debug|Any CPU
		{18D1F01A-F3AC-4544-8938-C7E85C6C0EFC}.Blazor Release|ARM.ActiveCfg = Debug|Any CPU
		{18D1F01A-F3AC-4544-8938-C7E85C6C0EFC}.Blazor Release|ARM.Build.0 = Debug|Any CPU
		{18D1F01A-F3AC-4544-8938-C7E85C6C0EFC}.Blazor Release|ARM64.ActiveCfg = Debug|Any CPU
		{18D1F01A-F3AC-4544-8938-C7E85C6C0EFC}.Blazor Release|ARM64.Build.0 = Debug|Any CPU
		{18D1F01A-F3AC-4544-8938-C7E85C6C0EFC}.Blazor Release|x64.ActiveCfg = Debug|Any CPU
		{18D1F01A-F3AC-4544-8938-C7E85C6C0EFC}.Blazor Release|x64.Build.0 = Debug|Any CPU
		{18D1F01A-F3AC-4544-8938-C7E85C6C0EFC}.Blazor Release|x86.ActiveCfg = Debug|Any CPU
		{18D1F01A-F3AC-4544-8938-C7E85C6C0EFC}.Blazor Release|x86.Build.0 = Debug|Any CPU
		{18D1F01A-F3AC-4544-8938-C7E85C6C0EFC}.Debug|Any CPU.ActiveCfg = Debug|Any CPU
		{18D1F01A-F3AC-4544-8938-C7E85C6C0EFC}.Debug|Any CPU.Build.0 = Debug|Any CPU
		{18D1F01A-F3AC-4544-8938-C7E85C6C0EFC}.Debug|ARM.ActiveCfg = Debug|Any CPU
		{18D1F01A-F3AC-4544-8938-C7E85C6C0EFC}.Debug|ARM.Build.0 = Debug|Any CPU
		{18D1F01A-F3AC-4544-8938-C7E85C6C0EFC}.Debug|ARM64.ActiveCfg = Debug|Any CPU
		{18D1F01A-F3AC-4544-8938-C7E85C6C0EFC}.Debug|ARM64.Build.0 = Debug|Any CPU
		{18D1F01A-F3AC-4544-8938-C7E85C6C0EFC}.Debug|x64.ActiveCfg = Debug|Any CPU
		{18D1F01A-F3AC-4544-8938-C7E85C6C0EFC}.Debug|x64.Build.0 = Debug|Any CPU
		{18D1F01A-F3AC-4544-8938-C7E85C6C0EFC}.Debug|x86.ActiveCfg = Debug|Any CPU
		{18D1F01A-F3AC-4544-8938-C7E85C6C0EFC}.Debug|x86.Build.0 = Debug|Any CPU
		{18D1F01A-F3AC-4544-8938-C7E85C6C0EFC}.Release|Any CPU.ActiveCfg = Release|Any CPU
		{18D1F01A-F3AC-4544-8938-C7E85C6C0EFC}.Release|Any CPU.Build.0 = Release|Any CPU
		{18D1F01A-F3AC-4544-8938-C7E85C6C0EFC}.Release|ARM.ActiveCfg = Release|Any CPU
		{18D1F01A-F3AC-4544-8938-C7E85C6C0EFC}.Release|ARM.Build.0 = Release|Any CPU
		{18D1F01A-F3AC-4544-8938-C7E85C6C0EFC}.Release|ARM64.ActiveCfg = Release|Any CPU
		{18D1F01A-F3AC-4544-8938-C7E85C6C0EFC}.Release|ARM64.Build.0 = Release|Any CPU
		{18D1F01A-F3AC-4544-8938-C7E85C6C0EFC}.Release|x64.ActiveCfg = Release|Any CPU
		{18D1F01A-F3AC-4544-8938-C7E85C6C0EFC}.Release|x64.Build.0 = Release|Any CPU
		{18D1F01A-F3AC-4544-8938-C7E85C6C0EFC}.Release|x86.ActiveCfg = Release|Any CPU
		{18D1F01A-F3AC-4544-8938-C7E85C6C0EFC}.Release|x86.Build.0 = Release|Any CPU
		{F29C989A-ADBC-4A57-92F3-56282997F897}.All|Any CPU.ActiveCfg = Debug|Any CPU
		{F29C989A-ADBC-4A57-92F3-56282997F897}.All|Any CPU.Build.0 = Debug|Any CPU
		{F29C989A-ADBC-4A57-92F3-56282997F897}.All|ARM.ActiveCfg = Debug|Any CPU
		{F29C989A-ADBC-4A57-92F3-56282997F897}.All|ARM.Build.0 = Debug|Any CPU
		{F29C989A-ADBC-4A57-92F3-56282997F897}.All|ARM64.ActiveCfg = Debug|Any CPU
		{F29C989A-ADBC-4A57-92F3-56282997F897}.All|ARM64.Build.0 = Debug|Any CPU
		{F29C989A-ADBC-4A57-92F3-56282997F897}.All|x64.ActiveCfg = Debug|Any CPU
		{F29C989A-ADBC-4A57-92F3-56282997F897}.All|x64.Build.0 = Debug|Any CPU
		{F29C989A-ADBC-4A57-92F3-56282997F897}.All|x86.ActiveCfg = Debug|Any CPU
		{F29C989A-ADBC-4A57-92F3-56282997F897}.All|x86.Build.0 = Debug|Any CPU
		{F29C989A-ADBC-4A57-92F3-56282997F897}.Apply Migrations|Any CPU.ActiveCfg = Debug|Any CPU
		{F29C989A-ADBC-4A57-92F3-56282997F897}.Apply Migrations|Any CPU.Build.0 = Debug|Any CPU
		{F29C989A-ADBC-4A57-92F3-56282997F897}.Apply Migrations|ARM.ActiveCfg = Debug|Any CPU
		{F29C989A-ADBC-4A57-92F3-56282997F897}.Apply Migrations|ARM.Build.0 = Debug|Any CPU
		{F29C989A-ADBC-4A57-92F3-56282997F897}.Apply Migrations|ARM64.ActiveCfg = Debug|Any CPU
		{F29C989A-ADBC-4A57-92F3-56282997F897}.Apply Migrations|ARM64.Build.0 = Debug|Any CPU
		{F29C989A-ADBC-4A57-92F3-56282997F897}.Apply Migrations|x64.ActiveCfg = Debug|Any CPU
		{F29C989A-ADBC-4A57-92F3-56282997F897}.Apply Migrations|x64.Build.0 = Debug|Any CPU
		{F29C989A-ADBC-4A57-92F3-56282997F897}.Apply Migrations|x86.ActiveCfg = Debug|Any CPU
		{F29C989A-ADBC-4A57-92F3-56282997F897}.Apply Migrations|x86.Build.0 = Debug|Any CPU
		{F29C989A-ADBC-4A57-92F3-56282997F897}.Blazor Release|Any CPU.ActiveCfg = Debug|Any CPU
		{F29C989A-ADBC-4A57-92F3-56282997F897}.Blazor Release|Any CPU.Build.0 = Debug|Any CPU
		{F29C989A-ADBC-4A57-92F3-56282997F897}.Blazor Release|ARM.ActiveCfg = Debug|Any CPU
		{F29C989A-ADBC-4A57-92F3-56282997F897}.Blazor Release|ARM.Build.0 = Debug|Any CPU
		{F29C989A-ADBC-4A57-92F3-56282997F897}.Blazor Release|ARM64.ActiveCfg = Debug|Any CPU
		{F29C989A-ADBC-4A57-92F3-56282997F897}.Blazor Release|ARM64.Build.0 = Debug|Any CPU
		{F29C989A-ADBC-4A57-92F3-56282997F897}.Blazor Release|x64.ActiveCfg = Debug|Any CPU
		{F29C989A-ADBC-4A57-92F3-56282997F897}.Blazor Release|x64.Build.0 = Debug|Any CPU
		{F29C989A-ADBC-4A57-92F3-56282997F897}.Blazor Release|x86.ActiveCfg = Debug|Any CPU
		{F29C989A-ADBC-4A57-92F3-56282997F897}.Blazor Release|x86.Build.0 = Debug|Any CPU
		{F29C989A-ADBC-4A57-92F3-56282997F897}.Debug|Any CPU.ActiveCfg = Debug|Any CPU
		{F29C989A-ADBC-4A57-92F3-56282997F897}.Debug|Any CPU.Build.0 = Debug|Any CPU
		{F29C989A-ADBC-4A57-92F3-56282997F897}.Debug|ARM.ActiveCfg = Debug|Any CPU
		{F29C989A-ADBC-4A57-92F3-56282997F897}.Debug|ARM.Build.0 = Debug|Any CPU
		{F29C989A-ADBC-4A57-92F3-56282997F897}.Debug|ARM64.ActiveCfg = Debug|Any CPU
		{F29C989A-ADBC-4A57-92F3-56282997F897}.Debug|ARM64.Build.0 = Debug|Any CPU
		{F29C989A-ADBC-4A57-92F3-56282997F897}.Debug|x64.ActiveCfg = Debug|Any CPU
		{F29C989A-ADBC-4A57-92F3-56282997F897}.Debug|x64.Build.0 = Debug|Any CPU
		{F29C989A-ADBC-4A57-92F3-56282997F897}.Debug|x86.ActiveCfg = Debug|Any CPU
		{F29C989A-ADBC-4A57-92F3-56282997F897}.Debug|x86.Build.0 = Debug|Any CPU
		{F29C989A-ADBC-4A57-92F3-56282997F897}.Release|Any CPU.ActiveCfg = Release|Any CPU
		{F29C989A-ADBC-4A57-92F3-56282997F897}.Release|Any CPU.Build.0 = Release|Any CPU
		{F29C989A-ADBC-4A57-92F3-56282997F897}.Release|ARM.ActiveCfg = Release|Any CPU
		{F29C989A-ADBC-4A57-92F3-56282997F897}.Release|ARM.Build.0 = Release|Any CPU
		{F29C989A-ADBC-4A57-92F3-56282997F897}.Release|ARM64.ActiveCfg = Release|Any CPU
		{F29C989A-ADBC-4A57-92F3-56282997F897}.Release|ARM64.Build.0 = Release|Any CPU
		{F29C989A-ADBC-4A57-92F3-56282997F897}.Release|x64.ActiveCfg = Release|Any CPU
		{F29C989A-ADBC-4A57-92F3-56282997F897}.Release|x64.Build.0 = Release|Any CPU
		{F29C989A-ADBC-4A57-92F3-56282997F897}.Release|x86.ActiveCfg = Release|Any CPU
		{F29C989A-ADBC-4A57-92F3-56282997F897}.Release|x86.Build.0 = Release|Any CPU
		{367BA3F0-1B92-4C83-BE8D-1000FD2EEE68}.All|Any CPU.ActiveCfg = Debug|Any CPU
		{367BA3F0-1B92-4C83-BE8D-1000FD2EEE68}.All|Any CPU.Build.0 = Debug|Any CPU
		{367BA3F0-1B92-4C83-BE8D-1000FD2EEE68}.All|ARM.ActiveCfg = Debug|Any CPU
		{367BA3F0-1B92-4C83-BE8D-1000FD2EEE68}.All|ARM.Build.0 = Debug|Any CPU
		{367BA3F0-1B92-4C83-BE8D-1000FD2EEE68}.All|ARM64.ActiveCfg = Debug|Any CPU
		{367BA3F0-1B92-4C83-BE8D-1000FD2EEE68}.All|ARM64.Build.0 = Debug|Any CPU
		{367BA3F0-1B92-4C83-BE8D-1000FD2EEE68}.All|x64.ActiveCfg = Debug|Any CPU
		{367BA3F0-1B92-4C83-BE8D-1000FD2EEE68}.All|x64.Build.0 = Debug|Any CPU
		{367BA3F0-1B92-4C83-BE8D-1000FD2EEE68}.All|x86.ActiveCfg = Debug|Any CPU
		{367BA3F0-1B92-4C83-BE8D-1000FD2EEE68}.All|x86.Build.0 = Debug|Any CPU
		{367BA3F0-1B92-4C83-BE8D-1000FD2EEE68}.Apply Migrations|Any CPU.ActiveCfg = Debug|Any CPU
		{367BA3F0-1B92-4C83-BE8D-1000FD2EEE68}.Apply Migrations|Any CPU.Build.0 = Debug|Any CPU
		{367BA3F0-1B92-4C83-BE8D-1000FD2EEE68}.Apply Migrations|ARM.ActiveCfg = Debug|Any CPU
		{367BA3F0-1B92-4C83-BE8D-1000FD2EEE68}.Apply Migrations|ARM.Build.0 = Debug|Any CPU
		{367BA3F0-1B92-4C83-BE8D-1000FD2EEE68}.Apply Migrations|ARM64.ActiveCfg = Debug|Any CPU
		{367BA3F0-1B92-4C83-BE8D-1000FD2EEE68}.Apply Migrations|ARM64.Build.0 = Debug|Any CPU
		{367BA3F0-1B92-4C83-BE8D-1000FD2EEE68}.Apply Migrations|x64.ActiveCfg = Debug|Any CPU
		{367BA3F0-1B92-4C83-BE8D-1000FD2EEE68}.Apply Migrations|x64.Build.0 = Debug|Any CPU
		{367BA3F0-1B92-4C83-BE8D-1000FD2EEE68}.Apply Migrations|x86.ActiveCfg = Debug|Any CPU
		{367BA3F0-1B92-4C83-BE8D-1000FD2EEE68}.Apply Migrations|x86.Build.0 = Debug|Any CPU
		{367BA3F0-1B92-4C83-BE8D-1000FD2EEE68}.Blazor Release|Any CPU.ActiveCfg = Debug|Any CPU
		{367BA3F0-1B92-4C83-BE8D-1000FD2EEE68}.Blazor Release|Any CPU.Build.0 = Debug|Any CPU
		{367BA3F0-1B92-4C83-BE8D-1000FD2EEE68}.Blazor Release|ARM.ActiveCfg = Debug|Any CPU
		{367BA3F0-1B92-4C83-BE8D-1000FD2EEE68}.Blazor Release|ARM.Build.0 = Debug|Any CPU
		{367BA3F0-1B92-4C83-BE8D-1000FD2EEE68}.Blazor Release|ARM64.ActiveCfg = Debug|Any CPU
		{367BA3F0-1B92-4C83-BE8D-1000FD2EEE68}.Blazor Release|ARM64.Build.0 = Debug|Any CPU
		{367BA3F0-1B92-4C83-BE8D-1000FD2EEE68}.Blazor Release|x64.ActiveCfg = Debug|Any CPU
		{367BA3F0-1B92-4C83-BE8D-1000FD2EEE68}.Blazor Release|x64.Build.0 = Debug|Any CPU
		{367BA3F0-1B92-4C83-BE8D-1000FD2EEE68}.Blazor Release|x86.ActiveCfg = Debug|Any CPU
		{367BA3F0-1B92-4C83-BE8D-1000FD2EEE68}.Blazor Release|x86.Build.0 = Debug|Any CPU
		{367BA3F0-1B92-4C83-BE8D-1000FD2EEE68}.Debug|Any CPU.ActiveCfg = Debug|Any CPU
		{367BA3F0-1B92-4C83-BE8D-1000FD2EEE68}.Debug|Any CPU.Build.0 = Debug|Any CPU
		{367BA3F0-1B92-4C83-BE8D-1000FD2EEE68}.Debug|ARM.ActiveCfg = Debug|Any CPU
		{367BA3F0-1B92-4C83-BE8D-1000FD2EEE68}.Debug|ARM.Build.0 = Debug|Any CPU
		{367BA3F0-1B92-4C83-BE8D-1000FD2EEE68}.Debug|ARM64.ActiveCfg = Debug|Any CPU
		{367BA3F0-1B92-4C83-BE8D-1000FD2EEE68}.Debug|ARM64.Build.0 = Debug|Any CPU
		{367BA3F0-1B92-4C83-BE8D-1000FD2EEE68}.Debug|x64.ActiveCfg = Debug|Any CPU
		{367BA3F0-1B92-4C83-BE8D-1000FD2EEE68}.Debug|x64.Build.0 = Debug|Any CPU
		{367BA3F0-1B92-4C83-BE8D-1000FD2EEE68}.Debug|x86.ActiveCfg = Debug|Any CPU
		{367BA3F0-1B92-4C83-BE8D-1000FD2EEE68}.Debug|x86.Build.0 = Debug|Any CPU
		{367BA3F0-1B92-4C83-BE8D-1000FD2EEE68}.Release|Any CPU.ActiveCfg = Release|Any CPU
		{367BA3F0-1B92-4C83-BE8D-1000FD2EEE68}.Release|Any CPU.Build.0 = Release|Any CPU
		{367BA3F0-1B92-4C83-BE8D-1000FD2EEE68}.Release|ARM.ActiveCfg = Release|Any CPU
		{367BA3F0-1B92-4C83-BE8D-1000FD2EEE68}.Release|ARM.Build.0 = Release|Any CPU
		{367BA3F0-1B92-4C83-BE8D-1000FD2EEE68}.Release|ARM64.ActiveCfg = Release|Any CPU
		{367BA3F0-1B92-4C83-BE8D-1000FD2EEE68}.Release|ARM64.Build.0 = Release|Any CPU
		{367BA3F0-1B92-4C83-BE8D-1000FD2EEE68}.Release|x64.ActiveCfg = Release|Any CPU
		{367BA3F0-1B92-4C83-BE8D-1000FD2EEE68}.Release|x64.Build.0 = Release|Any CPU
		{367BA3F0-1B92-4C83-BE8D-1000FD2EEE68}.Release|x86.ActiveCfg = Release|Any CPU
		{367BA3F0-1B92-4C83-BE8D-1000FD2EEE68}.Release|x86.Build.0 = Release|Any CPU
	EndGlobalSection
	GlobalSection(SolutionProperties) = preSolution
		HideSolutionNode = FALSE
	EndGlobalSection
	GlobalSection(NestedProjects) = preSolution
		{DB776599-0814-4608-AA1B-38234CF65B2B} = {F6FE064A-0421-4DD3-B682-CBD7C936D9E5}
		{0F90928C-4F7B-40C4-9450-7273F02C2135} = {F6FE064A-0421-4DD3-B682-CBD7C936D9E5}
		{207C5C26-E64B-4F11-BDF8-2F8CC0ED613D} = {363DCFA0-F463-4525-84A9-7C25E2948517}
		{689FA3BA-BDEF-48A1-ADEB-661CA8763FE5} = {DE5A386D-BC9A-4FA1-9EAB-36E66C72BC6E}
		{5D65EE49-6DF9-4F82-8002-75DB6BBCAED2} = {DE5A386D-BC9A-4FA1-9EAB-36E66C72BC6E}
		{026BB22A-512A-482E-8A2F-A9B1FAFABD2B} = {F55228AE-1F0F-487D-B7F5-41E0ED19782A}
		{9DDDB100-CBC3-4A7F-B5E5-9A31C53AC716} = {DE5A386D-BC9A-4FA1-9EAB-36E66C72BC6E}
		{37C54DFB-BDD0-4B87-A2DC-7C0B742ECE9B} = {DE5A386D-BC9A-4FA1-9EAB-36E66C72BC6E}
		{9147E489-AC3C-42D3-BFF3-7149F395EC1D} = {DE5A386D-BC9A-4FA1-9EAB-36E66C72BC6E}
		{5C90F422-2B17-4632-B075-3F9BA2624016} = {F55228AE-1F0F-487D-B7F5-41E0ED19782A}
		{20E8C464-D525-43E9-A892-55C2402811CC} = {F55228AE-1F0F-487D-B7F5-41E0ED19782A}
		{CFEF5025-8386-47BD-BB38-4F10547D4BCE} = {84CA8747-3D54-470E-9BA7-2E43D7552FD7}
		{49088F03-044B-4047-B29D-2C521F80AE56} = {84CA8747-3D54-470E-9BA7-2E43D7552FD7}
		{7C320573-50BA-4B00-91DB-E919F5580E51} = {84CA8747-3D54-470E-9BA7-2E43D7552FD7}
		{2AC32420-2606-4518-92DC-3456C9E22188} = {DE5A386D-BC9A-4FA1-9EAB-36E66C72BC6E}
		{9F853BBD-858B-444A-A4EE-52BF37C54EDB} = {3D245451-8A7A-418B-8375-C36C46FDE81E}
		{7AFE0E74-9EE0-4B79-9C2B-6A2D2E7FD69D} = {3D245451-8A7A-418B-8375-C36C46FDE81E}
		{961C38E2-9D48-471C-AD7D-4F5B5BA8406B} = {3D245451-8A7A-418B-8375-C36C46FDE81E}
		{18D1F01A-F3AC-4544-8938-C7E85C6C0EFC} = {3D245451-8A7A-418B-8375-C36C46FDE81E}
		{F29C989A-ADBC-4A57-92F3-56282997F897} = {3D245451-8A7A-418B-8375-C36C46FDE81E}
		{367BA3F0-1B92-4C83-BE8D-1000FD2EEE68} = {3D245451-8A7A-418B-8375-C36C46FDE81E}
	EndGlobalSection
	GlobalSection(ExtensibilityGlobals) = postSolution
		SolutionGuid = {7548869C-04B6-4F88-A5AF-48310959D2D3}
	EndGlobalSection
	GlobalSection(NDepend) = preSolution
		Project = ".\Pamaxie5.ndproj"
	EndGlobalSection
EndGlobal
