Microsoft Visual Studio Solution File, Format Version 12.00
# Visual Studio Version 17
VisualStudioVersion = 17.0.31717.71
MinimumVisualStudioVersion = 10.0.40219.1
Project("{2150E333-8FDC-42A3-9474-1A3956D46DE8}") = "Assemblies", "Assemblies", "{F55228AE-1F0F-487D-B7F5-41E0ED19782A}"
EndProject
Project("{2150E333-8FDC-42A3-9474-1A3956D46DE8}") = "Testing", "Testing", "{DE5A386D-BC9A-4FA1-9EAB-36E66C72BC6E}"
EndProject
Project("{9A19103F-16F7-4668-BE54-9A1E7A4F7556}") = "Pamaxie.MediaDetection", "Assemblies\Pamaxie.MediaDetection\Pamaxie.MediaDetection.csproj", "{026BB22A-512A-482E-8A2F-A9B1FAFABD2B}"
EndProject
Project("{9A19103F-16F7-4668-BE54-9A1E7A4F7556}") = "Pamaxie.ImageProcessing", "Assemblies\Pamaxie.ImageProcessing\Pamaxie.ImageProcessing.csproj", "{5C90F422-2B17-4632-B075-3F9BA2624016}"
EndProject
Project("{9A19103F-16F7-4668-BE54-9A1E7A4F7556}") = "Test.Base", "Testing\Test.Base\Test.Base.csproj", "{2AC32420-2606-4518-92DC-3456C9E22188}"
EndProject
Project("{9A19103F-16F7-4668-BE54-9A1E7A4F7556}") = "Pamaxie.Client", "Pamaxie.Client\Pamaxie.Client.csproj", "{18D1F01A-F3AC-4544-8938-C7E85C6C0EFC}"
EndProject
Project("{9A19103F-16F7-4668-BE54-9A1E7A4F7556}") = "Pamaxie.Authentication", "Assemblies\Pamaxie.Authentication\Pamaxie.Authentication.csproj", "{2DF05DB5-3792-468D-B93B-62DD68DF2C52}"
EndProject
Project("{9A19103F-16F7-4668-BE54-9A1E7A4F7556}") = "Test.Pamaxie.Jwt", "Testing\Assemblies\Test.Pamaxie.Jwt\Test.Pamaxie.Jwt.csproj", "{91285A1D-499F-4733-AC9F-F98897E2D613}"
EndProject
Project("{9A19103F-16F7-4668-BE54-9A1E7A4F7556}") = "Test.Pamaxie.ImageProcessing", "Testing\Assemblies\Test.Pamaxie.ImageProcessing\Test.Pamaxie.ImageProcessing.csproj", "{649112B8-98D0-430B-8768-85CAD2EE4FB4}"
EndProject
Project("{9A19103F-16F7-4668-BE54-9A1E7A4F7556}") = "Test.Pamaxie.MediaDetection", "Testing\Assemblies\Test.Pamaxie.MediaDetection\Test.Pamaxie.MediaDetection.csproj", "{3846654F-6A61-4897-95FC-0318F73E7C2E}"
EndProject
Project("{9A19103F-16F7-4668-BE54-9A1E7A4F7556}") = "Pamaxie.Helpers", "Assemblies\Pamaxie.Helpers\Pamaxie.Helpers.csproj", "{CE4BDA1D-39D3-4D15-AB02-D1D775EEA60C}"
EndProject
Project("{2150E333-8FDC-42A3-9474-1A3956D46DE8}") = "Assemblies", "Assemblies", "{FA341046-5872-4C5D-A5F6-AA046316647E}"
EndProject
Global
	GlobalSection(SolutionConfigurationPlatforms) = preSolution
		All|Any CPU = All|Any CPU
		All|ARM = All|ARM
		All|ARM64 = All|ARM64
		All|x64 = All|x64
		All|x86 = All|x86
		Apply Migrations|Any CPU = Apply Migrations|Any CPU
		Apply Migrations|ARM = Apply Migrations|ARM
		Apply Migrations|ARM64 = Apply Migrations|ARM64
		Apply Migrations|x64 = Apply Migrations|x64
		Apply Migrations|x86 = Apply Migrations|x86
		Blazor Release|Any CPU = Blazor Release|Any CPU
		Blazor Release|ARM = Blazor Release|ARM
		Blazor Release|ARM64 = Blazor Release|ARM64
		Blazor Release|x64 = Blazor Release|x64
		Blazor Release|x86 = Blazor Release|x86
		Debug|Any CPU = Debug|Any CPU
		Debug|ARM = Debug|ARM
		Debug|ARM64 = Debug|ARM64
		Debug|x64 = Debug|x64
		Debug|x86 = Debug|x86
		Release|Any CPU = Release|Any CPU
		Release|ARM = Release|ARM
		Release|ARM64 = Release|ARM64
		Release|x64 = Release|x64
		Release|x86 = Release|x86
	EndGlobalSection
	GlobalSection(ProjectConfigurationPlatforms) = postSolution
		{026BB22A-512A-482E-8A2F-A9B1FAFABD2B}.All|Any CPU.ActiveCfg = Debug|Any CPU
		{026BB22A-512A-482E-8A2F-A9B1FAFABD2B}.All|Any CPU.Build.0 = Debug|Any CPU
		{026BB22A-512A-482E-8A2F-A9B1FAFABD2B}.All|ARM.ActiveCfg = Debug|Any CPU
		{026BB22A-512A-482E-8A2F-A9B1FAFABD2B}.All|ARM.Build.0 = Debug|Any CPU
		{026BB22A-512A-482E-8A2F-A9B1FAFABD2B}.All|ARM64.ActiveCfg = Debug|Any CPU
		{026BB22A-512A-482E-8A2F-A9B1FAFABD2B}.All|ARM64.Build.0 = Debug|Any CPU
		{026BB22A-512A-482E-8A2F-A9B1FAFABD2B}.All|x64.ActiveCfg = Debug|Any CPU
		{026BB22A-512A-482E-8A2F-A9B1FAFABD2B}.All|x64.Build.0 = Debug|Any CPU
		{026BB22A-512A-482E-8A2F-A9B1FAFABD2B}.All|x86.ActiveCfg = Debug|Any CPU
		{026BB22A-512A-482E-8A2F-A9B1FAFABD2B}.All|x86.Build.0 = Debug|Any CPU
		{026BB22A-512A-482E-8A2F-A9B1FAFABD2B}.Apply Migrations|Any CPU.ActiveCfg = Debug|Any CPU
		{026BB22A-512A-482E-8A2F-A9B1FAFABD2B}.Apply Migrations|Any CPU.Build.0 = Debug|Any CPU
		{026BB22A-512A-482E-8A2F-A9B1FAFABD2B}.Apply Migrations|ARM.ActiveCfg = Debug|Any CPU
		{026BB22A-512A-482E-8A2F-A9B1FAFABD2B}.Apply Migrations|ARM.Build.0 = Debug|Any CPU
		{026BB22A-512A-482E-8A2F-A9B1FAFABD2B}.Apply Migrations|ARM64.ActiveCfg = Debug|Any CPU
		{026BB22A-512A-482E-8A2F-A9B1FAFABD2B}.Apply Migrations|ARM64.Build.0 = Debug|Any CPU
		{026BB22A-512A-482E-8A2F-A9B1FAFABD2B}.Apply Migrations|x64.ActiveCfg = Debug|Any CPU
		{026BB22A-512A-482E-8A2F-A9B1FAFABD2B}.Apply Migrations|x64.Build.0 = Debug|Any CPU
		{026BB22A-512A-482E-8A2F-A9B1FAFABD2B}.Apply Migrations|x86.ActiveCfg = Debug|Any CPU
		{026BB22A-512A-482E-8A2F-A9B1FAFABD2B}.Apply Migrations|x86.Build.0 = Debug|Any CPU
		{026BB22A-512A-482E-8A2F-A9B1FAFABD2B}.Blazor Release|Any CPU.ActiveCfg = Debug|Any CPU
		{026BB22A-512A-482E-8A2F-A9B1FAFABD2B}.Blazor Release|Any CPU.Build.0 = Debug|Any CPU
		{026BB22A-512A-482E-8A2F-A9B1FAFABD2B}.Blazor Release|ARM.ActiveCfg = Debug|Any CPU
		{026BB22A-512A-482E-8A2F-A9B1FAFABD2B}.Blazor Release|ARM.Build.0 = Debug|Any CPU
		{026BB22A-512A-482E-8A2F-A9B1FAFABD2B}.Blazor Release|ARM64.ActiveCfg = Debug|Any CPU
		{026BB22A-512A-482E-8A2F-A9B1FAFABD2B}.Blazor Release|ARM64.Build.0 = Debug|Any CPU
		{026BB22A-512A-482E-8A2F-A9B1FAFABD2B}.Blazor Release|x64.ActiveCfg = Debug|Any CPU
		{026BB22A-512A-482E-8A2F-A9B1FAFABD2B}.Blazor Release|x64.Build.0 = Debug|Any CPU
		{026BB22A-512A-482E-8A2F-A9B1FAFABD2B}.Blazor Release|x86.ActiveCfg = Debug|Any CPU
		{026BB22A-512A-482E-8A2F-A9B1FAFABD2B}.Blazor Release|x86.Build.0 = Debug|Any CPU
		{026BB22A-512A-482E-8A2F-A9B1FAFABD2B}.Debug|Any CPU.ActiveCfg = Debug|Any CPU
		{026BB22A-512A-482E-8A2F-A9B1FAFABD2B}.Debug|Any CPU.Build.0 = Debug|Any CPU
		{026BB22A-512A-482E-8A2F-A9B1FAFABD2B}.Debug|ARM.ActiveCfg = Debug|Any CPU
		{026BB22A-512A-482E-8A2F-A9B1FAFABD2B}.Debug|ARM.Build.0 = Debug|Any CPU
		{026BB22A-512A-482E-8A2F-A9B1FAFABD2B}.Debug|ARM64.ActiveCfg = Debug|Any CPU
		{026BB22A-512A-482E-8A2F-A9B1FAFABD2B}.Debug|ARM64.Build.0 = Debug|Any CPU
		{026BB22A-512A-482E-8A2F-A9B1FAFABD2B}.Debug|x64.ActiveCfg = Debug|Any CPU
		{026BB22A-512A-482E-8A2F-A9B1FAFABD2B}.Debug|x64.Build.0 = Debug|Any CPU
		{026BB22A-512A-482E-8A2F-A9B1FAFABD2B}.Debug|x86.ActiveCfg = Debug|Any CPU
		{026BB22A-512A-482E-8A2F-A9B1FAFABD2B}.Debug|x86.Build.0 = Debug|Any CPU
		{026BB22A-512A-482E-8A2F-A9B1FAFABD2B}.Release|Any CPU.ActiveCfg = Release|Any CPU
		{026BB22A-512A-482E-8A2F-A9B1FAFABD2B}.Release|Any CPU.Build.0 = Release|Any CPU
		{026BB22A-512A-482E-8A2F-A9B1FAFABD2B}.Release|ARM.ActiveCfg = Release|Any CPU
		{026BB22A-512A-482E-8A2F-A9B1FAFABD2B}.Release|ARM.Build.0 = Release|Any CPU
		{026BB22A-512A-482E-8A2F-A9B1FAFABD2B}.Release|ARM64.ActiveCfg = Release|Any CPU
		{026BB22A-512A-482E-8A2F-A9B1FAFABD2B}.Release|ARM64.Build.0 = Release|Any CPU
		{026BB22A-512A-482E-8A2F-A9B1FAFABD2B}.Release|x64.ActiveCfg = Release|Any CPU
		{026BB22A-512A-482E-8A2F-A9B1FAFABD2B}.Release|x64.Build.0 = Release|Any CPU
		{026BB22A-512A-482E-8A2F-A9B1FAFABD2B}.Release|x86.ActiveCfg = Release|Any CPU
		{026BB22A-512A-482E-8A2F-A9B1FAFABD2B}.Release|x86.Build.0 = Release|Any CPU
		{5C90F422-2B17-4632-B075-3F9BA2624016}.All|Any CPU.ActiveCfg = Debug|Any CPU
		{5C90F422-2B17-4632-B075-3F9BA2624016}.All|Any CPU.Build.0 = Debug|Any CPU
		{5C90F422-2B17-4632-B075-3F9BA2624016}.All|ARM.ActiveCfg = Debug|Any CPU
		{5C90F422-2B17-4632-B075-3F9BA2624016}.All|ARM.Build.0 = Debug|Any CPU
		{5C90F422-2B17-4632-B075-3F9BA2624016}.All|ARM64.ActiveCfg = Debug|Any CPU
		{5C90F422-2B17-4632-B075-3F9BA2624016}.All|ARM64.Build.0 = Debug|Any CPU
		{5C90F422-2B17-4632-B075-3F9BA2624016}.All|x64.ActiveCfg = Debug|Any CPU
		{5C90F422-2B17-4632-B075-3F9BA2624016}.All|x64.Build.0 = Debug|Any CPU
		{5C90F422-2B17-4632-B075-3F9BA2624016}.All|x86.ActiveCfg = Debug|Any CPU
		{5C90F422-2B17-4632-B075-3F9BA2624016}.All|x86.Build.0 = Debug|Any CPU
		{5C90F422-2B17-4632-B075-3F9BA2624016}.Apply Migrations|Any CPU.ActiveCfg = Debug|Any CPU
		{5C90F422-2B17-4632-B075-3F9BA2624016}.Apply Migrations|Any CPU.Build.0 = Debug|Any CPU
		{5C90F422-2B17-4632-B075-3F9BA2624016}.Apply Migrations|ARM.ActiveCfg = Debug|Any CPU
		{5C90F422-2B17-4632-B075-3F9BA2624016}.Apply Migrations|ARM.Build.0 = Debug|Any CPU
		{5C90F422-2B17-4632-B075-3F9BA2624016}.Apply Migrations|ARM64.ActiveCfg = Debug|Any CPU
		{5C90F422-2B17-4632-B075-3F9BA2624016}.Apply Migrations|ARM64.Build.0 = Debug|Any CPU
		{5C90F422-2B17-4632-B075-3F9BA2624016}.Apply Migrations|x64.ActiveCfg = Debug|Any CPU
		{5C90F422-2B17-4632-B075-3F9BA2624016}.Apply Migrations|x64.Build.0 = Debug|Any CPU
		{5C90F422-2B17-4632-B075-3F9BA2624016}.Apply Migrations|x86.ActiveCfg = Debug|Any CPU
		{5C90F422-2B17-4632-B075-3F9BA2624016}.Apply Migrations|x86.Build.0 = Debug|Any CPU
		{5C90F422-2B17-4632-B075-3F9BA2624016}.Blazor Release|Any CPU.ActiveCfg = Debug|Any CPU
		{5C90F422-2B17-4632-B075-3F9BA2624016}.Blazor Release|Any CPU.Build.0 = Debug|Any CPU
		{5C90F422-2B17-4632-B075-3F9BA2624016}.Blazor Release|ARM.ActiveCfg = Debug|Any CPU
		{5C90F422-2B17-4632-B075-3F9BA2624016}.Blazor Release|ARM.Build.0 = Debug|Any CPU
		{5C90F422-2B17-4632-B075-3F9BA2624016}.Blazor Release|ARM64.ActiveCfg = Debug|Any CPU
		{5C90F422-2B17-4632-B075-3F9BA2624016}.Blazor Release|ARM64.Build.0 = Debug|Any CPU
		{5C90F422-2B17-4632-B075-3F9BA2624016}.Blazor Release|x64.ActiveCfg = Debug|Any CPU
		{5C90F422-2B17-4632-B075-3F9BA2624016}.Blazor Release|x64.Build.0 = Debug|Any CPU
		{5C90F422-2B17-4632-B075-3F9BA2624016}.Blazor Release|x86.ActiveCfg = Debug|Any CPU
		{5C90F422-2B17-4632-B075-3F9BA2624016}.Blazor Release|x86.Build.0 = Debug|Any CPU
		{5C90F422-2B17-4632-B075-3F9BA2624016}.Debug|Any CPU.ActiveCfg = Debug|Any CPU
		{5C90F422-2B17-4632-B075-3F9BA2624016}.Debug|Any CPU.Build.0 = Debug|Any CPU
		{5C90F422-2B17-4632-B075-3F9BA2624016}.Debug|ARM.ActiveCfg = Debug|Any CPU
		{5C90F422-2B17-4632-B075-3F9BA2624016}.Debug|ARM.Build.0 = Debug|Any CPU
		{5C90F422-2B17-4632-B075-3F9BA2624016}.Debug|ARM64.ActiveCfg = Debug|Any CPU
		{5C90F422-2B17-4632-B075-3F9BA2624016}.Debug|ARM64.Build.0 = Debug|Any CPU
		{5C90F422-2B17-4632-B075-3F9BA2624016}.Debug|x64.ActiveCfg = Debug|Any CPU
		{5C90F422-2B17-4632-B075-3F9BA2624016}.Debug|x64.Build.0 = Debug|Any CPU
		{5C90F422-2B17-4632-B075-3F9BA2624016}.Debug|x86.ActiveCfg = Debug|Any CPU
		{5C90F422-2B17-4632-B075-3F9BA2624016}.Debug|x86.Build.0 = Debug|Any CPU
		{5C90F422-2B17-4632-B075-3F9BA2624016}.Release|Any CPU.ActiveCfg = Release|Any CPU
		{5C90F422-2B17-4632-B075-3F9BA2624016}.Release|Any CPU.Build.0 = Release|Any CPU
		{5C90F422-2B17-4632-B075-3F9BA2624016}.Release|ARM.ActiveCfg = Release|Any CPU
		{5C90F422-2B17-4632-B075-3F9BA2624016}.Release|ARM.Build.0 = Release|Any CPU
		{5C90F422-2B17-4632-B075-3F9BA2624016}.Release|ARM64.ActiveCfg = Release|Any CPU
		{5C90F422-2B17-4632-B075-3F9BA2624016}.Release|ARM64.Build.0 = Release|Any CPU
		{5C90F422-2B17-4632-B075-3F9BA2624016}.Release|x64.ActiveCfg = Release|Any CPU
		{5C90F422-2B17-4632-B075-3F9BA2624016}.Release|x64.Build.0 = Release|Any CPU
		{5C90F422-2B17-4632-B075-3F9BA2624016}.Release|x86.ActiveCfg = Release|Any CPU
		{5C90F422-2B17-4632-B075-3F9BA2624016}.Release|x86.Build.0 = Release|Any CPU
		{2AC32420-2606-4518-92DC-3456C9E22188}.All|Any CPU.ActiveCfg = Debug|Any CPU
		{2AC32420-2606-4518-92DC-3456C9E22188}.All|Any CPU.Build.0 = Debug|Any CPU
		{2AC32420-2606-4518-92DC-3456C9E22188}.All|ARM.ActiveCfg = Debug|Any CPU
		{2AC32420-2606-4518-92DC-3456C9E22188}.All|ARM.Build.0 = Debug|Any CPU
		{2AC32420-2606-4518-92DC-3456C9E22188}.All|ARM64.ActiveCfg = Debug|Any CPU
		{2AC32420-2606-4518-92DC-3456C9E22188}.All|ARM64.Build.0 = Debug|Any CPU
		{2AC32420-2606-4518-92DC-3456C9E22188}.All|x64.ActiveCfg = Debug|Any CPU
		{2AC32420-2606-4518-92DC-3456C9E22188}.All|x64.Build.0 = Debug|Any CPU
		{2AC32420-2606-4518-92DC-3456C9E22188}.All|x86.ActiveCfg = Debug|Any CPU
		{2AC32420-2606-4518-92DC-3456C9E22188}.All|x86.Build.0 = Debug|Any CPU
		{2AC32420-2606-4518-92DC-3456C9E22188}.Apply Migrations|Any CPU.ActiveCfg = Debug|Any CPU
		{2AC32420-2606-4518-92DC-3456C9E22188}.Apply Migrations|Any CPU.Build.0 = Debug|Any CPU
		{2AC32420-2606-4518-92DC-3456C9E22188}.Apply Migrations|ARM.ActiveCfg = Debug|Any CPU
		{2AC32420-2606-4518-92DC-3456C9E22188}.Apply Migrations|ARM.Build.0 = Debug|Any CPU
		{2AC32420-2606-4518-92DC-3456C9E22188}.Apply Migrations|ARM64.ActiveCfg = Debug|Any CPU
		{2AC32420-2606-4518-92DC-3456C9E22188}.Apply Migrations|ARM64.Build.0 = Debug|Any CPU
		{2AC32420-2606-4518-92DC-3456C9E22188}.Apply Migrations|x64.ActiveCfg = Debug|Any CPU
		{2AC32420-2606-4518-92DC-3456C9E22188}.Apply Migrations|x64.Build.0 = Debug|Any CPU
		{2AC32420-2606-4518-92DC-3456C9E22188}.Apply Migrations|x86.ActiveCfg = Debug|Any CPU
		{2AC32420-2606-4518-92DC-3456C9E22188}.Apply Migrations|x86.Build.0 = Debug|Any CPU
		{2AC32420-2606-4518-92DC-3456C9E22188}.Blazor Release|Any CPU.ActiveCfg = Debug|Any CPU
		{2AC32420-2606-4518-92DC-3456C9E22188}.Blazor Release|Any CPU.Build.0 = Debug|Any CPU
		{2AC32420-2606-4518-92DC-3456C9E22188}.Blazor Release|ARM.ActiveCfg = Debug|Any CPU
		{2AC32420-2606-4518-92DC-3456C9E22188}.Blazor Release|ARM.Build.0 = Debug|Any CPU
		{2AC32420-2606-4518-92DC-3456C9E22188}.Blazor Release|ARM64.ActiveCfg = Debug|Any CPU
		{2AC32420-2606-4518-92DC-3456C9E22188}.Blazor Release|ARM64.Build.0 = Debug|Any CPU
		{2AC32420-2606-4518-92DC-3456C9E22188}.Blazor Release|x64.ActiveCfg = Debug|Any CPU
		{2AC32420-2606-4518-92DC-3456C9E22188}.Blazor Release|x64.Build.0 = Debug|Any CPU
		{2AC32420-2606-4518-92DC-3456C9E22188}.Blazor Release|x86.ActiveCfg = Debug|Any CPU
		{2AC32420-2606-4518-92DC-3456C9E22188}.Blazor Release|x86.Build.0 = Debug|Any CPU
		{2AC32420-2606-4518-92DC-3456C9E22188}.Debug|Any CPU.ActiveCfg = Debug|Any CPU
		{2AC32420-2606-4518-92DC-3456C9E22188}.Debug|Any CPU.Build.0 = Debug|Any CPU
		{2AC32420-2606-4518-92DC-3456C9E22188}.Debug|ARM.ActiveCfg = Debug|Any CPU
		{2AC32420-2606-4518-92DC-3456C9E22188}.Debug|ARM.Build.0 = Debug|Any CPU
		{2AC32420-2606-4518-92DC-3456C9E22188}.Debug|ARM64.ActiveCfg = Debug|Any CPU
		{2AC32420-2606-4518-92DC-3456C9E22188}.Debug|ARM64.Build.0 = Debug|Any CPU
		{2AC32420-2606-4518-92DC-3456C9E22188}.Debug|x64.ActiveCfg = Debug|Any CPU
		{2AC32420-2606-4518-92DC-3456C9E22188}.Debug|x64.Build.0 = Debug|Any CPU
		{2AC32420-2606-4518-92DC-3456C9E22188}.Debug|x86.ActiveCfg = Debug|Any CPU
		{2AC32420-2606-4518-92DC-3456C9E22188}.Debug|x86.Build.0 = Debug|Any CPU
		{2AC32420-2606-4518-92DC-3456C9E22188}.Release|Any CPU.ActiveCfg = Release|Any CPU
		{2AC32420-2606-4518-92DC-3456C9E22188}.Release|Any CPU.Build.0 = Release|Any CPU
		{2AC32420-2606-4518-92DC-3456C9E22188}.Release|ARM.ActiveCfg = Release|Any CPU
		{2AC32420-2606-4518-92DC-3456C9E22188}.Release|ARM.Build.0 = Release|Any CPU
		{2AC32420-2606-4518-92DC-3456C9E22188}.Release|ARM64.ActiveCfg = Release|Any CPU
		{2AC32420-2606-4518-92DC-3456C9E22188}.Release|ARM64.Build.0 = Release|Any CPU
		{2AC32420-2606-4518-92DC-3456C9E22188}.Release|x64.ActiveCfg = Release|Any CPU
		{2AC32420-2606-4518-92DC-3456C9E22188}.Release|x64.Build.0 = Release|Any CPU
		{2AC32420-2606-4518-92DC-3456C9E22188}.Release|x86.ActiveCfg = Release|Any CPU
		{2AC32420-2606-4518-92DC-3456C9E22188}.Release|x86.Build.0 = Release|Any CPU
		{18D1F01A-F3AC-4544-8938-C7E85C6C0EFC}.All|Any CPU.ActiveCfg = Debug|Any CPU
		{18D1F01A-F3AC-4544-8938-C7E85C6C0EFC}.All|Any CPU.Build.0 = Debug|Any CPU
		{18D1F01A-F3AC-4544-8938-C7E85C6C0EFC}.All|ARM.ActiveCfg = Debug|Any CPU
		{18D1F01A-F3AC-4544-8938-C7E85C6C0EFC}.All|ARM.Build.0 = Debug|Any CPU
		{18D1F01A-F3AC-4544-8938-C7E85C6C0EFC}.All|ARM64.ActiveCfg = Debug|Any CPU
		{18D1F01A-F3AC-4544-8938-C7E85C6C0EFC}.All|ARM64.Build.0 = Debug|Any CPU
		{18D1F01A-F3AC-4544-8938-C7E85C6C0EFC}.All|x64.ActiveCfg = Debug|Any CPU
		{18D1F01A-F3AC-4544-8938-C7E85C6C0EFC}.All|x64.Build.0 = Debug|Any CPU
		{18D1F01A-F3AC-4544-8938-C7E85C6C0EFC}.All|x86.ActiveCfg = Debug|Any CPU
		{18D1F01A-F3AC-4544-8938-C7E85C6C0EFC}.All|x86.Build.0 = Debug|Any CPU
		{18D1F01A-F3AC-4544-8938-C7E85C6C0EFC}.Apply Migrations|Any CPU.ActiveCfg = Debug|Any CPU
		{18D1F01A-F3AC-4544-8938-C7E85C6C0EFC}.Apply Migrations|Any CPU.Build.0 = Debug|Any CPU
		{18D1F01A-F3AC-4544-8938-C7E85C6C0EFC}.Apply Migrations|ARM.ActiveCfg = Debug|Any CPU
		{18D1F01A-F3AC-4544-8938-C7E85C6C0EFC}.Apply Migrations|ARM.Build.0 = Debug|Any CPU
		{18D1F01A-F3AC-4544-8938-C7E85C6C0EFC}.Apply Migrations|ARM64.ActiveCfg = Debug|Any CPU
		{18D1F01A-F3AC-4544-8938-C7E85C6C0EFC}.Apply Migrations|ARM64.Build.0 = Debug|Any CPU
		{18D1F01A-F3AC-4544-8938-C7E85C6C0EFC}.Apply Migrations|x64.ActiveCfg = Debug|Any CPU
		{18D1F01A-F3AC-4544-8938-C7E85C6C0EFC}.Apply Migrations|x64.Build.0 = Debug|Any CPU
		{18D1F01A-F3AC-4544-8938-C7E85C6C0EFC}.Apply Migrations|x86.ActiveCfg = Debug|Any CPU
		{18D1F01A-F3AC-4544-8938-C7E85C6C0EFC}.Apply Migrations|x86.Build.0 = Debug|Any CPU
		{18D1F01A-F3AC-4544-8938-C7E85C6C0EFC}.Blazor Release|Any CPU.ActiveCfg = Debug|Any CPU
		{18D1F01A-F3AC-4544-8938-C7E85C6C0EFC}.Blazor Release|Any CPU.Build.0 = Debug|Any CPU
		{18D1F01A-F3AC-4544-8938-C7E85C6C0EFC}.Blazor Release|ARM.ActiveCfg = Debug|Any CPU
		{18D1F01A-F3AC-4544-8938-C7E85C6C0EFC}.Blazor Release|ARM.Build.0 = Debug|Any CPU
		{18D1F01A-F3AC-4544-8938-C7E85C6C0EFC}.Blazor Release|ARM64.ActiveCfg = Debug|Any CPU
		{18D1F01A-F3AC-4544-8938-C7E85C6C0EFC}.Blazor Release|ARM64.Build.0 = Debug|Any CPU
		{18D1F01A-F3AC-4544-8938-C7E85C6C0EFC}.Blazor Release|x64.ActiveCfg = Debug|Any CPU
		{18D1F01A-F3AC-4544-8938-C7E85C6C0EFC}.Blazor Release|x64.Build.0 = Debug|Any CPU
		{18D1F01A-F3AC-4544-8938-C7E85C6C0EFC}.Blazor Release|x86.ActiveCfg = Debug|Any CPU
		{18D1F01A-F3AC-4544-8938-C7E85C6C0EFC}.Blazor Release|x86.Build.0 = Debug|Any CPU
		{18D1F01A-F3AC-4544-8938-C7E85C6C0EFC}.Debug|Any CPU.ActiveCfg = Debug|Any CPU
		{18D1F01A-F3AC-4544-8938-C7E85C6C0EFC}.Debug|Any CPU.Build.0 = Debug|Any CPU
		{18D1F01A-F3AC-4544-8938-C7E85C6C0EFC}.Debug|ARM.ActiveCfg = Debug|Any CPU
		{18D1F01A-F3AC-4544-8938-C7E85C6C0EFC}.Debug|ARM.Build.0 = Debug|Any CPU
		{18D1F01A-F3AC-4544-8938-C7E85C6C0EFC}.Debug|ARM64.ActiveCfg = Debug|Any CPU
		{18D1F01A-F3AC-4544-8938-C7E85C6C0EFC}.Debug|ARM64.Build.0 = Debug|Any CPU
		{18D1F01A-F3AC-4544-8938-C7E85C6C0EFC}.Debug|x64.ActiveCfg = Debug|Any CPU
		{18D1F01A-F3AC-4544-8938-C7E85C6C0EFC}.Debug|x64.Build.0 = Debug|Any CPU
		{18D1F01A-F3AC-4544-8938-C7E85C6C0EFC}.Debug|x86.ActiveCfg = Debug|Any CPU
		{18D1F01A-F3AC-4544-8938-C7E85C6C0EFC}.Debug|x86.Build.0 = Debug|Any CPU
		{18D1F01A-F3AC-4544-8938-C7E85C6C0EFC}.Release|Any CPU.ActiveCfg = Release|Any CPU
		{18D1F01A-F3AC-4544-8938-C7E85C6C0EFC}.Release|Any CPU.Build.0 = Release|Any CPU
		{18D1F01A-F3AC-4544-8938-C7E85C6C0EFC}.Release|ARM.ActiveCfg = Release|Any CPU
		{18D1F01A-F3AC-4544-8938-C7E85C6C0EFC}.Release|ARM.Build.0 = Release|Any CPU
		{18D1F01A-F3AC-4544-8938-C7E85C6C0EFC}.Release|ARM64.ActiveCfg = Release|Any CPU
		{18D1F01A-F3AC-4544-8938-C7E85C6C0EFC}.Release|ARM64.Build.0 = Release|Any CPU
		{18D1F01A-F3AC-4544-8938-C7E85C6C0EFC}.Release|x64.ActiveCfg = Release|Any CPU
		{18D1F01A-F3AC-4544-8938-C7E85C6C0EFC}.Release|x64.Build.0 = Release|Any CPU
		{18D1F01A-F3AC-4544-8938-C7E85C6C0EFC}.Release|x86.ActiveCfg = Release|Any CPU
		{18D1F01A-F3AC-4544-8938-C7E85C6C0EFC}.Release|x86.Build.0 = Release|Any CPU
		{2DF05DB5-3792-468D-B93B-62DD68DF2C52}.All|Any CPU.ActiveCfg = Debug|Any CPU
		{2DF05DB5-3792-468D-B93B-62DD68DF2C52}.All|Any CPU.Build.0 = Debug|Any CPU
		{2DF05DB5-3792-468D-B93B-62DD68DF2C52}.All|ARM.ActiveCfg = Debug|Any CPU
		{2DF05DB5-3792-468D-B93B-62DD68DF2C52}.All|ARM.Build.0 = Debug|Any CPU
		{2DF05DB5-3792-468D-B93B-62DD68DF2C52}.All|ARM64.ActiveCfg = Debug|Any CPU
		{2DF05DB5-3792-468D-B93B-62DD68DF2C52}.All|ARM64.Build.0 = Debug|Any CPU
		{2DF05DB5-3792-468D-B93B-62DD68DF2C52}.All|x64.ActiveCfg = Debug|Any CPU
		{2DF05DB5-3792-468D-B93B-62DD68DF2C52}.All|x64.Build.0 = Debug|Any CPU
		{2DF05DB5-3792-468D-B93B-62DD68DF2C52}.All|x86.ActiveCfg = Debug|Any CPU
		{2DF05DB5-3792-468D-B93B-62DD68DF2C52}.All|x86.Build.0 = Debug|Any CPU
		{2DF05DB5-3792-468D-B93B-62DD68DF2C52}.Apply Migrations|Any CPU.ActiveCfg = Debug|Any CPU
		{2DF05DB5-3792-468D-B93B-62DD68DF2C52}.Apply Migrations|Any CPU.Build.0 = Debug|Any CPU
		{2DF05DB5-3792-468D-B93B-62DD68DF2C52}.Apply Migrations|ARM.ActiveCfg = Debug|Any CPU
		{2DF05DB5-3792-468D-B93B-62DD68DF2C52}.Apply Migrations|ARM.Build.0 = Debug|Any CPU
		{2DF05DB5-3792-468D-B93B-62DD68DF2C52}.Apply Migrations|ARM64.ActiveCfg = Debug|Any CPU
		{2DF05DB5-3792-468D-B93B-62DD68DF2C52}.Apply Migrations|ARM64.Build.0 = Debug|Any CPU
		{2DF05DB5-3792-468D-B93B-62DD68DF2C52}.Apply Migrations|x64.ActiveCfg = Debug|Any CPU
		{2DF05DB5-3792-468D-B93B-62DD68DF2C52}.Apply Migrations|x64.Build.0 = Debug|Any CPU
		{2DF05DB5-3792-468D-B93B-62DD68DF2C52}.Apply Migrations|x86.ActiveCfg = Debug|Any CPU
		{2DF05DB5-3792-468D-B93B-62DD68DF2C52}.Apply Migrations|x86.Build.0 = Debug|Any CPU
		{2DF05DB5-3792-468D-B93B-62DD68DF2C52}.Blazor Release|Any CPU.ActiveCfg = Release|Any CPU
		{2DF05DB5-3792-468D-B93B-62DD68DF2C52}.Blazor Release|Any CPU.Build.0 = Release|Any CPU
		{2DF05DB5-3792-468D-B93B-62DD68DF2C52}.Blazor Release|ARM.ActiveCfg = Release|Any CPU
		{2DF05DB5-3792-468D-B93B-62DD68DF2C52}.Blazor Release|ARM.Build.0 = Release|Any CPU
		{2DF05DB5-3792-468D-B93B-62DD68DF2C52}.Blazor Release|ARM64.ActiveCfg = Release|Any CPU
		{2DF05DB5-3792-468D-B93B-62DD68DF2C52}.Blazor Release|ARM64.Build.0 = Release|Any CPU
		{2DF05DB5-3792-468D-B93B-62DD68DF2C52}.Blazor Release|x64.ActiveCfg = Release|Any CPU
		{2DF05DB5-3792-468D-B93B-62DD68DF2C52}.Blazor Release|x64.Build.0 = Release|Any CPU
		{2DF05DB5-3792-468D-B93B-62DD68DF2C52}.Blazor Release|x86.ActiveCfg = Release|Any CPU
		{2DF05DB5-3792-468D-B93B-62DD68DF2C52}.Blazor Release|x86.Build.0 = Release|Any CPU
		{2DF05DB5-3792-468D-B93B-62DD68DF2C52}.Debug|Any CPU.ActiveCfg = Debug|Any CPU
		{2DF05DB5-3792-468D-B93B-62DD68DF2C52}.Debug|Any CPU.Build.0 = Debug|Any CPU
		{2DF05DB5-3792-468D-B93B-62DD68DF2C52}.Debug|ARM.ActiveCfg = Debug|Any CPU
		{2DF05DB5-3792-468D-B93B-62DD68DF2C52}.Debug|ARM.Build.0 = Debug|Any CPU
		{2DF05DB5-3792-468D-B93B-62DD68DF2C52}.Debug|ARM64.ActiveCfg = Debug|Any CPU
		{2DF05DB5-3792-468D-B93B-62DD68DF2C52}.Debug|ARM64.Build.0 = Debug|Any CPU
		{2DF05DB5-3792-468D-B93B-62DD68DF2C52}.Debug|x64.ActiveCfg = Debug|Any CPU
		{2DF05DB5-3792-468D-B93B-62DD68DF2C52}.Debug|x64.Build.0 = Debug|Any CPU
		{2DF05DB5-3792-468D-B93B-62DD68DF2C52}.Debug|x86.ActiveCfg = Debug|Any CPU
		{2DF05DB5-3792-468D-B93B-62DD68DF2C52}.Debug|x86.Build.0 = Debug|Any CPU
		{2DF05DB5-3792-468D-B93B-62DD68DF2C52}.Release|Any CPU.ActiveCfg = Release|Any CPU
		{2DF05DB5-3792-468D-B93B-62DD68DF2C52}.Release|Any CPU.Build.0 = Release|Any CPU
		{2DF05DB5-3792-468D-B93B-62DD68DF2C52}.Release|ARM.ActiveCfg = Release|Any CPU
		{2DF05DB5-3792-468D-B93B-62DD68DF2C52}.Release|ARM.Build.0 = Release|Any CPU
		{2DF05DB5-3792-468D-B93B-62DD68DF2C52}.Release|ARM64.ActiveCfg = Release|Any CPU
		{2DF05DB5-3792-468D-B93B-62DD68DF2C52}.Release|ARM64.Build.0 = Release|Any CPU
		{2DF05DB5-3792-468D-B93B-62DD68DF2C52}.Release|x64.ActiveCfg = Release|Any CPU
		{2DF05DB5-3792-468D-B93B-62DD68DF2C52}.Release|x64.Build.0 = Release|Any CPU
		{2DF05DB5-3792-468D-B93B-62DD68DF2C52}.Release|x86.ActiveCfg = Release|Any CPU
		{2DF05DB5-3792-468D-B93B-62DD68DF2C52}.Release|x86.Build.0 = Release|Any CPU
		{91285A1D-499F-4733-AC9F-F98897E2D613}.All|Any CPU.ActiveCfg = Debug|Any CPU
		{91285A1D-499F-4733-AC9F-F98897E2D613}.All|Any CPU.Build.0 = Debug|Any CPU
		{91285A1D-499F-4733-AC9F-F98897E2D613}.All|ARM.ActiveCfg = Debug|Any CPU
		{91285A1D-499F-4733-AC9F-F98897E2D613}.All|ARM.Build.0 = Debug|Any CPU
		{91285A1D-499F-4733-AC9F-F98897E2D613}.All|ARM64.ActiveCfg = Debug|Any CPU
		{91285A1D-499F-4733-AC9F-F98897E2D613}.All|ARM64.Build.0 = Debug|Any CPU
		{91285A1D-499F-4733-AC9F-F98897E2D613}.All|x64.ActiveCfg = Debug|Any CPU
		{91285A1D-499F-4733-AC9F-F98897E2D613}.All|x64.Build.0 = Debug|Any CPU
		{91285A1D-499F-4733-AC9F-F98897E2D613}.All|x86.ActiveCfg = Debug|Any CPU
		{91285A1D-499F-4733-AC9F-F98897E2D613}.All|x86.Build.0 = Debug|Any CPU
		{91285A1D-499F-4733-AC9F-F98897E2D613}.Apply Migrations|Any CPU.ActiveCfg = Debug|Any CPU
		{91285A1D-499F-4733-AC9F-F98897E2D613}.Apply Migrations|Any CPU.Build.0 = Debug|Any CPU
		{91285A1D-499F-4733-AC9F-F98897E2D613}.Apply Migrations|ARM.ActiveCfg = Debug|Any CPU
		{91285A1D-499F-4733-AC9F-F98897E2D613}.Apply Migrations|ARM.Build.0 = Debug|Any CPU
		{91285A1D-499F-4733-AC9F-F98897E2D613}.Apply Migrations|ARM64.ActiveCfg = Debug|Any CPU
		{91285A1D-499F-4733-AC9F-F98897E2D613}.Apply Migrations|ARM64.Build.0 = Debug|Any CPU
		{91285A1D-499F-4733-AC9F-F98897E2D613}.Apply Migrations|x64.ActiveCfg = Debug|Any CPU
		{91285A1D-499F-4733-AC9F-F98897E2D613}.Apply Migrations|x64.Build.0 = Debug|Any CPU
		{91285A1D-499F-4733-AC9F-F98897E2D613}.Apply Migrations|x86.ActiveCfg = Debug|Any CPU
		{91285A1D-499F-4733-AC9F-F98897E2D613}.Apply Migrations|x86.Build.0 = Debug|Any CPU
		{91285A1D-499F-4733-AC9F-F98897E2D613}.Blazor Release|Any CPU.ActiveCfg = Debug|Any CPU
		{91285A1D-499F-4733-AC9F-F98897E2D613}.Blazor Release|Any CPU.Build.0 = Debug|Any CPU
		{91285A1D-499F-4733-AC9F-F98897E2D613}.Blazor Release|ARM.ActiveCfg = Debug|Any CPU
		{91285A1D-499F-4733-AC9F-F98897E2D613}.Blazor Release|ARM.Build.0 = Debug|Any CPU
		{91285A1D-499F-4733-AC9F-F98897E2D613}.Blazor Release|ARM64.ActiveCfg = Debug|Any CPU
		{91285A1D-499F-4733-AC9F-F98897E2D613}.Blazor Release|ARM64.Build.0 = Debug|Any CPU
		{91285A1D-499F-4733-AC9F-F98897E2D613}.Blazor Release|x64.ActiveCfg = Debug|Any CPU
		{91285A1D-499F-4733-AC9F-F98897E2D613}.Blazor Release|x64.Build.0 = Debug|Any CPU
		{91285A1D-499F-4733-AC9F-F98897E2D613}.Blazor Release|x86.ActiveCfg = Debug|Any CPU
		{91285A1D-499F-4733-AC9F-F98897E2D613}.Blazor Release|x86.Build.0 = Debug|Any CPU
		{91285A1D-499F-4733-AC9F-F98897E2D613}.Debug|Any CPU.ActiveCfg = Debug|Any CPU
		{91285A1D-499F-4733-AC9F-F98897E2D613}.Debug|Any CPU.Build.0 = Debug|Any CPU
		{91285A1D-499F-4733-AC9F-F98897E2D613}.Debug|ARM.ActiveCfg = Debug|Any CPU
		{91285A1D-499F-4733-AC9F-F98897E2D613}.Debug|ARM.Build.0 = Debug|Any CPU
		{91285A1D-499F-4733-AC9F-F98897E2D613}.Debug|ARM64.ActiveCfg = Debug|Any CPU
		{91285A1D-499F-4733-AC9F-F98897E2D613}.Debug|ARM64.Build.0 = Debug|Any CPU
		{91285A1D-499F-4733-AC9F-F98897E2D613}.Debug|x64.ActiveCfg = Debug|Any CPU
		{91285A1D-499F-4733-AC9F-F98897E2D613}.Debug|x64.Build.0 = Debug|Any CPU
		{91285A1D-499F-4733-AC9F-F98897E2D613}.Debug|x86.ActiveCfg = Debug|Any CPU
		{91285A1D-499F-4733-AC9F-F98897E2D613}.Debug|x86.Build.0 = Debug|Any CPU
		{91285A1D-499F-4733-AC9F-F98897E2D613}.Release|Any CPU.ActiveCfg = Release|Any CPU
		{91285A1D-499F-4733-AC9F-F98897E2D613}.Release|Any CPU.Build.0 = Release|Any CPU
		{91285A1D-499F-4733-AC9F-F98897E2D613}.Release|ARM.ActiveCfg = Release|Any CPU
		{91285A1D-499F-4733-AC9F-F98897E2D613}.Release|ARM.Build.0 = Release|Any CPU
		{91285A1D-499F-4733-AC9F-F98897E2D613}.Release|ARM64.ActiveCfg = Release|Any CPU
		{91285A1D-499F-4733-AC9F-F98897E2D613}.Release|ARM64.Build.0 = Release|Any CPU
		{91285A1D-499F-4733-AC9F-F98897E2D613}.Release|x64.ActiveCfg = Release|Any CPU
		{91285A1D-499F-4733-AC9F-F98897E2D613}.Release|x64.Build.0 = Release|Any CPU
		{91285A1D-499F-4733-AC9F-F98897E2D613}.Release|x86.ActiveCfg = Release|Any CPU
		{91285A1D-499F-4733-AC9F-F98897E2D613}.Release|x86.Build.0 = Release|Any CPU
		{649112B8-98D0-430B-8768-85CAD2EE4FB4}.All|Any CPU.ActiveCfg = Debug|Any CPU
		{649112B8-98D0-430B-8768-85CAD2EE4FB4}.All|Any CPU.Build.0 = Debug|Any CPU
		{649112B8-98D0-430B-8768-85CAD2EE4FB4}.All|ARM.ActiveCfg = Debug|Any CPU
		{649112B8-98D0-430B-8768-85CAD2EE4FB4}.All|ARM.Build.0 = Debug|Any CPU
		{649112B8-98D0-430B-8768-85CAD2EE4FB4}.All|ARM64.ActiveCfg = Debug|Any CPU
		{649112B8-98D0-430B-8768-85CAD2EE4FB4}.All|ARM64.Build.0 = Debug|Any CPU
		{649112B8-98D0-430B-8768-85CAD2EE4FB4}.All|x64.ActiveCfg = Debug|Any CPU
		{649112B8-98D0-430B-8768-85CAD2EE4FB4}.All|x64.Build.0 = Debug|Any CPU
		{649112B8-98D0-430B-8768-85CAD2EE4FB4}.All|x86.ActiveCfg = Debug|Any CPU
		{649112B8-98D0-430B-8768-85CAD2EE4FB4}.All|x86.Build.0 = Debug|Any CPU
		{649112B8-98D0-430B-8768-85CAD2EE4FB4}.Apply Migrations|Any CPU.ActiveCfg = Debug|Any CPU
		{649112B8-98D0-430B-8768-85CAD2EE4FB4}.Apply Migrations|Any CPU.Build.0 = Debug|Any CPU
		{649112B8-98D0-430B-8768-85CAD2EE4FB4}.Apply Migrations|ARM.ActiveCfg = Debug|Any CPU
		{649112B8-98D0-430B-8768-85CAD2EE4FB4}.Apply Migrations|ARM.Build.0 = Debug|Any CPU
		{649112B8-98D0-430B-8768-85CAD2EE4FB4}.Apply Migrations|ARM64.ActiveCfg = Debug|Any CPU
		{649112B8-98D0-430B-8768-85CAD2EE4FB4}.Apply Migrations|ARM64.Build.0 = Debug|Any CPU
		{649112B8-98D0-430B-8768-85CAD2EE4FB4}.Apply Migrations|x64.ActiveCfg = Debug|Any CPU
		{649112B8-98D0-430B-8768-85CAD2EE4FB4}.Apply Migrations|x64.Build.0 = Debug|Any CPU
		{649112B8-98D0-430B-8768-85CAD2EE4FB4}.Apply Migrations|x86.ActiveCfg = Debug|Any CPU
		{649112B8-98D0-430B-8768-85CAD2EE4FB4}.Apply Migrations|x86.Build.0 = Debug|Any CPU
		{649112B8-98D0-430B-8768-85CAD2EE4FB4}.Blazor Release|Any CPU.ActiveCfg = Debug|Any CPU
		{649112B8-98D0-430B-8768-85CAD2EE4FB4}.Blazor Release|Any CPU.Build.0 = Debug|Any CPU
		{649112B8-98D0-430B-8768-85CAD2EE4FB4}.Blazor Release|ARM.ActiveCfg = Debug|Any CPU
		{649112B8-98D0-430B-8768-85CAD2EE4FB4}.Blazor Release|ARM.Build.0 = Debug|Any CPU
		{649112B8-98D0-430B-8768-85CAD2EE4FB4}.Blazor Release|ARM64.ActiveCfg = Debug|Any CPU
		{649112B8-98D0-430B-8768-85CAD2EE4FB4}.Blazor Release|ARM64.Build.0 = Debug|Any CPU
		{649112B8-98D0-430B-8768-85CAD2EE4FB4}.Blazor Release|x64.ActiveCfg = Debug|Any CPU
		{649112B8-98D0-430B-8768-85CAD2EE4FB4}.Blazor Release|x64.Build.0 = Debug|Any CPU
		{649112B8-98D0-430B-8768-85CAD2EE4FB4}.Blazor Release|x86.ActiveCfg = Debug|Any CPU
		{649112B8-98D0-430B-8768-85CAD2EE4FB4}.Blazor Release|x86.Build.0 = Debug|Any CPU
		{649112B8-98D0-430B-8768-85CAD2EE4FB4}.Debug|Any CPU.ActiveCfg = Debug|Any CPU
		{649112B8-98D0-430B-8768-85CAD2EE4FB4}.Debug|Any CPU.Build.0 = Debug|Any CPU
		{649112B8-98D0-430B-8768-85CAD2EE4FB4}.Debug|ARM.ActiveCfg = Debug|Any CPU
		{649112B8-98D0-430B-8768-85CAD2EE4FB4}.Debug|ARM.Build.0 = Debug|Any CPU
		{649112B8-98D0-430B-8768-85CAD2EE4FB4}.Debug|ARM64.ActiveCfg = Debug|Any CPU
		{649112B8-98D0-430B-8768-85CAD2EE4FB4}.Debug|ARM64.Build.0 = Debug|Any CPU
		{649112B8-98D0-430B-8768-85CAD2EE4FB4}.Debug|x64.ActiveCfg = Debug|Any CPU
		{649112B8-98D0-430B-8768-85CAD2EE4FB4}.Debug|x64.Build.0 = Debug|Any CPU
		{649112B8-98D0-430B-8768-85CAD2EE4FB4}.Debug|x86.ActiveCfg = Debug|Any CPU
		{649112B8-98D0-430B-8768-85CAD2EE4FB4}.Debug|x86.Build.0 = Debug|Any CPU
		{649112B8-98D0-430B-8768-85CAD2EE4FB4}.Release|Any CPU.ActiveCfg = Release|Any CPU
		{649112B8-98D0-430B-8768-85CAD2EE4FB4}.Release|Any CPU.Build.0 = Release|Any CPU
		{649112B8-98D0-430B-8768-85CAD2EE4FB4}.Release|ARM.ActiveCfg = Release|Any CPU
		{649112B8-98D0-430B-8768-85CAD2EE4FB4}.Release|ARM.Build.0 = Release|Any CPU
		{649112B8-98D0-430B-8768-85CAD2EE4FB4}.Release|ARM64.ActiveCfg = Release|Any CPU
		{649112B8-98D0-430B-8768-85CAD2EE4FB4}.Release|ARM64.Build.0 = Release|Any CPU
		{649112B8-98D0-430B-8768-85CAD2EE4FB4}.Release|x64.ActiveCfg = Release|Any CPU
		{649112B8-98D0-430B-8768-85CAD2EE4FB4}.Release|x64.Build.0 = Release|Any CPU
		{649112B8-98D0-430B-8768-85CAD2EE4FB4}.Release|x86.ActiveCfg = Release|Any CPU
		{649112B8-98D0-430B-8768-85CAD2EE4FB4}.Release|x86.Build.0 = Release|Any CPU
		{3846654F-6A61-4897-95FC-0318F73E7C2E}.All|Any CPU.ActiveCfg = Debug|Any CPU
		{3846654F-6A61-4897-95FC-0318F73E7C2E}.All|Any CPU.Build.0 = Debug|Any CPU
		{3846654F-6A61-4897-95FC-0318F73E7C2E}.All|ARM.ActiveCfg = Debug|Any CPU
		{3846654F-6A61-4897-95FC-0318F73E7C2E}.All|ARM.Build.0 = Debug|Any CPU
		{3846654F-6A61-4897-95FC-0318F73E7C2E}.All|ARM64.ActiveCfg = Debug|Any CPU
		{3846654F-6A61-4897-95FC-0318F73E7C2E}.All|ARM64.Build.0 = Debug|Any CPU
		{3846654F-6A61-4897-95FC-0318F73E7C2E}.All|x64.ActiveCfg = Debug|Any CPU
		{3846654F-6A61-4897-95FC-0318F73E7C2E}.All|x64.Build.0 = Debug|Any CPU
		{3846654F-6A61-4897-95FC-0318F73E7C2E}.All|x86.ActiveCfg = Debug|Any CPU
		{3846654F-6A61-4897-95FC-0318F73E7C2E}.All|x86.Build.0 = Debug|Any CPU
		{3846654F-6A61-4897-95FC-0318F73E7C2E}.Apply Migrations|Any CPU.ActiveCfg = Debug|Any CPU
		{3846654F-6A61-4897-95FC-0318F73E7C2E}.Apply Migrations|Any CPU.Build.0 = Debug|Any CPU
		{3846654F-6A61-4897-95FC-0318F73E7C2E}.Apply Migrations|ARM.ActiveCfg = Debug|Any CPU
		{3846654F-6A61-4897-95FC-0318F73E7C2E}.Apply Migrations|ARM.Build.0 = Debug|Any CPU
		{3846654F-6A61-4897-95FC-0318F73E7C2E}.Apply Migrations|ARM64.ActiveCfg = Debug|Any CPU
		{3846654F-6A61-4897-95FC-0318F73E7C2E}.Apply Migrations|ARM64.Build.0 = Debug|Any CPU
		{3846654F-6A61-4897-95FC-0318F73E7C2E}.Apply Migrations|x64.ActiveCfg = Debug|Any CPU
		{3846654F-6A61-4897-95FC-0318F73E7C2E}.Apply Migrations|x64.Build.0 = Debug|Any CPU
		{3846654F-6A61-4897-95FC-0318F73E7C2E}.Apply Migrations|x86.ActiveCfg = Debug|Any CPU
		{3846654F-6A61-4897-95FC-0318F73E7C2E}.Apply Migrations|x86.Build.0 = Debug|Any CPU
		{3846654F-6A61-4897-95FC-0318F73E7C2E}.Blazor Release|Any CPU.ActiveCfg = Debug|Any CPU
		{3846654F-6A61-4897-95FC-0318F73E7C2E}.Blazor Release|Any CPU.Build.0 = Debug|Any CPU
		{3846654F-6A61-4897-95FC-0318F73E7C2E}.Blazor Release|ARM.ActiveCfg = Debug|Any CPU
		{3846654F-6A61-4897-95FC-0318F73E7C2E}.Blazor Release|ARM.Build.0 = Debug|Any CPU
		{3846654F-6A61-4897-95FC-0318F73E7C2E}.Blazor Release|ARM64.ActiveCfg = Debug|Any CPU
		{3846654F-6A61-4897-95FC-0318F73E7C2E}.Blazor Release|ARM64.Build.0 = Debug|Any CPU
		{3846654F-6A61-4897-95FC-0318F73E7C2E}.Blazor Release|x64.ActiveCfg = Debug|Any CPU
		{3846654F-6A61-4897-95FC-0318F73E7C2E}.Blazor Release|x64.Build.0 = Debug|Any CPU
		{3846654F-6A61-4897-95FC-0318F73E7C2E}.Blazor Release|x86.ActiveCfg = Debug|Any CPU
		{3846654F-6A61-4897-95FC-0318F73E7C2E}.Blazor Release|x86.Build.0 = Debug|Any CPU
		{3846654F-6A61-4897-95FC-0318F73E7C2E}.Debug|Any CPU.ActiveCfg = Debug|Any CPU
		{3846654F-6A61-4897-95FC-0318F73E7C2E}.Debug|Any CPU.Build.0 = Debug|Any CPU
		{3846654F-6A61-4897-95FC-0318F73E7C2E}.Debug|ARM.ActiveCfg = Debug|Any CPU
		{3846654F-6A61-4897-95FC-0318F73E7C2E}.Debug|ARM.Build.0 = Debug|Any CPU
		{3846654F-6A61-4897-95FC-0318F73E7C2E}.Debug|ARM64.ActiveCfg = Debug|Any CPU
		{3846654F-6A61-4897-95FC-0318F73E7C2E}.Debug|ARM64.Build.0 = Debug|Any CPU
		{3846654F-6A61-4897-95FC-0318F73E7C2E}.Debug|x64.ActiveCfg = Debug|Any CPU
		{3846654F-6A61-4897-95FC-0318F73E7C2E}.Debug|x64.Build.0 = Debug|Any CPU
		{3846654F-6A61-4897-95FC-0318F73E7C2E}.Debug|x86.ActiveCfg = Debug|Any CPU
		{3846654F-6A61-4897-95FC-0318F73E7C2E}.Debug|x86.Build.0 = Debug|Any CPU
		{3846654F-6A61-4897-95FC-0318F73E7C2E}.Release|Any CPU.ActiveCfg = Release|Any CPU
		{3846654F-6A61-4897-95FC-0318F73E7C2E}.Release|Any CPU.Build.0 = Release|Any CPU
		{3846654F-6A61-4897-95FC-0318F73E7C2E}.Release|ARM.ActiveCfg = Release|Any CPU
		{3846654F-6A61-4897-95FC-0318F73E7C2E}.Release|ARM.Build.0 = Release|Any CPU
		{3846654F-6A61-4897-95FC-0318F73E7C2E}.Release|ARM64.ActiveCfg = Release|Any CPU
		{3846654F-6A61-4897-95FC-0318F73E7C2E}.Release|ARM64.Build.0 = Release|Any CPU
		{3846654F-6A61-4897-95FC-0318F73E7C2E}.Release|x64.ActiveCfg = Release|Any CPU
		{3846654F-6A61-4897-95FC-0318F73E7C2E}.Release|x64.Build.0 = Release|Any CPU
		{3846654F-6A61-4897-95FC-0318F73E7C2E}.Release|x86.ActiveCfg = Release|Any CPU
		{3846654F-6A61-4897-95FC-0318F73E7C2E}.Release|x86.Build.0 = Release|Any CPU
		{CE4BDA1D-39D3-4D15-AB02-D1D775EEA60C}.All|Any CPU.ActiveCfg = Debug|Any CPU
		{CE4BDA1D-39D3-4D15-AB02-D1D775EEA60C}.All|Any CPU.Build.0 = Debug|Any CPU
		{CE4BDA1D-39D3-4D15-AB02-D1D775EEA60C}.All|ARM.ActiveCfg = Debug|Any CPU
		{CE4BDA1D-39D3-4D15-AB02-D1D775EEA60C}.All|ARM.Build.0 = Debug|Any CPU
		{CE4BDA1D-39D3-4D15-AB02-D1D775EEA60C}.All|ARM64.ActiveCfg = Debug|Any CPU
		{CE4BDA1D-39D3-4D15-AB02-D1D775EEA60C}.All|ARM64.Build.0 = Debug|Any CPU
		{CE4BDA1D-39D3-4D15-AB02-D1D775EEA60C}.All|x64.ActiveCfg = Debug|Any CPU
		{CE4BDA1D-39D3-4D15-AB02-D1D775EEA60C}.All|x64.Build.0 = Debug|Any CPU
		{CE4BDA1D-39D3-4D15-AB02-D1D775EEA60C}.All|x86.ActiveCfg = Debug|Any CPU
		{CE4BDA1D-39D3-4D15-AB02-D1D775EEA60C}.All|x86.Build.0 = Debug|Any CPU
		{CE4BDA1D-39D3-4D15-AB02-D1D775EEA60C}.Apply Migrations|Any CPU.ActiveCfg = Debug|Any CPU
		{CE4BDA1D-39D3-4D15-AB02-D1D775EEA60C}.Apply Migrations|Any CPU.Build.0 = Debug|Any CPU
		{CE4BDA1D-39D3-4D15-AB02-D1D775EEA60C}.Apply Migrations|ARM.ActiveCfg = Debug|Any CPU
		{CE4BDA1D-39D3-4D15-AB02-D1D775EEA60C}.Apply Migrations|ARM.Build.0 = Debug|Any CPU
		{CE4BDA1D-39D3-4D15-AB02-D1D775EEA60C}.Apply Migrations|ARM64.ActiveCfg = Debug|Any CPU
		{CE4BDA1D-39D3-4D15-AB02-D1D775EEA60C}.Apply Migrations|ARM64.Build.0 = Debug|Any CPU
		{CE4BDA1D-39D3-4D15-AB02-D1D775EEA60C}.Apply Migrations|x64.ActiveCfg = Debug|Any CPU
		{CE4BDA1D-39D3-4D15-AB02-D1D775EEA60C}.Apply Migrations|x64.Build.0 = Debug|Any CPU
		{CE4BDA1D-39D3-4D15-AB02-D1D775EEA60C}.Apply Migrations|x86.ActiveCfg = Debug|Any CPU
		{CE4BDA1D-39D3-4D15-AB02-D1D775EEA60C}.Apply Migrations|x86.Build.0 = Debug|Any CPU
		{CE4BDA1D-39D3-4D15-AB02-D1D775EEA60C}.Blazor Release|Any CPU.ActiveCfg = Debug|Any CPU
		{CE4BDA1D-39D3-4D15-AB02-D1D775EEA60C}.Blazor Release|Any CPU.Build.0 = Debug|Any CPU
		{CE4BDA1D-39D3-4D15-AB02-D1D775EEA60C}.Blazor Release|ARM.ActiveCfg = Debug|Any CPU
		{CE4BDA1D-39D3-4D15-AB02-D1D775EEA60C}.Blazor Release|ARM.Build.0 = Debug|Any CPU
		{CE4BDA1D-39D3-4D15-AB02-D1D775EEA60C}.Blazor Release|ARM64.ActiveCfg = Debug|Any CPU
		{CE4BDA1D-39D3-4D15-AB02-D1D775EEA60C}.Blazor Release|ARM64.Build.0 = Debug|Any CPU
		{CE4BDA1D-39D3-4D15-AB02-D1D775EEA60C}.Blazor Release|x64.ActiveCfg = Debug|Any CPU
		{CE4BDA1D-39D3-4D15-AB02-D1D775EEA60C}.Blazor Release|x64.Build.0 = Debug|Any CPU
		{CE4BDA1D-39D3-4D15-AB02-D1D775EEA60C}.Blazor Release|x86.ActiveCfg = Debug|Any CPU
		{CE4BDA1D-39D3-4D15-AB02-D1D775EEA60C}.Blazor Release|x86.Build.0 = Debug|Any CPU
		{CE4BDA1D-39D3-4D15-AB02-D1D775EEA60C}.Debug|Any CPU.ActiveCfg = Debug|Any CPU
		{CE4BDA1D-39D3-4D15-AB02-D1D775EEA60C}.Debug|Any CPU.Build.0 = Debug|Any CPU
		{CE4BDA1D-39D3-4D15-AB02-D1D775EEA60C}.Debug|ARM.ActiveCfg = Debug|Any CPU
		{CE4BDA1D-39D3-4D15-AB02-D1D775EEA60C}.Debug|ARM.Build.0 = Debug|Any CPU
		{CE4BDA1D-39D3-4D15-AB02-D1D775EEA60C}.Debug|ARM64.ActiveCfg = Debug|Any CPU
		{CE4BDA1D-39D3-4D15-AB02-D1D775EEA60C}.Debug|ARM64.Build.0 = Debug|Any CPU
		{CE4BDA1D-39D3-4D15-AB02-D1D775EEA60C}.Debug|x64.ActiveCfg = Debug|Any CPU
		{CE4BDA1D-39D3-4D15-AB02-D1D775EEA60C}.Debug|x64.Build.0 = Debug|Any CPU
		{CE4BDA1D-39D3-4D15-AB02-D1D775EEA60C}.Debug|x86.ActiveCfg = Debug|Any CPU
		{CE4BDA1D-39D3-4D15-AB02-D1D775EEA60C}.Debug|x86.Build.0 = Debug|Any CPU
		{CE4BDA1D-39D3-4D15-AB02-D1D775EEA60C}.Release|Any CPU.ActiveCfg = Release|Any CPU
		{CE4BDA1D-39D3-4D15-AB02-D1D775EEA60C}.Release|Any CPU.Build.0 = Release|Any CPU
		{CE4BDA1D-39D3-4D15-AB02-D1D775EEA60C}.Release|ARM.ActiveCfg = Release|Any CPU
		{CE4BDA1D-39D3-4D15-AB02-D1D775EEA60C}.Release|ARM.Build.0 = Release|Any CPU
		{CE4BDA1D-39D3-4D15-AB02-D1D775EEA60C}.Release|ARM64.ActiveCfg = Release|Any CPU
		{CE4BDA1D-39D3-4D15-AB02-D1D775EEA60C}.Release|ARM64.Build.0 = Release|Any CPU
		{CE4BDA1D-39D3-4D15-AB02-D1D775EEA60C}.Release|x64.ActiveCfg = Release|Any CPU
		{CE4BDA1D-39D3-4D15-AB02-D1D775EEA60C}.Release|x64.Build.0 = Release|Any CPU
		{CE4BDA1D-39D3-4D15-AB02-D1D775EEA60C}.Release|x86.ActiveCfg = Release|Any CPU
		{CE4BDA1D-39D3-4D15-AB02-D1D775EEA60C}.Release|x86.Build.0 = Release|Any CPU
	EndGlobalSection
	GlobalSection(SolutionProperties) = preSolution
		HideSolutionNode = FALSE
	EndGlobalSection
	GlobalSection(NestedProjects) = preSolution
		{026BB22A-512A-482E-8A2F-A9B1FAFABD2B} = {F55228AE-1F0F-487D-B7F5-41E0ED19782A}
		{5C90F422-2B17-4632-B075-3F9BA2624016} = {F55228AE-1F0F-487D-B7F5-41E0ED19782A}
		{2AC32420-2606-4518-92DC-3456C9E22188} = {DE5A386D-BC9A-4FA1-9EAB-36E66C72BC6E}
		{2DF05DB5-3792-468D-B93B-62DD68DF2C52} = {F55228AE-1F0F-487D-B7F5-41E0ED19782A}
		{91285A1D-499F-4733-AC9F-F98897E2D613} = {FA341046-5872-4C5D-A5F6-AA046316647E}
		{649112B8-98D0-430B-8768-85CAD2EE4FB4} = {FA341046-5872-4C5D-A5F6-AA046316647E}
		{3846654F-6A61-4897-95FC-0318F73E7C2E} = {FA341046-5872-4C5D-A5F6-AA046316647E}
		{CE4BDA1D-39D3-4D15-AB02-D1D775EEA60C} = {F55228AE-1F0F-487D-B7F5-41E0ED19782A}
		{FA341046-5872-4C5D-A5F6-AA046316647E} = {DE5A386D-BC9A-4FA1-9EAB-36E66C72BC6E}
	EndGlobalSection
	GlobalSection(ExtensibilityGlobals) = postSolution
		SolutionGuid = {7548869C-04B6-4F88-A5AF-48310959D2D3}
	EndGlobalSection
	GlobalSection(NDepend) = preSolution
		Project = ".\Pamaxie5.ndproj"
	EndGlobalSection
EndGlobal
