
Microsoft Visual Studio Solution File, Format Version 12.00
# Visual Studio Version 16
VisualStudioVersion = 16.0.29215.179
MinimumVisualStudioVersion = 10.0.40219.1
Project("{2150E333-8FDC-42A3-9474-1A3956D46DE8}") = "Tooling", "Tooling", "{363DCFA0-F463-4525-84A9-7C25E2948517}"
EndProject
Project("{2150E333-8FDC-42A3-9474-1A3956D46DE8}") = "Assemblies", "Assemblies", "{F55228AE-1F0F-487D-B7F5-41E0ED19782A}"
EndProject
Project("{2150E333-8FDC-42A3-9474-1A3956D46DE8}") = "MLModules", "MLModules", "{F6FE064A-0421-4DD3-B682-CBD7C936D9E5}"
EndProject
Project("{9A19103F-16F7-4668-BE54-9A1E7A4F7556}") = "Pamaxie.Catalyst", "MLModules\Pamaxie.Catalyst\Pamaxie.Catalyst.csproj", "{DB776599-0814-4608-AA1B-38234CF65B2B}"
EndProject
Project("{9A19103F-16F7-4668-BE54-9A1E7A4F7556}") = "Pamaxie.Api", "Pamaxie.Api\Pamaxie.Api.csproj", "{608F1EB8-5905-45EF-8D66-FED15225F7F4}"
EndProject
Project("{9A19103F-16F7-4668-BE54-9A1E7A4F7556}") = "PamaxieML.Model", "MLModules\PamaxieML.Model\PamaxieML.Model.csproj", "{0F90928C-4F7B-40C4-9450-7273F02C2135}"
EndProject
Project("{9A19103F-16F7-4668-BE54-9A1E7A4F7556}") = "Pamaxie.ImagePreperation", "Tooling\Pamaxie.ImagePreperation\Pamaxie.ImagePreperation.csproj", "{207C5C26-E64B-4F11-BDF8-2F8CC0ED613D}"
EndProject
Project("{9A19103F-16F7-4668-BE54-9A1E7A4F7556}") = "Pamaxie.ImageRenaming", "Tooling\Pamaxie.ImageRenaming\Pamaxie.ImageRenaming.csproj", "{2A489ED7-9EAB-43BA-9E8D-1AD06352787B}"
EndProject
Project("{9A19103F-16F7-4668-BE54-9A1E7A4F7556}") = "Pamaxie.ImageSorting", "Tooling\Pamaxie.ImageSorting\Pamaxie.ImageSorting.csproj", "{19092AFD-0CAB-4D0B-9AD4-757CB529EA24}"
EndProject
Project("{9A19103F-16F7-4668-BE54-9A1E7A4F7556}") = "Pamaxie.Leecher", "Tooling\Pamaxie.Leecher\Pamaxie.Leecher.csproj", "{FF3C7BA0-9EB6-4207-A635-FC1A9D8C384C}"
EndProject
Project("{9A19103F-16F7-4668-BE54-9A1E7A4F7556}") = "Pamaxie.ImageCrawler", "Tooling\Pamaxie.ImageCrawler\Pamaxie.ImageCrawler.csproj", "{F6DF60C3-FC8F-4016-8895-7DAFA0A24186}"
EndProject
Project("{9A19103F-16F7-4668-BE54-9A1E7A4F7556}") = "Pamaxie.Database.Sql", "Assemblies\Pamaxie.Database.SQL\Pamaxie.Database.Sql.csproj", "{DFDFBEEE-A63C-45A2-8ED6-FF3BBFD236A1}"
EndProject
Project("{9A19103F-16F7-4668-BE54-9A1E7A4F7556}") = "Pamaxie.Database.Redis", "Assemblies\Pamaxie.Database.Redis\Pamaxie.Database.Redis.csproj", "{FE555724-07D8-4E8C-B4DC-89E776008510}"
EndProject
Project("{9A19103F-16F7-4668-BE54-9A1E7A4F7556}") = "Pamaxie.Database.Api", "Assemblies\Pamaxie.Database.Api\Pamaxie.Database.Api.csproj", "{ACECD58F-6153-4D2E-AB69-DBB2957D68F0}"
EndProject
Project("{9A19103F-16F7-4668-BE54-9A1E7A4F7556}") = "Pamaxie.Database.Extensions", "Assemblies\Pamaxie.Database.Extensions\Pamaxie.Database.Extensions.csproj", "{0940B5CF-2D92-4ECA-9EDB-960D470DE036}"
EndProject
Project("{9A19103F-16F7-4668-BE54-9A1E7A4F7556}") = "Pamaxie.Website", "Pamaxie.Website\Pamaxie.Website.csproj", "{3BF37CBD-5C7D-47A1-9E1A-D223D186DA01}"
EndProject
Project("{2150E333-8FDC-42A3-9474-1A3956D46DE8}") = "Testing", "Testing", "{DE5A386D-BC9A-4FA1-9EAB-36E66C72BC6E}"
EndProject
Project("{FAE04EC0-301F-11D3-BF4B-00C04F79EFBC}") = "Test.Pamaxie.API", "Testing\Test.Pamaxie.API\Test.Pamaxie.API.csproj", "{689FA3BA-BDEF-48A1-ADEB-661CA8763FE5}"
EndProject
Project("{FAE04EC0-301F-11D3-BF4B-00C04F79EFBC}") = "Test.Pamaxie.Website", "Testing\Test.Pamaxie.Website\Test.Pamaxie.Website.csproj", "{5D65EE49-6DF9-4F82-8002-75DB6BBCAED2}"
EndProject
Project("{FAE04EC0-301F-11D3-BF4B-00C04F79EFBC}") = "Pamaxie.MediaDetection", "Assemblies\Pamaxie.MediaDetection\Pamaxie.MediaDetection.csproj", "{026BB22A-512A-482E-8A2F-A9B1FAFABD2B}"
EndProject
Project("{2150E333-8FDC-42A3-9474-1A3956D46DE8}") = "Tooling", "Tooling", "{9DDDB100-CBC3-4A7F-B5E5-9A31C53AC716}"
EndProject
Project("{2150E333-8FDC-42A3-9474-1A3956D46DE8}") = "Assemblies", "Assemblies", "{37C54DFB-BDD0-4B87-A2DC-7C0B742ECE9B}"
EndProject
Project("{2150E333-8FDC-42A3-9474-1A3956D46DE8}") = "MLModules", "MLModules", "{9147E489-AC3C-42D3-BFF3-7149F395EC1D}"
EndProject
Project("{FAE04EC0-301F-11D3-BF4B-00C04F79EFBC}") = "Test.Pamaxie.ImageProcessing", "Testing\Test.Pamaxie.ImageProcessing\Test.Pamaxie.ImageProcessing.csproj", "{C3F6B528-6966-45FB-87DA-CD544D529D63}"
EndProject
Project("{FAE04EC0-301F-11D3-BF4B-00C04F79EFBC}") = "Pamaxie.ImageProcessing", "Assemblies\Pamaxie.ImageProcessing\Pamaxie.ImageProcessing.csproj", "{5C90F422-2B17-4632-B075-3F9BA2624016}"
EndProject
Project("{FAE04EC0-301F-11D3-BF4B-00C04F79EFBC}") = "Pamaxie.Data", "Assemblies\Pamaxie.Data\Pamaxie.Data.csproj", "{FFE236AC-9FE0-4386-A75B-37A97196323D}"
EndProject
Global
	GlobalSection(SolutionConfigurationPlatforms) = preSolution
		All|Any CPU = All|Any CPU
		All|ARM = All|ARM
		All|ARM64 = All|ARM64
		All|x64 = All|x64
		All|x86 = All|x86
		Apply Migrations|Any CPU = Apply Migrations|Any CPU
		Apply Migrations|ARM = Apply Migrations|ARM
		Apply Migrations|ARM64 = Apply Migrations|ARM64
		Apply Migrations|x64 = Apply Migrations|x64
		Apply Migrations|x86 = Apply Migrations|x86
		Blazor Release|Any CPU = Blazor Release|Any CPU
		Blazor Release|ARM = Blazor Release|ARM
		Blazor Release|ARM64 = Blazor Release|ARM64
		Blazor Release|x64 = Blazor Release|x64
		Blazor Release|x86 = Blazor Release|x86
		Debug|Any CPU = Debug|Any CPU
		Debug|ARM = Debug|ARM
		Debug|ARM64 = Debug|ARM64
		Debug|x64 = Debug|x64
		Debug|x86 = Debug|x86
		Release|Any CPU = Release|Any CPU
		Release|ARM = Release|ARM
		Release|ARM64 = Release|ARM64
		Release|x64 = Release|x64
		Release|x86 = Release|x86
	EndGlobalSection
	GlobalSection(ProjectConfigurationPlatforms) = postSolution
		{DB776599-0814-4608-AA1B-38234CF65B2B}.All|Any CPU.ActiveCfg = Debug|Any CPU
		{DB776599-0814-4608-AA1B-38234CF65B2B}.All|Any CPU.Build.0 = Debug|Any CPU
		{DB776599-0814-4608-AA1B-38234CF65B2B}.All|ARM.ActiveCfg = Debug|Any CPU
		{DB776599-0814-4608-AA1B-38234CF65B2B}.All|ARM.Build.0 = Debug|Any CPU
		{DB776599-0814-4608-AA1B-38234CF65B2B}.All|ARM64.ActiveCfg = Debug|Any CPU
		{DB776599-0814-4608-AA1B-38234CF65B2B}.All|ARM64.Build.0 = Debug|Any CPU
		{DB776599-0814-4608-AA1B-38234CF65B2B}.All|x64.ActiveCfg = Debug|Any CPU
		{DB776599-0814-4608-AA1B-38234CF65B2B}.All|x64.Build.0 = Debug|Any CPU
		{DB776599-0814-4608-AA1B-38234CF65B2B}.All|x86.ActiveCfg = Debug|Any CPU
		{DB776599-0814-4608-AA1B-38234CF65B2B}.All|x86.Build.0 = Debug|Any CPU
		{DB776599-0814-4608-AA1B-38234CF65B2B}.Apply Migrations|Any CPU.ActiveCfg = Debug|Any CPU
		{DB776599-0814-4608-AA1B-38234CF65B2B}.Apply Migrations|Any CPU.Build.0 = Debug|Any CPU
		{DB776599-0814-4608-AA1B-38234CF65B2B}.Apply Migrations|ARM.ActiveCfg = Debug|Any CPU
		{DB776599-0814-4608-AA1B-38234CF65B2B}.Apply Migrations|ARM.Build.0 = Debug|Any CPU
		{DB776599-0814-4608-AA1B-38234CF65B2B}.Apply Migrations|ARM64.ActiveCfg = Debug|Any CPU
		{DB776599-0814-4608-AA1B-38234CF65B2B}.Apply Migrations|ARM64.Build.0 = Debug|Any CPU
		{DB776599-0814-4608-AA1B-38234CF65B2B}.Apply Migrations|x64.ActiveCfg = Debug|Any CPU
		{DB776599-0814-4608-AA1B-38234CF65B2B}.Apply Migrations|x64.Build.0 = Debug|Any CPU
		{DB776599-0814-4608-AA1B-38234CF65B2B}.Apply Migrations|x86.ActiveCfg = Debug|Any CPU
		{DB776599-0814-4608-AA1B-38234CF65B2B}.Apply Migrations|x86.Build.0 = Debug|Any CPU
		{DB776599-0814-4608-AA1B-38234CF65B2B}.Blazor Release|Any CPU.ActiveCfg = Release|Any CPU
		{DB776599-0814-4608-AA1B-38234CF65B2B}.Blazor Release|Any CPU.Build.0 = Release|Any CPU
		{DB776599-0814-4608-AA1B-38234CF65B2B}.Blazor Release|ARM.ActiveCfg = Release|Any CPU
		{DB776599-0814-4608-AA1B-38234CF65B2B}.Blazor Release|ARM.Build.0 = Release|Any CPU
		{DB776599-0814-4608-AA1B-38234CF65B2B}.Blazor Release|ARM64.ActiveCfg = Release|Any CPU
		{DB776599-0814-4608-AA1B-38234CF65B2B}.Blazor Release|ARM64.Build.0 = Release|Any CPU
		{DB776599-0814-4608-AA1B-38234CF65B2B}.Blazor Release|x64.ActiveCfg = Release|Any CPU
		{DB776599-0814-4608-AA1B-38234CF65B2B}.Blazor Release|x64.Build.0 = Release|Any CPU
		{DB776599-0814-4608-AA1B-38234CF65B2B}.Blazor Release|x86.ActiveCfg = Release|Any CPU
		{DB776599-0814-4608-AA1B-38234CF65B2B}.Blazor Release|x86.Build.0 = Release|Any CPU
		{DB776599-0814-4608-AA1B-38234CF65B2B}.Debug|Any CPU.ActiveCfg = Debug|Any CPU
		{DB776599-0814-4608-AA1B-38234CF65B2B}.Debug|Any CPU.Build.0 = Debug|Any CPU
		{DB776599-0814-4608-AA1B-38234CF65B2B}.Debug|ARM.ActiveCfg = Debug|Any CPU
		{DB776599-0814-4608-AA1B-38234CF65B2B}.Debug|ARM.Build.0 = Debug|Any CPU
		{DB776599-0814-4608-AA1B-38234CF65B2B}.Debug|ARM64.ActiveCfg = Debug|Any CPU
		{DB776599-0814-4608-AA1B-38234CF65B2B}.Debug|ARM64.Build.0 = Debug|Any CPU
		{DB776599-0814-4608-AA1B-38234CF65B2B}.Debug|x64.ActiveCfg = Debug|Any CPU
		{DB776599-0814-4608-AA1B-38234CF65B2B}.Debug|x64.Build.0 = Debug|Any CPU
		{DB776599-0814-4608-AA1B-38234CF65B2B}.Debug|x86.ActiveCfg = Debug|Any CPU
		{DB776599-0814-4608-AA1B-38234CF65B2B}.Debug|x86.Build.0 = Debug|Any CPU
		{DB776599-0814-4608-AA1B-38234CF65B2B}.Release|Any CPU.ActiveCfg = Release|Any CPU
		{DB776599-0814-4608-AA1B-38234CF65B2B}.Release|Any CPU.Build.0 = Release|Any CPU
		{DB776599-0814-4608-AA1B-38234CF65B2B}.Release|ARM.ActiveCfg = Release|Any CPU
		{DB776599-0814-4608-AA1B-38234CF65B2B}.Release|ARM.Build.0 = Release|Any CPU
		{DB776599-0814-4608-AA1B-38234CF65B2B}.Release|ARM64.ActiveCfg = Release|Any CPU
		{DB776599-0814-4608-AA1B-38234CF65B2B}.Release|ARM64.Build.0 = Release|Any CPU
		{DB776599-0814-4608-AA1B-38234CF65B2B}.Release|x64.ActiveCfg = Release|Any CPU
		{DB776599-0814-4608-AA1B-38234CF65B2B}.Release|x64.Build.0 = Release|Any CPU
		{DB776599-0814-4608-AA1B-38234CF65B2B}.Release|x86.ActiveCfg = Release|Any CPU
		{DB776599-0814-4608-AA1B-38234CF65B2B}.Release|x86.Build.0 = Release|Any CPU
		{608F1EB8-5905-45EF-8D66-FED15225F7F4}.All|Any CPU.ActiveCfg = Apply Migrations|Any CPU
		{608F1EB8-5905-45EF-8D66-FED15225F7F4}.All|Any CPU.Build.0 = Apply Migrations|Any CPU
		{608F1EB8-5905-45EF-8D66-FED15225F7F4}.All|ARM.ActiveCfg = Apply Migrations|Any CPU
		{608F1EB8-5905-45EF-8D66-FED15225F7F4}.All|ARM.Build.0 = Apply Migrations|Any CPU
		{608F1EB8-5905-45EF-8D66-FED15225F7F4}.All|ARM64.ActiveCfg = Apply Migrations|Any CPU
		{608F1EB8-5905-45EF-8D66-FED15225F7F4}.All|ARM64.Build.0 = Apply Migrations|Any CPU
		{608F1EB8-5905-45EF-8D66-FED15225F7F4}.All|x64.ActiveCfg = Apply Migrations|Any CPU
		{608F1EB8-5905-45EF-8D66-FED15225F7F4}.All|x64.Build.0 = Apply Migrations|Any CPU
		{608F1EB8-5905-45EF-8D66-FED15225F7F4}.All|x86.ActiveCfg = Apply Migrations|Any CPU
		{608F1EB8-5905-45EF-8D66-FED15225F7F4}.All|x86.Build.0 = Apply Migrations|Any CPU
		{608F1EB8-5905-45EF-8D66-FED15225F7F4}.Apply Migrations|Any CPU.ActiveCfg = Apply Migrations|Any CPU
		{608F1EB8-5905-45EF-8D66-FED15225F7F4}.Apply Migrations|Any CPU.Build.0 = Apply Migrations|Any CPU
		{608F1EB8-5905-45EF-8D66-FED15225F7F4}.Apply Migrations|ARM.ActiveCfg = Apply Migrations|Any CPU
		{608F1EB8-5905-45EF-8D66-FED15225F7F4}.Apply Migrations|ARM.Build.0 = Apply Migrations|Any CPU
		{608F1EB8-5905-45EF-8D66-FED15225F7F4}.Apply Migrations|ARM64.ActiveCfg = Apply Migrations|Any CPU
		{608F1EB8-5905-45EF-8D66-FED15225F7F4}.Apply Migrations|ARM64.Build.0 = Apply Migrations|Any CPU
		{608F1EB8-5905-45EF-8D66-FED15225F7F4}.Apply Migrations|x64.ActiveCfg = Apply Migrations|Any CPU
		{608F1EB8-5905-45EF-8D66-FED15225F7F4}.Apply Migrations|x64.Build.0 = Apply Migrations|Any CPU
		{608F1EB8-5905-45EF-8D66-FED15225F7F4}.Apply Migrations|x86.ActiveCfg = Apply Migrations|Any CPU
		{608F1EB8-5905-45EF-8D66-FED15225F7F4}.Apply Migrations|x86.Build.0 = Apply Migrations|Any CPU
		{608F1EB8-5905-45EF-8D66-FED15225F7F4}.Blazor Release|Any CPU.ActiveCfg = Blazor Release|Any CPU
		{608F1EB8-5905-45EF-8D66-FED15225F7F4}.Blazor Release|Any CPU.Build.0 = Blazor Release|Any CPU
		{608F1EB8-5905-45EF-8D66-FED15225F7F4}.Blazor Release|ARM.ActiveCfg = Blazor Release|Any CPU
		{608F1EB8-5905-45EF-8D66-FED15225F7F4}.Blazor Release|ARM.Build.0 = Blazor Release|Any CPU
		{608F1EB8-5905-45EF-8D66-FED15225F7F4}.Blazor Release|ARM64.ActiveCfg = Blazor Release|Any CPU
		{608F1EB8-5905-45EF-8D66-FED15225F7F4}.Blazor Release|ARM64.Build.0 = Blazor Release|Any CPU
		{608F1EB8-5905-45EF-8D66-FED15225F7F4}.Blazor Release|x64.ActiveCfg = Blazor Release|Any CPU
		{608F1EB8-5905-45EF-8D66-FED15225F7F4}.Blazor Release|x64.Build.0 = Blazor Release|Any CPU
		{608F1EB8-5905-45EF-8D66-FED15225F7F4}.Blazor Release|x86.ActiveCfg = Blazor Release|Any CPU
		{608F1EB8-5905-45EF-8D66-FED15225F7F4}.Blazor Release|x86.Build.0 = Blazor Release|Any CPU
		{608F1EB8-5905-45EF-8D66-FED15225F7F4}.Debug|Any CPU.ActiveCfg = Debug|Any CPU
		{608F1EB8-5905-45EF-8D66-FED15225F7F4}.Debug|Any CPU.Build.0 = Debug|Any CPU
		{608F1EB8-5905-45EF-8D66-FED15225F7F4}.Debug|ARM.ActiveCfg = Debug|Any CPU
		{608F1EB8-5905-45EF-8D66-FED15225F7F4}.Debug|ARM.Build.0 = Debug|Any CPU
		{608F1EB8-5905-45EF-8D66-FED15225F7F4}.Debug|ARM64.ActiveCfg = Debug|Any CPU
		{608F1EB8-5905-45EF-8D66-FED15225F7F4}.Debug|ARM64.Build.0 = Debug|Any CPU
		{608F1EB8-5905-45EF-8D66-FED15225F7F4}.Debug|x64.ActiveCfg = Debug|Any CPU
		{608F1EB8-5905-45EF-8D66-FED15225F7F4}.Debug|x64.Build.0 = Debug|Any CPU
		{608F1EB8-5905-45EF-8D66-FED15225F7F4}.Debug|x86.ActiveCfg = Debug|Any CPU
		{608F1EB8-5905-45EF-8D66-FED15225F7F4}.Debug|x86.Build.0 = Debug|Any CPU
		{608F1EB8-5905-45EF-8D66-FED15225F7F4}.Release|Any CPU.ActiveCfg = Release|Any CPU
		{608F1EB8-5905-45EF-8D66-FED15225F7F4}.Release|Any CPU.Build.0 = Release|Any CPU
		{608F1EB8-5905-45EF-8D66-FED15225F7F4}.Release|ARM.ActiveCfg = Release|Any CPU
		{608F1EB8-5905-45EF-8D66-FED15225F7F4}.Release|ARM.Build.0 = Release|Any CPU
		{608F1EB8-5905-45EF-8D66-FED15225F7F4}.Release|ARM64.ActiveCfg = Release|Any CPU
		{608F1EB8-5905-45EF-8D66-FED15225F7F4}.Release|ARM64.Build.0 = Release|Any CPU
		{608F1EB8-5905-45EF-8D66-FED15225F7F4}.Release|x64.ActiveCfg = Release|Any CPU
		{608F1EB8-5905-45EF-8D66-FED15225F7F4}.Release|x64.Build.0 = Release|Any CPU
		{608F1EB8-5905-45EF-8D66-FED15225F7F4}.Release|x86.ActiveCfg = Release|Any CPU
		{608F1EB8-5905-45EF-8D66-FED15225F7F4}.Release|x86.Build.0 = Release|Any CPU
		{0F90928C-4F7B-40C4-9450-7273F02C2135}.All|Any CPU.ActiveCfg = Debug|Any CPU
		{0F90928C-4F7B-40C4-9450-7273F02C2135}.All|Any CPU.Build.0 = Debug|Any CPU
		{0F90928C-4F7B-40C4-9450-7273F02C2135}.All|ARM.ActiveCfg = Debug|Any CPU
		{0F90928C-4F7B-40C4-9450-7273F02C2135}.All|ARM.Build.0 = Debug|Any CPU
		{0F90928C-4F7B-40C4-9450-7273F02C2135}.All|ARM64.ActiveCfg = Debug|Any CPU
		{0F90928C-4F7B-40C4-9450-7273F02C2135}.All|ARM64.Build.0 = Debug|Any CPU
		{0F90928C-4F7B-40C4-9450-7273F02C2135}.All|x64.ActiveCfg = Debug|Any CPU
		{0F90928C-4F7B-40C4-9450-7273F02C2135}.All|x64.Build.0 = Debug|Any CPU
		{0F90928C-4F7B-40C4-9450-7273F02C2135}.All|x86.ActiveCfg = Debug|Any CPU
		{0F90928C-4F7B-40C4-9450-7273F02C2135}.All|x86.Build.0 = Debug|Any CPU
		{0F90928C-4F7B-40C4-9450-7273F02C2135}.Apply Migrations|Any CPU.ActiveCfg = Debug|Any CPU
		{0F90928C-4F7B-40C4-9450-7273F02C2135}.Apply Migrations|Any CPU.Build.0 = Debug|Any CPU
		{0F90928C-4F7B-40C4-9450-7273F02C2135}.Apply Migrations|ARM.ActiveCfg = Debug|Any CPU
		{0F90928C-4F7B-40C4-9450-7273F02C2135}.Apply Migrations|ARM.Build.0 = Debug|Any CPU
		{0F90928C-4F7B-40C4-9450-7273F02C2135}.Apply Migrations|ARM64.ActiveCfg = Debug|Any CPU
		{0F90928C-4F7B-40C4-9450-7273F02C2135}.Apply Migrations|ARM64.Build.0 = Debug|Any CPU
		{0F90928C-4F7B-40C4-9450-7273F02C2135}.Apply Migrations|x64.ActiveCfg = Debug|Any CPU
		{0F90928C-4F7B-40C4-9450-7273F02C2135}.Apply Migrations|x64.Build.0 = Debug|Any CPU
		{0F90928C-4F7B-40C4-9450-7273F02C2135}.Apply Migrations|x86.ActiveCfg = Debug|Any CPU
		{0F90928C-4F7B-40C4-9450-7273F02C2135}.Apply Migrations|x86.Build.0 = Debug|Any CPU
		{0F90928C-4F7B-40C4-9450-7273F02C2135}.Blazor Release|Any CPU.ActiveCfg = Release|Any CPU
		{0F90928C-4F7B-40C4-9450-7273F02C2135}.Blazor Release|Any CPU.Build.0 = Release|Any CPU
		{0F90928C-4F7B-40C4-9450-7273F02C2135}.Blazor Release|ARM.ActiveCfg = Release|Any CPU
		{0F90928C-4F7B-40C4-9450-7273F02C2135}.Blazor Release|ARM.Build.0 = Release|Any CPU
		{0F90928C-4F7B-40C4-9450-7273F02C2135}.Blazor Release|ARM64.ActiveCfg = Release|Any CPU
		{0F90928C-4F7B-40C4-9450-7273F02C2135}.Blazor Release|ARM64.Build.0 = Release|Any CPU
		{0F90928C-4F7B-40C4-9450-7273F02C2135}.Blazor Release|x64.ActiveCfg = Release|Any CPU
		{0F90928C-4F7B-40C4-9450-7273F02C2135}.Blazor Release|x64.Build.0 = Release|Any CPU
		{0F90928C-4F7B-40C4-9450-7273F02C2135}.Blazor Release|x86.ActiveCfg = Release|Any CPU
		{0F90928C-4F7B-40C4-9450-7273F02C2135}.Blazor Release|x86.Build.0 = Release|Any CPU
		{0F90928C-4F7B-40C4-9450-7273F02C2135}.Debug|Any CPU.ActiveCfg = Debug|Any CPU
		{0F90928C-4F7B-40C4-9450-7273F02C2135}.Debug|Any CPU.Build.0 = Debug|Any CPU
		{0F90928C-4F7B-40C4-9450-7273F02C2135}.Debug|ARM.ActiveCfg = Debug|Any CPU
		{0F90928C-4F7B-40C4-9450-7273F02C2135}.Debug|ARM.Build.0 = Debug|Any CPU
		{0F90928C-4F7B-40C4-9450-7273F02C2135}.Debug|ARM64.ActiveCfg = Debug|Any CPU
		{0F90928C-4F7B-40C4-9450-7273F02C2135}.Debug|ARM64.Build.0 = Debug|Any CPU
		{0F90928C-4F7B-40C4-9450-7273F02C2135}.Debug|x64.ActiveCfg = Debug|Any CPU
		{0F90928C-4F7B-40C4-9450-7273F02C2135}.Debug|x64.Build.0 = Debug|Any CPU
		{0F90928C-4F7B-40C4-9450-7273F02C2135}.Debug|x86.ActiveCfg = Debug|Any CPU
		{0F90928C-4F7B-40C4-9450-7273F02C2135}.Debug|x86.Build.0 = Debug|Any CPU
		{0F90928C-4F7B-40C4-9450-7273F02C2135}.Release|Any CPU.ActiveCfg = Release|Any CPU
		{0F90928C-4F7B-40C4-9450-7273F02C2135}.Release|Any CPU.Build.0 = Release|Any CPU
		{0F90928C-4F7B-40C4-9450-7273F02C2135}.Release|ARM.ActiveCfg = Release|Any CPU
		{0F90928C-4F7B-40C4-9450-7273F02C2135}.Release|ARM.Build.0 = Release|Any CPU
		{0F90928C-4F7B-40C4-9450-7273F02C2135}.Release|ARM64.ActiveCfg = Release|Any CPU
		{0F90928C-4F7B-40C4-9450-7273F02C2135}.Release|ARM64.Build.0 = Release|Any CPU
		{0F90928C-4F7B-40C4-9450-7273F02C2135}.Release|x64.ActiveCfg = Release|Any CPU
		{0F90928C-4F7B-40C4-9450-7273F02C2135}.Release|x64.Build.0 = Release|Any CPU
		{0F90928C-4F7B-40C4-9450-7273F02C2135}.Release|x86.ActiveCfg = Release|Any CPU
		{0F90928C-4F7B-40C4-9450-7273F02C2135}.Release|x86.Build.0 = Release|Any CPU
		{207C5C26-E64B-4F11-BDF8-2F8CC0ED613D}.All|Any CPU.ActiveCfg = Debug|Any CPU
		{207C5C26-E64B-4F11-BDF8-2F8CC0ED613D}.All|Any CPU.Build.0 = Debug|Any CPU
		{207C5C26-E64B-4F11-BDF8-2F8CC0ED613D}.All|ARM.ActiveCfg = Debug|Any CPU
		{207C5C26-E64B-4F11-BDF8-2F8CC0ED613D}.All|ARM.Build.0 = Debug|Any CPU
		{207C5C26-E64B-4F11-BDF8-2F8CC0ED613D}.All|ARM64.ActiveCfg = Debug|Any CPU
		{207C5C26-E64B-4F11-BDF8-2F8CC0ED613D}.All|ARM64.Build.0 = Debug|Any CPU
		{207C5C26-E64B-4F11-BDF8-2F8CC0ED613D}.All|x64.ActiveCfg = Debug|Any CPU
		{207C5C26-E64B-4F11-BDF8-2F8CC0ED613D}.All|x64.Build.0 = Debug|Any CPU
		{207C5C26-E64B-4F11-BDF8-2F8CC0ED613D}.All|x86.ActiveCfg = Debug|Any CPU
		{207C5C26-E64B-4F11-BDF8-2F8CC0ED613D}.All|x86.Build.0 = Debug|Any CPU
		{207C5C26-E64B-4F11-BDF8-2F8CC0ED613D}.Apply Migrations|Any CPU.ActiveCfg = Debug|Any CPU
		{207C5C26-E64B-4F11-BDF8-2F8CC0ED613D}.Apply Migrations|Any CPU.Build.0 = Debug|Any CPU
		{207C5C26-E64B-4F11-BDF8-2F8CC0ED613D}.Apply Migrations|ARM.ActiveCfg = Debug|Any CPU
		{207C5C26-E64B-4F11-BDF8-2F8CC0ED613D}.Apply Migrations|ARM.Build.0 = Debug|Any CPU
		{207C5C26-E64B-4F11-BDF8-2F8CC0ED613D}.Apply Migrations|ARM64.ActiveCfg = Debug|Any CPU
		{207C5C26-E64B-4F11-BDF8-2F8CC0ED613D}.Apply Migrations|ARM64.Build.0 = Debug|Any CPU
		{207C5C26-E64B-4F11-BDF8-2F8CC0ED613D}.Apply Migrations|x64.ActiveCfg = Debug|Any CPU
		{207C5C26-E64B-4F11-BDF8-2F8CC0ED613D}.Apply Migrations|x64.Build.0 = Debug|Any CPU
		{207C5C26-E64B-4F11-BDF8-2F8CC0ED613D}.Apply Migrations|x86.ActiveCfg = Debug|Any CPU
		{207C5C26-E64B-4F11-BDF8-2F8CC0ED613D}.Apply Migrations|x86.Build.0 = Debug|Any CPU
		{207C5C26-E64B-4F11-BDF8-2F8CC0ED613D}.Blazor Release|Any CPU.ActiveCfg = Release|Any CPU
		{207C5C26-E64B-4F11-BDF8-2F8CC0ED613D}.Blazor Release|Any CPU.Build.0 = Release|Any CPU
		{207C5C26-E64B-4F11-BDF8-2F8CC0ED613D}.Blazor Release|ARM.ActiveCfg = Release|Any CPU
		{207C5C26-E64B-4F11-BDF8-2F8CC0ED613D}.Blazor Release|ARM.Build.0 = Release|Any CPU
		{207C5C26-E64B-4F11-BDF8-2F8CC0ED613D}.Blazor Release|ARM64.ActiveCfg = Release|Any CPU
		{207C5C26-E64B-4F11-BDF8-2F8CC0ED613D}.Blazor Release|ARM64.Build.0 = Release|Any CPU
		{207C5C26-E64B-4F11-BDF8-2F8CC0ED613D}.Blazor Release|x64.ActiveCfg = Release|Any CPU
		{207C5C26-E64B-4F11-BDF8-2F8CC0ED613D}.Blazor Release|x64.Build.0 = Release|Any CPU
		{207C5C26-E64B-4F11-BDF8-2F8CC0ED613D}.Blazor Release|x86.ActiveCfg = Release|Any CPU
		{207C5C26-E64B-4F11-BDF8-2F8CC0ED613D}.Blazor Release|x86.Build.0 = Release|Any CPU
		{207C5C26-E64B-4F11-BDF8-2F8CC0ED613D}.Debug|Any CPU.ActiveCfg = Debug|Any CPU
		{207C5C26-E64B-4F11-BDF8-2F8CC0ED613D}.Debug|Any CPU.Build.0 = Debug|Any CPU
		{207C5C26-E64B-4F11-BDF8-2F8CC0ED613D}.Debug|ARM.ActiveCfg = Debug|Any CPU
		{207C5C26-E64B-4F11-BDF8-2F8CC0ED613D}.Debug|ARM.Build.0 = Debug|Any CPU
		{207C5C26-E64B-4F11-BDF8-2F8CC0ED613D}.Debug|ARM64.ActiveCfg = Debug|Any CPU
		{207C5C26-E64B-4F11-BDF8-2F8CC0ED613D}.Debug|ARM64.Build.0 = Debug|Any CPU
		{207C5C26-E64B-4F11-BDF8-2F8CC0ED613D}.Debug|x64.ActiveCfg = Debug|Any CPU
		{207C5C26-E64B-4F11-BDF8-2F8CC0ED613D}.Debug|x64.Build.0 = Debug|Any CPU
		{207C5C26-E64B-4F11-BDF8-2F8CC0ED613D}.Debug|x86.ActiveCfg = Debug|Any CPU
		{207C5C26-E64B-4F11-BDF8-2F8CC0ED613D}.Debug|x86.Build.0 = Debug|Any CPU
		{207C5C26-E64B-4F11-BDF8-2F8CC0ED613D}.Release|Any CPU.ActiveCfg = Release|Any CPU
		{207C5C26-E64B-4F11-BDF8-2F8CC0ED613D}.Release|Any CPU.Build.0 = Release|Any CPU
		{207C5C26-E64B-4F11-BDF8-2F8CC0ED613D}.Release|ARM.ActiveCfg = Release|Any CPU
		{207C5C26-E64B-4F11-BDF8-2F8CC0ED613D}.Release|ARM.Build.0 = Release|Any CPU
		{207C5C26-E64B-4F11-BDF8-2F8CC0ED613D}.Release|ARM64.ActiveCfg = Release|Any CPU
		{207C5C26-E64B-4F11-BDF8-2F8CC0ED613D}.Release|ARM64.Build.0 = Release|Any CPU
		{207C5C26-E64B-4F11-BDF8-2F8CC0ED613D}.Release|x64.ActiveCfg = Release|Any CPU
		{207C5C26-E64B-4F11-BDF8-2F8CC0ED613D}.Release|x64.Build.0 = Release|Any CPU
		{207C5C26-E64B-4F11-BDF8-2F8CC0ED613D}.Release|x86.ActiveCfg = Release|Any CPU
		{207C5C26-E64B-4F11-BDF8-2F8CC0ED613D}.Release|x86.Build.0 = Release|Any CPU
		{2A489ED7-9EAB-43BA-9E8D-1AD06352787B}.All|Any CPU.ActiveCfg = Debug|Any CPU
		{2A489ED7-9EAB-43BA-9E8D-1AD06352787B}.All|Any CPU.Build.0 = Debug|Any CPU
		{2A489ED7-9EAB-43BA-9E8D-1AD06352787B}.All|ARM.ActiveCfg = Debug|Any CPU
		{2A489ED7-9EAB-43BA-9E8D-1AD06352787B}.All|ARM.Build.0 = Debug|Any CPU
		{2A489ED7-9EAB-43BA-9E8D-1AD06352787B}.All|ARM64.ActiveCfg = Debug|Any CPU
		{2A489ED7-9EAB-43BA-9E8D-1AD06352787B}.All|ARM64.Build.0 = Debug|Any CPU
		{2A489ED7-9EAB-43BA-9E8D-1AD06352787B}.All|x64.ActiveCfg = Debug|Any CPU
		{2A489ED7-9EAB-43BA-9E8D-1AD06352787B}.All|x64.Build.0 = Debug|Any CPU
		{2A489ED7-9EAB-43BA-9E8D-1AD06352787B}.All|x86.ActiveCfg = Debug|Any CPU
		{2A489ED7-9EAB-43BA-9E8D-1AD06352787B}.All|x86.Build.0 = Debug|Any CPU
		{2A489ED7-9EAB-43BA-9E8D-1AD06352787B}.Apply Migrations|Any CPU.ActiveCfg = Debug|Any CPU
		{2A489ED7-9EAB-43BA-9E8D-1AD06352787B}.Apply Migrations|Any CPU.Build.0 = Debug|Any CPU
		{2A489ED7-9EAB-43BA-9E8D-1AD06352787B}.Apply Migrations|ARM.ActiveCfg = Debug|Any CPU
		{2A489ED7-9EAB-43BA-9E8D-1AD06352787B}.Apply Migrations|ARM.Build.0 = Debug|Any CPU
		{2A489ED7-9EAB-43BA-9E8D-1AD06352787B}.Apply Migrations|ARM64.ActiveCfg = Debug|Any CPU
		{2A489ED7-9EAB-43BA-9E8D-1AD06352787B}.Apply Migrations|ARM64.Build.0 = Debug|Any CPU
		{2A489ED7-9EAB-43BA-9E8D-1AD06352787B}.Apply Migrations|x64.ActiveCfg = Debug|Any CPU
		{2A489ED7-9EAB-43BA-9E8D-1AD06352787B}.Apply Migrations|x64.Build.0 = Debug|Any CPU
		{2A489ED7-9EAB-43BA-9E8D-1AD06352787B}.Apply Migrations|x86.ActiveCfg = Debug|Any CPU
		{2A489ED7-9EAB-43BA-9E8D-1AD06352787B}.Apply Migrations|x86.Build.0 = Debug|Any CPU
		{2A489ED7-9EAB-43BA-9E8D-1AD06352787B}.Blazor Release|Any CPU.ActiveCfg = Release|Any CPU
		{2A489ED7-9EAB-43BA-9E8D-1AD06352787B}.Blazor Release|Any CPU.Build.0 = Release|Any CPU
		{2A489ED7-9EAB-43BA-9E8D-1AD06352787B}.Blazor Release|ARM.ActiveCfg = Release|Any CPU
		{2A489ED7-9EAB-43BA-9E8D-1AD06352787B}.Blazor Release|ARM.Build.0 = Release|Any CPU
		{2A489ED7-9EAB-43BA-9E8D-1AD06352787B}.Blazor Release|ARM64.ActiveCfg = Release|Any CPU
		{2A489ED7-9EAB-43BA-9E8D-1AD06352787B}.Blazor Release|ARM64.Build.0 = Release|Any CPU
		{2A489ED7-9EAB-43BA-9E8D-1AD06352787B}.Blazor Release|x64.ActiveCfg = Release|Any CPU
		{2A489ED7-9EAB-43BA-9E8D-1AD06352787B}.Blazor Release|x64.Build.0 = Release|Any CPU
		{2A489ED7-9EAB-43BA-9E8D-1AD06352787B}.Blazor Release|x86.ActiveCfg = Release|Any CPU
		{2A489ED7-9EAB-43BA-9E8D-1AD06352787B}.Blazor Release|x86.Build.0 = Release|Any CPU
		{2A489ED7-9EAB-43BA-9E8D-1AD06352787B}.Debug|Any CPU.ActiveCfg = Debug|Any CPU
		{2A489ED7-9EAB-43BA-9E8D-1AD06352787B}.Debug|Any CPU.Build.0 = Debug|Any CPU
		{2A489ED7-9EAB-43BA-9E8D-1AD06352787B}.Debug|ARM.ActiveCfg = Debug|Any CPU
		{2A489ED7-9EAB-43BA-9E8D-1AD06352787B}.Debug|ARM.Build.0 = Debug|Any CPU
		{2A489ED7-9EAB-43BA-9E8D-1AD06352787B}.Debug|ARM64.ActiveCfg = Debug|Any CPU
		{2A489ED7-9EAB-43BA-9E8D-1AD06352787B}.Debug|ARM64.Build.0 = Debug|Any CPU
		{2A489ED7-9EAB-43BA-9E8D-1AD06352787B}.Debug|x64.ActiveCfg = Debug|Any CPU
		{2A489ED7-9EAB-43BA-9E8D-1AD06352787B}.Debug|x64.Build.0 = Debug|Any CPU
		{2A489ED7-9EAB-43BA-9E8D-1AD06352787B}.Debug|x86.ActiveCfg = Debug|Any CPU
		{2A489ED7-9EAB-43BA-9E8D-1AD06352787B}.Debug|x86.Build.0 = Debug|Any CPU
		{2A489ED7-9EAB-43BA-9E8D-1AD06352787B}.Release|Any CPU.ActiveCfg = Release|Any CPU
		{2A489ED7-9EAB-43BA-9E8D-1AD06352787B}.Release|Any CPU.Build.0 = Release|Any CPU
		{2A489ED7-9EAB-43BA-9E8D-1AD06352787B}.Release|ARM.ActiveCfg = Release|Any CPU
		{2A489ED7-9EAB-43BA-9E8D-1AD06352787B}.Release|ARM.Build.0 = Release|Any CPU
		{2A489ED7-9EAB-43BA-9E8D-1AD06352787B}.Release|ARM64.ActiveCfg = Release|Any CPU
		{2A489ED7-9EAB-43BA-9E8D-1AD06352787B}.Release|ARM64.Build.0 = Release|Any CPU
		{2A489ED7-9EAB-43BA-9E8D-1AD06352787B}.Release|x64.ActiveCfg = Release|Any CPU
		{2A489ED7-9EAB-43BA-9E8D-1AD06352787B}.Release|x64.Build.0 = Release|Any CPU
		{2A489ED7-9EAB-43BA-9E8D-1AD06352787B}.Release|x86.ActiveCfg = Release|Any CPU
		{2A489ED7-9EAB-43BA-9E8D-1AD06352787B}.Release|x86.Build.0 = Release|Any CPU
		{19092AFD-0CAB-4D0B-9AD4-757CB529EA24}.All|Any CPU.ActiveCfg = Debug|Any CPU
		{19092AFD-0CAB-4D0B-9AD4-757CB529EA24}.All|Any CPU.Build.0 = Debug|Any CPU
		{19092AFD-0CAB-4D0B-9AD4-757CB529EA24}.All|ARM.ActiveCfg = Debug|Any CPU
		{19092AFD-0CAB-4D0B-9AD4-757CB529EA24}.All|ARM.Build.0 = Debug|Any CPU
		{19092AFD-0CAB-4D0B-9AD4-757CB529EA24}.All|ARM64.ActiveCfg = Debug|Any CPU
		{19092AFD-0CAB-4D0B-9AD4-757CB529EA24}.All|ARM64.Build.0 = Debug|Any CPU
		{19092AFD-0CAB-4D0B-9AD4-757CB529EA24}.All|x64.ActiveCfg = Debug|Any CPU
		{19092AFD-0CAB-4D0B-9AD4-757CB529EA24}.All|x64.Build.0 = Debug|Any CPU
		{19092AFD-0CAB-4D0B-9AD4-757CB529EA24}.All|x86.ActiveCfg = Debug|Any CPU
		{19092AFD-0CAB-4D0B-9AD4-757CB529EA24}.All|x86.Build.0 = Debug|Any CPU
		{19092AFD-0CAB-4D0B-9AD4-757CB529EA24}.Apply Migrations|Any CPU.ActiveCfg = Debug|Any CPU
		{19092AFD-0CAB-4D0B-9AD4-757CB529EA24}.Apply Migrations|Any CPU.Build.0 = Debug|Any CPU
		{19092AFD-0CAB-4D0B-9AD4-757CB529EA24}.Apply Migrations|ARM.ActiveCfg = Debug|Any CPU
		{19092AFD-0CAB-4D0B-9AD4-757CB529EA24}.Apply Migrations|ARM.Build.0 = Debug|Any CPU
		{19092AFD-0CAB-4D0B-9AD4-757CB529EA24}.Apply Migrations|ARM64.ActiveCfg = Debug|Any CPU
		{19092AFD-0CAB-4D0B-9AD4-757CB529EA24}.Apply Migrations|ARM64.Build.0 = Debug|Any CPU
		{19092AFD-0CAB-4D0B-9AD4-757CB529EA24}.Apply Migrations|x64.ActiveCfg = Debug|Any CPU
		{19092AFD-0CAB-4D0B-9AD4-757CB529EA24}.Apply Migrations|x64.Build.0 = Debug|Any CPU
		{19092AFD-0CAB-4D0B-9AD4-757CB529EA24}.Apply Migrations|x86.ActiveCfg = Debug|Any CPU
		{19092AFD-0CAB-4D0B-9AD4-757CB529EA24}.Apply Migrations|x86.Build.0 = Debug|Any CPU
		{19092AFD-0CAB-4D0B-9AD4-757CB529EA24}.Blazor Release|Any CPU.ActiveCfg = Release|Any CPU
		{19092AFD-0CAB-4D0B-9AD4-757CB529EA24}.Blazor Release|Any CPU.Build.0 = Release|Any CPU
		{19092AFD-0CAB-4D0B-9AD4-757CB529EA24}.Blazor Release|ARM.ActiveCfg = Release|Any CPU
		{19092AFD-0CAB-4D0B-9AD4-757CB529EA24}.Blazor Release|ARM.Build.0 = Release|Any CPU
		{19092AFD-0CAB-4D0B-9AD4-757CB529EA24}.Blazor Release|ARM64.ActiveCfg = Release|Any CPU
		{19092AFD-0CAB-4D0B-9AD4-757CB529EA24}.Blazor Release|ARM64.Build.0 = Release|Any CPU
		{19092AFD-0CAB-4D0B-9AD4-757CB529EA24}.Blazor Release|x64.ActiveCfg = Release|Any CPU
		{19092AFD-0CAB-4D0B-9AD4-757CB529EA24}.Blazor Release|x64.Build.0 = Release|Any CPU
		{19092AFD-0CAB-4D0B-9AD4-757CB529EA24}.Blazor Release|x86.ActiveCfg = Release|Any CPU
		{19092AFD-0CAB-4D0B-9AD4-757CB529EA24}.Blazor Release|x86.Build.0 = Release|Any CPU
		{19092AFD-0CAB-4D0B-9AD4-757CB529EA24}.Debug|Any CPU.ActiveCfg = Debug|Any CPU
		{19092AFD-0CAB-4D0B-9AD4-757CB529EA24}.Debug|Any CPU.Build.0 = Debug|Any CPU
		{19092AFD-0CAB-4D0B-9AD4-757CB529EA24}.Debug|ARM.ActiveCfg = Debug|Any CPU
		{19092AFD-0CAB-4D0B-9AD4-757CB529EA24}.Debug|ARM.Build.0 = Debug|Any CPU
		{19092AFD-0CAB-4D0B-9AD4-757CB529EA24}.Debug|ARM64.ActiveCfg = Debug|Any CPU
		{19092AFD-0CAB-4D0B-9AD4-757CB529EA24}.Debug|ARM64.Build.0 = Debug|Any CPU
		{19092AFD-0CAB-4D0B-9AD4-757CB529EA24}.Debug|x64.ActiveCfg = Debug|Any CPU
		{19092AFD-0CAB-4D0B-9AD4-757CB529EA24}.Debug|x64.Build.0 = Debug|Any CPU
		{19092AFD-0CAB-4D0B-9AD4-757CB529EA24}.Debug|x86.ActiveCfg = Debug|Any CPU
		{19092AFD-0CAB-4D0B-9AD4-757CB529EA24}.Debug|x86.Build.0 = Debug|Any CPU
		{19092AFD-0CAB-4D0B-9AD4-757CB529EA24}.Release|Any CPU.ActiveCfg = Release|Any CPU
		{19092AFD-0CAB-4D0B-9AD4-757CB529EA24}.Release|Any CPU.Build.0 = Release|Any CPU
		{19092AFD-0CAB-4D0B-9AD4-757CB529EA24}.Release|ARM.ActiveCfg = Release|Any CPU
		{19092AFD-0CAB-4D0B-9AD4-757CB529EA24}.Release|ARM.Build.0 = Release|Any CPU
		{19092AFD-0CAB-4D0B-9AD4-757CB529EA24}.Release|ARM64.ActiveCfg = Release|Any CPU
		{19092AFD-0CAB-4D0B-9AD4-757CB529EA24}.Release|ARM64.Build.0 = Release|Any CPU
		{19092AFD-0CAB-4D0B-9AD4-757CB529EA24}.Release|x64.ActiveCfg = Release|Any CPU
		{19092AFD-0CAB-4D0B-9AD4-757CB529EA24}.Release|x64.Build.0 = Release|Any CPU
		{19092AFD-0CAB-4D0B-9AD4-757CB529EA24}.Release|x86.ActiveCfg = Release|Any CPU
		{19092AFD-0CAB-4D0B-9AD4-757CB529EA24}.Release|x86.Build.0 = Release|Any CPU
		{FF3C7BA0-9EB6-4207-A635-FC1A9D8C384C}.All|Any CPU.ActiveCfg = Debug|Any CPU
		{FF3C7BA0-9EB6-4207-A635-FC1A9D8C384C}.All|Any CPU.Build.0 = Debug|Any CPU
		{FF3C7BA0-9EB6-4207-A635-FC1A9D8C384C}.All|ARM.ActiveCfg = Debug|Any CPU
		{FF3C7BA0-9EB6-4207-A635-FC1A9D8C384C}.All|ARM.Build.0 = Debug|Any CPU
		{FF3C7BA0-9EB6-4207-A635-FC1A9D8C384C}.All|ARM64.ActiveCfg = Debug|Any CPU
		{FF3C7BA0-9EB6-4207-A635-FC1A9D8C384C}.All|ARM64.Build.0 = Debug|Any CPU
		{FF3C7BA0-9EB6-4207-A635-FC1A9D8C384C}.All|x64.ActiveCfg = Debug|Any CPU
		{FF3C7BA0-9EB6-4207-A635-FC1A9D8C384C}.All|x64.Build.0 = Debug|Any CPU
		{FF3C7BA0-9EB6-4207-A635-FC1A9D8C384C}.All|x86.ActiveCfg = Debug|Any CPU
		{FF3C7BA0-9EB6-4207-A635-FC1A9D8C384C}.All|x86.Build.0 = Debug|Any CPU
		{FF3C7BA0-9EB6-4207-A635-FC1A9D8C384C}.Apply Migrations|Any CPU.ActiveCfg = Debug|Any CPU
		{FF3C7BA0-9EB6-4207-A635-FC1A9D8C384C}.Apply Migrations|Any CPU.Build.0 = Debug|Any CPU
		{FF3C7BA0-9EB6-4207-A635-FC1A9D8C384C}.Apply Migrations|ARM.ActiveCfg = Debug|Any CPU
		{FF3C7BA0-9EB6-4207-A635-FC1A9D8C384C}.Apply Migrations|ARM.Build.0 = Debug|Any CPU
		{FF3C7BA0-9EB6-4207-A635-FC1A9D8C384C}.Apply Migrations|ARM64.ActiveCfg = Debug|Any CPU
		{FF3C7BA0-9EB6-4207-A635-FC1A9D8C384C}.Apply Migrations|ARM64.Build.0 = Debug|Any CPU
		{FF3C7BA0-9EB6-4207-A635-FC1A9D8C384C}.Apply Migrations|x64.ActiveCfg = Debug|Any CPU
		{FF3C7BA0-9EB6-4207-A635-FC1A9D8C384C}.Apply Migrations|x64.Build.0 = Debug|Any CPU
		{FF3C7BA0-9EB6-4207-A635-FC1A9D8C384C}.Apply Migrations|x86.ActiveCfg = Debug|Any CPU
		{FF3C7BA0-9EB6-4207-A635-FC1A9D8C384C}.Apply Migrations|x86.Build.0 = Debug|Any CPU
		{FF3C7BA0-9EB6-4207-A635-FC1A9D8C384C}.Blazor Release|Any CPU.ActiveCfg = Release|Any CPU
		{FF3C7BA0-9EB6-4207-A635-FC1A9D8C384C}.Blazor Release|Any CPU.Build.0 = Release|Any CPU
		{FF3C7BA0-9EB6-4207-A635-FC1A9D8C384C}.Blazor Release|ARM.ActiveCfg = Release|Any CPU
		{FF3C7BA0-9EB6-4207-A635-FC1A9D8C384C}.Blazor Release|ARM.Build.0 = Release|Any CPU
		{FF3C7BA0-9EB6-4207-A635-FC1A9D8C384C}.Blazor Release|ARM64.ActiveCfg = Release|Any CPU
		{FF3C7BA0-9EB6-4207-A635-FC1A9D8C384C}.Blazor Release|ARM64.Build.0 = Release|Any CPU
		{FF3C7BA0-9EB6-4207-A635-FC1A9D8C384C}.Blazor Release|x64.ActiveCfg = Release|Any CPU
		{FF3C7BA0-9EB6-4207-A635-FC1A9D8C384C}.Blazor Release|x64.Build.0 = Release|Any CPU
		{FF3C7BA0-9EB6-4207-A635-FC1A9D8C384C}.Blazor Release|x86.ActiveCfg = Release|Any CPU
		{FF3C7BA0-9EB6-4207-A635-FC1A9D8C384C}.Blazor Release|x86.Build.0 = Release|Any CPU
		{FF3C7BA0-9EB6-4207-A635-FC1A9D8C384C}.Debug|Any CPU.ActiveCfg = Debug|Any CPU
		{FF3C7BA0-9EB6-4207-A635-FC1A9D8C384C}.Debug|Any CPU.Build.0 = Debug|Any CPU
		{FF3C7BA0-9EB6-4207-A635-FC1A9D8C384C}.Debug|ARM.ActiveCfg = Debug|Any CPU
		{FF3C7BA0-9EB6-4207-A635-FC1A9D8C384C}.Debug|ARM.Build.0 = Debug|Any CPU
		{FF3C7BA0-9EB6-4207-A635-FC1A9D8C384C}.Debug|ARM64.ActiveCfg = Debug|Any CPU
		{FF3C7BA0-9EB6-4207-A635-FC1A9D8C384C}.Debug|ARM64.Build.0 = Debug|Any CPU
		{FF3C7BA0-9EB6-4207-A635-FC1A9D8C384C}.Debug|x64.ActiveCfg = Debug|Any CPU
		{FF3C7BA0-9EB6-4207-A635-FC1A9D8C384C}.Debug|x64.Build.0 = Debug|Any CPU
		{FF3C7BA0-9EB6-4207-A635-FC1A9D8C384C}.Debug|x86.ActiveCfg = Debug|Any CPU
		{FF3C7BA0-9EB6-4207-A635-FC1A9D8C384C}.Debug|x86.Build.0 = Debug|Any CPU
		{FF3C7BA0-9EB6-4207-A635-FC1A9D8C384C}.Release|Any CPU.ActiveCfg = Release|Any CPU
		{FF3C7BA0-9EB6-4207-A635-FC1A9D8C384C}.Release|Any CPU.Build.0 = Release|Any CPU
		{FF3C7BA0-9EB6-4207-A635-FC1A9D8C384C}.Release|ARM.ActiveCfg = Release|Any CPU
		{FF3C7BA0-9EB6-4207-A635-FC1A9D8C384C}.Release|ARM.Build.0 = Release|Any CPU
		{FF3C7BA0-9EB6-4207-A635-FC1A9D8C384C}.Release|ARM64.ActiveCfg = Release|Any CPU
		{FF3C7BA0-9EB6-4207-A635-FC1A9D8C384C}.Release|ARM64.Build.0 = Release|Any CPU
		{FF3C7BA0-9EB6-4207-A635-FC1A9D8C384C}.Release|x64.ActiveCfg = Release|Any CPU
		{FF3C7BA0-9EB6-4207-A635-FC1A9D8C384C}.Release|x64.Build.0 = Release|Any CPU
		{FF3C7BA0-9EB6-4207-A635-FC1A9D8C384C}.Release|x86.ActiveCfg = Release|Any CPU
		{FF3C7BA0-9EB6-4207-A635-FC1A9D8C384C}.Release|x86.Build.0 = Release|Any CPU
		{F6DF60C3-FC8F-4016-8895-7DAFA0A24186}.All|Any CPU.ActiveCfg = Debug|Any CPU
		{F6DF60C3-FC8F-4016-8895-7DAFA0A24186}.All|Any CPU.Build.0 = Debug|Any CPU
		{F6DF60C3-FC8F-4016-8895-7DAFA0A24186}.All|ARM.ActiveCfg = Debug|Any CPU
		{F6DF60C3-FC8F-4016-8895-7DAFA0A24186}.All|ARM.Build.0 = Debug|Any CPU
		{F6DF60C3-FC8F-4016-8895-7DAFA0A24186}.All|ARM64.ActiveCfg = Debug|Any CPU
		{F6DF60C3-FC8F-4016-8895-7DAFA0A24186}.All|ARM64.Build.0 = Debug|Any CPU
		{F6DF60C3-FC8F-4016-8895-7DAFA0A24186}.All|x64.ActiveCfg = Debug|Any CPU
		{F6DF60C3-FC8F-4016-8895-7DAFA0A24186}.All|x64.Build.0 = Debug|Any CPU
		{F6DF60C3-FC8F-4016-8895-7DAFA0A24186}.All|x86.ActiveCfg = Debug|Any CPU
		{F6DF60C3-FC8F-4016-8895-7DAFA0A24186}.All|x86.Build.0 = Debug|Any CPU
		{F6DF60C3-FC8F-4016-8895-7DAFA0A24186}.Apply Migrations|Any CPU.ActiveCfg = Debug|Any CPU
		{F6DF60C3-FC8F-4016-8895-7DAFA0A24186}.Apply Migrations|Any CPU.Build.0 = Debug|Any CPU
		{F6DF60C3-FC8F-4016-8895-7DAFA0A24186}.Apply Migrations|ARM.ActiveCfg = Debug|Any CPU
		{F6DF60C3-FC8F-4016-8895-7DAFA0A24186}.Apply Migrations|ARM.Build.0 = Debug|Any CPU
		{F6DF60C3-FC8F-4016-8895-7DAFA0A24186}.Apply Migrations|ARM64.ActiveCfg = Debug|Any CPU
		{F6DF60C3-FC8F-4016-8895-7DAFA0A24186}.Apply Migrations|ARM64.Build.0 = Debug|Any CPU
		{F6DF60C3-FC8F-4016-8895-7DAFA0A24186}.Apply Migrations|x64.ActiveCfg = Debug|Any CPU
		{F6DF60C3-FC8F-4016-8895-7DAFA0A24186}.Apply Migrations|x64.Build.0 = Debug|Any CPU
		{F6DF60C3-FC8F-4016-8895-7DAFA0A24186}.Apply Migrations|x86.ActiveCfg = Debug|Any CPU
		{F6DF60C3-FC8F-4016-8895-7DAFA0A24186}.Apply Migrations|x86.Build.0 = Debug|Any CPU
		{F6DF60C3-FC8F-4016-8895-7DAFA0A24186}.Blazor Release|Any CPU.ActiveCfg = Release|Any CPU
		{F6DF60C3-FC8F-4016-8895-7DAFA0A24186}.Blazor Release|Any CPU.Build.0 = Release|Any CPU
		{F6DF60C3-FC8F-4016-8895-7DAFA0A24186}.Blazor Release|ARM.ActiveCfg = Release|Any CPU
		{F6DF60C3-FC8F-4016-8895-7DAFA0A24186}.Blazor Release|ARM.Build.0 = Release|Any CPU
		{F6DF60C3-FC8F-4016-8895-7DAFA0A24186}.Blazor Release|ARM64.ActiveCfg = Release|Any CPU
		{F6DF60C3-FC8F-4016-8895-7DAFA0A24186}.Blazor Release|ARM64.Build.0 = Release|Any CPU
		{F6DF60C3-FC8F-4016-8895-7DAFA0A24186}.Blazor Release|x64.ActiveCfg = Release|Any CPU
		{F6DF60C3-FC8F-4016-8895-7DAFA0A24186}.Blazor Release|x64.Build.0 = Release|Any CPU
		{F6DF60C3-FC8F-4016-8895-7DAFA0A24186}.Blazor Release|x86.ActiveCfg = Release|Any CPU
		{F6DF60C3-FC8F-4016-8895-7DAFA0A24186}.Blazor Release|x86.Build.0 = Release|Any CPU
		{F6DF60C3-FC8F-4016-8895-7DAFA0A24186}.Debug|Any CPU.ActiveCfg = Debug|Any CPU
		{F6DF60C3-FC8F-4016-8895-7DAFA0A24186}.Debug|Any CPU.Build.0 = Debug|Any CPU
		{F6DF60C3-FC8F-4016-8895-7DAFA0A24186}.Debug|ARM.ActiveCfg = Debug|Any CPU
		{F6DF60C3-FC8F-4016-8895-7DAFA0A24186}.Debug|ARM.Build.0 = Debug|Any CPU
		{F6DF60C3-FC8F-4016-8895-7DAFA0A24186}.Debug|ARM64.ActiveCfg = Debug|Any CPU
		{F6DF60C3-FC8F-4016-8895-7DAFA0A24186}.Debug|ARM64.Build.0 = Debug|Any CPU
		{F6DF60C3-FC8F-4016-8895-7DAFA0A24186}.Debug|x64.ActiveCfg = Debug|Any CPU
		{F6DF60C3-FC8F-4016-8895-7DAFA0A24186}.Debug|x64.Build.0 = Debug|Any CPU
		{F6DF60C3-FC8F-4016-8895-7DAFA0A24186}.Debug|x86.ActiveCfg = Debug|Any CPU
		{F6DF60C3-FC8F-4016-8895-7DAFA0A24186}.Debug|x86.Build.0 = Debug|Any CPU
		{F6DF60C3-FC8F-4016-8895-7DAFA0A24186}.Release|Any CPU.ActiveCfg = Release|Any CPU
		{F6DF60C3-FC8F-4016-8895-7DAFA0A24186}.Release|Any CPU.Build.0 = Release|Any CPU
		{F6DF60C3-FC8F-4016-8895-7DAFA0A24186}.Release|ARM.ActiveCfg = Release|Any CPU
		{F6DF60C3-FC8F-4016-8895-7DAFA0A24186}.Release|ARM.Build.0 = Release|Any CPU
		{F6DF60C3-FC8F-4016-8895-7DAFA0A24186}.Release|ARM64.ActiveCfg = Release|Any CPU
		{F6DF60C3-FC8F-4016-8895-7DAFA0A24186}.Release|ARM64.Build.0 = Release|Any CPU
		{F6DF60C3-FC8F-4016-8895-7DAFA0A24186}.Release|x64.ActiveCfg = Release|Any CPU
		{F6DF60C3-FC8F-4016-8895-7DAFA0A24186}.Release|x64.Build.0 = Release|Any CPU
		{F6DF60C3-FC8F-4016-8895-7DAFA0A24186}.Release|x86.ActiveCfg = Release|Any CPU
		{F6DF60C3-FC8F-4016-8895-7DAFA0A24186}.Release|x86.Build.0 = Release|Any CPU
		{DFDFBEEE-A63C-45A2-8ED6-FF3BBFD236A1}.All|Any CPU.ActiveCfg = Debug|Any CPU
		{DFDFBEEE-A63C-45A2-8ED6-FF3BBFD236A1}.All|Any CPU.Build.0 = Debug|Any CPU
		{DFDFBEEE-A63C-45A2-8ED6-FF3BBFD236A1}.All|ARM.ActiveCfg = Debug|Any CPU
		{DFDFBEEE-A63C-45A2-8ED6-FF3BBFD236A1}.All|ARM.Build.0 = Debug|Any CPU
		{DFDFBEEE-A63C-45A2-8ED6-FF3BBFD236A1}.All|ARM64.ActiveCfg = Debug|Any CPU
		{DFDFBEEE-A63C-45A2-8ED6-FF3BBFD236A1}.All|ARM64.Build.0 = Debug|Any CPU
		{DFDFBEEE-A63C-45A2-8ED6-FF3BBFD236A1}.All|x64.ActiveCfg = Debug|Any CPU
		{DFDFBEEE-A63C-45A2-8ED6-FF3BBFD236A1}.All|x64.Build.0 = Debug|Any CPU
		{DFDFBEEE-A63C-45A2-8ED6-FF3BBFD236A1}.All|x86.ActiveCfg = Debug|Any CPU
		{DFDFBEEE-A63C-45A2-8ED6-FF3BBFD236A1}.All|x86.Build.0 = Debug|Any CPU
		{DFDFBEEE-A63C-45A2-8ED6-FF3BBFD236A1}.Apply Migrations|Any CPU.ActiveCfg = Debug|Any CPU
		{DFDFBEEE-A63C-45A2-8ED6-FF3BBFD236A1}.Apply Migrations|Any CPU.Build.0 = Debug|Any CPU
		{DFDFBEEE-A63C-45A2-8ED6-FF3BBFD236A1}.Apply Migrations|ARM.ActiveCfg = Debug|Any CPU
		{DFDFBEEE-A63C-45A2-8ED6-FF3BBFD236A1}.Apply Migrations|ARM.Build.0 = Debug|Any CPU
		{DFDFBEEE-A63C-45A2-8ED6-FF3BBFD236A1}.Apply Migrations|ARM64.ActiveCfg = Debug|Any CPU
		{DFDFBEEE-A63C-45A2-8ED6-FF3BBFD236A1}.Apply Migrations|ARM64.Build.0 = Debug|Any CPU
		{DFDFBEEE-A63C-45A2-8ED6-FF3BBFD236A1}.Apply Migrations|x64.ActiveCfg = Debug|Any CPU
		{DFDFBEEE-A63C-45A2-8ED6-FF3BBFD236A1}.Apply Migrations|x64.Build.0 = Debug|Any CPU
		{DFDFBEEE-A63C-45A2-8ED6-FF3BBFD236A1}.Apply Migrations|x86.ActiveCfg = Debug|Any CPU
		{DFDFBEEE-A63C-45A2-8ED6-FF3BBFD236A1}.Apply Migrations|x86.Build.0 = Debug|Any CPU
		{DFDFBEEE-A63C-45A2-8ED6-FF3BBFD236A1}.Blazor Release|Any CPU.ActiveCfg = Release|Any CPU
		{DFDFBEEE-A63C-45A2-8ED6-FF3BBFD236A1}.Blazor Release|Any CPU.Build.0 = Release|Any CPU
		{DFDFBEEE-A63C-45A2-8ED6-FF3BBFD236A1}.Blazor Release|ARM.ActiveCfg = Release|Any CPU
		{DFDFBEEE-A63C-45A2-8ED6-FF3BBFD236A1}.Blazor Release|ARM.Build.0 = Release|Any CPU
		{DFDFBEEE-A63C-45A2-8ED6-FF3BBFD236A1}.Blazor Release|ARM64.ActiveCfg = Release|Any CPU
		{DFDFBEEE-A63C-45A2-8ED6-FF3BBFD236A1}.Blazor Release|ARM64.Build.0 = Release|Any CPU
		{DFDFBEEE-A63C-45A2-8ED6-FF3BBFD236A1}.Blazor Release|x64.ActiveCfg = Release|Any CPU
		{DFDFBEEE-A63C-45A2-8ED6-FF3BBFD236A1}.Blazor Release|x64.Build.0 = Release|Any CPU
		{DFDFBEEE-A63C-45A2-8ED6-FF3BBFD236A1}.Blazor Release|x86.ActiveCfg = Release|Any CPU
		{DFDFBEEE-A63C-45A2-8ED6-FF3BBFD236A1}.Blazor Release|x86.Build.0 = Release|Any CPU
		{DFDFBEEE-A63C-45A2-8ED6-FF3BBFD236A1}.Debug|Any CPU.ActiveCfg = Debug|Any CPU
		{DFDFBEEE-A63C-45A2-8ED6-FF3BBFD236A1}.Debug|Any CPU.Build.0 = Debug|Any CPU
		{DFDFBEEE-A63C-45A2-8ED6-FF3BBFD236A1}.Debug|ARM.ActiveCfg = Debug|Any CPU
		{DFDFBEEE-A63C-45A2-8ED6-FF3BBFD236A1}.Debug|ARM.Build.0 = Debug|Any CPU
		{DFDFBEEE-A63C-45A2-8ED6-FF3BBFD236A1}.Debug|ARM64.ActiveCfg = Debug|Any CPU
		{DFDFBEEE-A63C-45A2-8ED6-FF3BBFD236A1}.Debug|ARM64.Build.0 = Debug|Any CPU
		{DFDFBEEE-A63C-45A2-8ED6-FF3BBFD236A1}.Debug|x64.ActiveCfg = Debug|Any CPU
		{DFDFBEEE-A63C-45A2-8ED6-FF3BBFD236A1}.Debug|x64.Build.0 = Debug|Any CPU
		{DFDFBEEE-A63C-45A2-8ED6-FF3BBFD236A1}.Debug|x86.ActiveCfg = Debug|Any CPU
		{DFDFBEEE-A63C-45A2-8ED6-FF3BBFD236A1}.Debug|x86.Build.0 = Debug|Any CPU
		{DFDFBEEE-A63C-45A2-8ED6-FF3BBFD236A1}.Release|Any CPU.ActiveCfg = Release|Any CPU
		{DFDFBEEE-A63C-45A2-8ED6-FF3BBFD236A1}.Release|Any CPU.Build.0 = Release|Any CPU
		{DFDFBEEE-A63C-45A2-8ED6-FF3BBFD236A1}.Release|ARM.ActiveCfg = Release|Any CPU
		{DFDFBEEE-A63C-45A2-8ED6-FF3BBFD236A1}.Release|ARM.Build.0 = Release|Any CPU
		{DFDFBEEE-A63C-45A2-8ED6-FF3BBFD236A1}.Release|ARM64.ActiveCfg = Release|Any CPU
		{DFDFBEEE-A63C-45A2-8ED6-FF3BBFD236A1}.Release|ARM64.Build.0 = Release|Any CPU
		{DFDFBEEE-A63C-45A2-8ED6-FF3BBFD236A1}.Release|x64.ActiveCfg = Release|Any CPU
		{DFDFBEEE-A63C-45A2-8ED6-FF3BBFD236A1}.Release|x64.Build.0 = Release|Any CPU
		{DFDFBEEE-A63C-45A2-8ED6-FF3BBFD236A1}.Release|x86.ActiveCfg = Release|Any CPU
		{DFDFBEEE-A63C-45A2-8ED6-FF3BBFD236A1}.Release|x86.Build.0 = Release|Any CPU
		{FE555724-07D8-4E8C-B4DC-89E776008510}.All|Any CPU.ActiveCfg = Debug|Any CPU
		{FE555724-07D8-4E8C-B4DC-89E776008510}.All|Any CPU.Build.0 = Debug|Any CPU
		{FE555724-07D8-4E8C-B4DC-89E776008510}.All|ARM.ActiveCfg = Debug|Any CPU
		{FE555724-07D8-4E8C-B4DC-89E776008510}.All|ARM.Build.0 = Debug|Any CPU
		{FE555724-07D8-4E8C-B4DC-89E776008510}.All|ARM64.ActiveCfg = Debug|Any CPU
		{FE555724-07D8-4E8C-B4DC-89E776008510}.All|ARM64.Build.0 = Debug|Any CPU
		{FE555724-07D8-4E8C-B4DC-89E776008510}.All|x64.ActiveCfg = Debug|Any CPU
		{FE555724-07D8-4E8C-B4DC-89E776008510}.All|x64.Build.0 = Debug|Any CPU
		{FE555724-07D8-4E8C-B4DC-89E776008510}.All|x86.ActiveCfg = Debug|Any CPU
		{FE555724-07D8-4E8C-B4DC-89E776008510}.All|x86.Build.0 = Debug|Any CPU
		{FE555724-07D8-4E8C-B4DC-89E776008510}.Apply Migrations|Any CPU.ActiveCfg = Debug|Any CPU
		{FE555724-07D8-4E8C-B4DC-89E776008510}.Apply Migrations|Any CPU.Build.0 = Debug|Any CPU
		{FE555724-07D8-4E8C-B4DC-89E776008510}.Apply Migrations|ARM.ActiveCfg = Debug|Any CPU
		{FE555724-07D8-4E8C-B4DC-89E776008510}.Apply Migrations|ARM.Build.0 = Debug|Any CPU
		{FE555724-07D8-4E8C-B4DC-89E776008510}.Apply Migrations|ARM64.ActiveCfg = Debug|Any CPU
		{FE555724-07D8-4E8C-B4DC-89E776008510}.Apply Migrations|ARM64.Build.0 = Debug|Any CPU
		{FE555724-07D8-4E8C-B4DC-89E776008510}.Apply Migrations|x64.ActiveCfg = Debug|Any CPU
		{FE555724-07D8-4E8C-B4DC-89E776008510}.Apply Migrations|x64.Build.0 = Debug|Any CPU
		{FE555724-07D8-4E8C-B4DC-89E776008510}.Apply Migrations|x86.ActiveCfg = Debug|Any CPU
		{FE555724-07D8-4E8C-B4DC-89E776008510}.Apply Migrations|x86.Build.0 = Debug|Any CPU
		{FE555724-07D8-4E8C-B4DC-89E776008510}.Blazor Release|Any CPU.ActiveCfg = Release|Any CPU
		{FE555724-07D8-4E8C-B4DC-89E776008510}.Blazor Release|Any CPU.Build.0 = Release|Any CPU
		{FE555724-07D8-4E8C-B4DC-89E776008510}.Blazor Release|ARM.ActiveCfg = Release|Any CPU
		{FE555724-07D8-4E8C-B4DC-89E776008510}.Blazor Release|ARM.Build.0 = Release|Any CPU
		{FE555724-07D8-4E8C-B4DC-89E776008510}.Blazor Release|ARM64.ActiveCfg = Release|Any CPU
		{FE555724-07D8-4E8C-B4DC-89E776008510}.Blazor Release|ARM64.Build.0 = Release|Any CPU
		{FE555724-07D8-4E8C-B4DC-89E776008510}.Blazor Release|x64.ActiveCfg = Release|Any CPU
		{FE555724-07D8-4E8C-B4DC-89E776008510}.Blazor Release|x64.Build.0 = Release|Any CPU
		{FE555724-07D8-4E8C-B4DC-89E776008510}.Blazor Release|x86.ActiveCfg = Release|Any CPU
		{FE555724-07D8-4E8C-B4DC-89E776008510}.Blazor Release|x86.Build.0 = Release|Any CPU
		{FE555724-07D8-4E8C-B4DC-89E776008510}.Debug|Any CPU.ActiveCfg = Debug|Any CPU
		{FE555724-07D8-4E8C-B4DC-89E776008510}.Debug|Any CPU.Build.0 = Debug|Any CPU
		{FE555724-07D8-4E8C-B4DC-89E776008510}.Debug|ARM.ActiveCfg = Debug|Any CPU
		{FE555724-07D8-4E8C-B4DC-89E776008510}.Debug|ARM.Build.0 = Debug|Any CPU
		{FE555724-07D8-4E8C-B4DC-89E776008510}.Debug|ARM64.ActiveCfg = Debug|Any CPU
		{FE555724-07D8-4E8C-B4DC-89E776008510}.Debug|ARM64.Build.0 = Debug|Any CPU
		{FE555724-07D8-4E8C-B4DC-89E776008510}.Debug|x64.ActiveCfg = Debug|Any CPU
		{FE555724-07D8-4E8C-B4DC-89E776008510}.Debug|x64.Build.0 = Debug|Any CPU
		{FE555724-07D8-4E8C-B4DC-89E776008510}.Debug|x86.ActiveCfg = Debug|Any CPU
		{FE555724-07D8-4E8C-B4DC-89E776008510}.Debug|x86.Build.0 = Debug|Any CPU
		{FE555724-07D8-4E8C-B4DC-89E776008510}.Release|Any CPU.ActiveCfg = Release|Any CPU
		{FE555724-07D8-4E8C-B4DC-89E776008510}.Release|Any CPU.Build.0 = Release|Any CPU
		{FE555724-07D8-4E8C-B4DC-89E776008510}.Release|ARM.ActiveCfg = Release|Any CPU
		{FE555724-07D8-4E8C-B4DC-89E776008510}.Release|ARM.Build.0 = Release|Any CPU
		{FE555724-07D8-4E8C-B4DC-89E776008510}.Release|ARM64.ActiveCfg = Release|Any CPU
		{FE555724-07D8-4E8C-B4DC-89E776008510}.Release|ARM64.Build.0 = Release|Any CPU
		{FE555724-07D8-4E8C-B4DC-89E776008510}.Release|x64.ActiveCfg = Release|Any CPU
		{FE555724-07D8-4E8C-B4DC-89E776008510}.Release|x64.Build.0 = Release|Any CPU
		{FE555724-07D8-4E8C-B4DC-89E776008510}.Release|x86.ActiveCfg = Release|Any CPU
		{FE555724-07D8-4E8C-B4DC-89E776008510}.Release|x86.Build.0 = Release|Any CPU
		{ACECD58F-6153-4D2E-AB69-DBB2957D68F0}.All|Any CPU.ActiveCfg = Apply Migrations|Any CPU
		{ACECD58F-6153-4D2E-AB69-DBB2957D68F0}.All|Any CPU.Build.0 = Apply Migrations|Any CPU
		{ACECD58F-6153-4D2E-AB69-DBB2957D68F0}.All|ARM.ActiveCfg = Apply Migrations|Any CPU
		{ACECD58F-6153-4D2E-AB69-DBB2957D68F0}.All|ARM.Build.0 = Apply Migrations|Any CPU
		{ACECD58F-6153-4D2E-AB69-DBB2957D68F0}.All|ARM64.ActiveCfg = Apply Migrations|Any CPU
		{ACECD58F-6153-4D2E-AB69-DBB2957D68F0}.All|ARM64.Build.0 = Apply Migrations|Any CPU
		{ACECD58F-6153-4D2E-AB69-DBB2957D68F0}.All|x64.ActiveCfg = Apply Migrations|Any CPU
		{ACECD58F-6153-4D2E-AB69-DBB2957D68F0}.All|x64.Build.0 = Apply Migrations|Any CPU
		{ACECD58F-6153-4D2E-AB69-DBB2957D68F0}.All|x86.ActiveCfg = Apply Migrations|Any CPU
		{ACECD58F-6153-4D2E-AB69-DBB2957D68F0}.All|x86.Build.0 = Apply Migrations|Any CPU
		{ACECD58F-6153-4D2E-AB69-DBB2957D68F0}.Apply Migrations|Any CPU.ActiveCfg = Apply Migrations|Any CPU
		{ACECD58F-6153-4D2E-AB69-DBB2957D68F0}.Apply Migrations|Any CPU.Build.0 = Apply Migrations|Any CPU
		{ACECD58F-6153-4D2E-AB69-DBB2957D68F0}.Apply Migrations|ARM.ActiveCfg = Apply Migrations|Any CPU
		{ACECD58F-6153-4D2E-AB69-DBB2957D68F0}.Apply Migrations|ARM.Build.0 = Apply Migrations|Any CPU
		{ACECD58F-6153-4D2E-AB69-DBB2957D68F0}.Apply Migrations|ARM64.ActiveCfg = Apply Migrations|Any CPU
		{ACECD58F-6153-4D2E-AB69-DBB2957D68F0}.Apply Migrations|ARM64.Build.0 = Apply Migrations|Any CPU
		{ACECD58F-6153-4D2E-AB69-DBB2957D68F0}.Apply Migrations|x64.ActiveCfg = Apply Migrations|Any CPU
		{ACECD58F-6153-4D2E-AB69-DBB2957D68F0}.Apply Migrations|x64.Build.0 = Apply Migrations|Any CPU
		{ACECD58F-6153-4D2E-AB69-DBB2957D68F0}.Apply Migrations|x86.ActiveCfg = Apply Migrations|Any CPU
		{ACECD58F-6153-4D2E-AB69-DBB2957D68F0}.Apply Migrations|x86.Build.0 = Apply Migrations|Any CPU
		{ACECD58F-6153-4D2E-AB69-DBB2957D68F0}.Blazor Release|Any CPU.ActiveCfg = Blazor Release|Any CPU
		{ACECD58F-6153-4D2E-AB69-DBB2957D68F0}.Blazor Release|Any CPU.Build.0 = Blazor Release|Any CPU
		{ACECD58F-6153-4D2E-AB69-DBB2957D68F0}.Blazor Release|ARM.ActiveCfg = Blazor Release|Any CPU
		{ACECD58F-6153-4D2E-AB69-DBB2957D68F0}.Blazor Release|ARM.Build.0 = Blazor Release|Any CPU
		{ACECD58F-6153-4D2E-AB69-DBB2957D68F0}.Blazor Release|ARM64.ActiveCfg = Blazor Release|Any CPU
		{ACECD58F-6153-4D2E-AB69-DBB2957D68F0}.Blazor Release|ARM64.Build.0 = Blazor Release|Any CPU
		{ACECD58F-6153-4D2E-AB69-DBB2957D68F0}.Blazor Release|x64.ActiveCfg = Blazor Release|Any CPU
		{ACECD58F-6153-4D2E-AB69-DBB2957D68F0}.Blazor Release|x64.Build.0 = Blazor Release|Any CPU
		{ACECD58F-6153-4D2E-AB69-DBB2957D68F0}.Blazor Release|x86.ActiveCfg = Blazor Release|Any CPU
		{ACECD58F-6153-4D2E-AB69-DBB2957D68F0}.Blazor Release|x86.Build.0 = Blazor Release|Any CPU
		{ACECD58F-6153-4D2E-AB69-DBB2957D68F0}.Debug|Any CPU.ActiveCfg = Debug|Any CPU
		{ACECD58F-6153-4D2E-AB69-DBB2957D68F0}.Debug|Any CPU.Build.0 = Debug|Any CPU
		{ACECD58F-6153-4D2E-AB69-DBB2957D68F0}.Debug|ARM.ActiveCfg = Debug|Any CPU
		{ACECD58F-6153-4D2E-AB69-DBB2957D68F0}.Debug|ARM.Build.0 = Debug|Any CPU
		{ACECD58F-6153-4D2E-AB69-DBB2957D68F0}.Debug|ARM64.ActiveCfg = Debug|Any CPU
		{ACECD58F-6153-4D2E-AB69-DBB2957D68F0}.Debug|ARM64.Build.0 = Debug|Any CPU
		{ACECD58F-6153-4D2E-AB69-DBB2957D68F0}.Debug|x64.ActiveCfg = Debug|Any CPU
		{ACECD58F-6153-4D2E-AB69-DBB2957D68F0}.Debug|x64.Build.0 = Debug|Any CPU
		{ACECD58F-6153-4D2E-AB69-DBB2957D68F0}.Debug|x86.ActiveCfg = Debug|Any CPU
		{ACECD58F-6153-4D2E-AB69-DBB2957D68F0}.Debug|x86.Build.0 = Debug|Any CPU
		{ACECD58F-6153-4D2E-AB69-DBB2957D68F0}.Release|Any CPU.ActiveCfg = Release|Any CPU
		{ACECD58F-6153-4D2E-AB69-DBB2957D68F0}.Release|Any CPU.Build.0 = Release|Any CPU
		{ACECD58F-6153-4D2E-AB69-DBB2957D68F0}.Release|ARM.ActiveCfg = Release|Any CPU
		{ACECD58F-6153-4D2E-AB69-DBB2957D68F0}.Release|ARM.Build.0 = Release|Any CPU
		{ACECD58F-6153-4D2E-AB69-DBB2957D68F0}.Release|ARM64.ActiveCfg = Release|Any CPU
		{ACECD58F-6153-4D2E-AB69-DBB2957D68F0}.Release|ARM64.Build.0 = Release|Any CPU
		{ACECD58F-6153-4D2E-AB69-DBB2957D68F0}.Release|x64.ActiveCfg = Release|Any CPU
		{ACECD58F-6153-4D2E-AB69-DBB2957D68F0}.Release|x64.Build.0 = Release|Any CPU
		{ACECD58F-6153-4D2E-AB69-DBB2957D68F0}.Release|x86.ActiveCfg = Release|Any CPU
		{ACECD58F-6153-4D2E-AB69-DBB2957D68F0}.Release|x86.Build.0 = Release|Any CPU
		{0940B5CF-2D92-4ECA-9EDB-960D470DE036}.All|Any CPU.ActiveCfg = Debug|Any CPU
		{0940B5CF-2D92-4ECA-9EDB-960D470DE036}.All|Any CPU.Build.0 = Debug|Any CPU
		{0940B5CF-2D92-4ECA-9EDB-960D470DE036}.All|ARM.ActiveCfg = Debug|Any CPU
		{0940B5CF-2D92-4ECA-9EDB-960D470DE036}.All|ARM.Build.0 = Debug|Any CPU
		{0940B5CF-2D92-4ECA-9EDB-960D470DE036}.All|ARM64.ActiveCfg = Debug|Any CPU
		{0940B5CF-2D92-4ECA-9EDB-960D470DE036}.All|ARM64.Build.0 = Debug|Any CPU
		{0940B5CF-2D92-4ECA-9EDB-960D470DE036}.All|x64.ActiveCfg = Debug|Any CPU
		{0940B5CF-2D92-4ECA-9EDB-960D470DE036}.All|x64.Build.0 = Debug|Any CPU
		{0940B5CF-2D92-4ECA-9EDB-960D470DE036}.All|x86.ActiveCfg = Debug|Any CPU
		{0940B5CF-2D92-4ECA-9EDB-960D470DE036}.All|x86.Build.0 = Debug|Any CPU
		{0940B5CF-2D92-4ECA-9EDB-960D470DE036}.Apply Migrations|Any CPU.ActiveCfg = Debug|Any CPU
		{0940B5CF-2D92-4ECA-9EDB-960D470DE036}.Apply Migrations|Any CPU.Build.0 = Debug|Any CPU
		{0940B5CF-2D92-4ECA-9EDB-960D470DE036}.Apply Migrations|ARM.ActiveCfg = Debug|Any CPU
		{0940B5CF-2D92-4ECA-9EDB-960D470DE036}.Apply Migrations|ARM.Build.0 = Debug|Any CPU
		{0940B5CF-2D92-4ECA-9EDB-960D470DE036}.Apply Migrations|ARM64.ActiveCfg = Debug|Any CPU
		{0940B5CF-2D92-4ECA-9EDB-960D470DE036}.Apply Migrations|ARM64.Build.0 = Debug|Any CPU
		{0940B5CF-2D92-4ECA-9EDB-960D470DE036}.Apply Migrations|x64.ActiveCfg = Debug|Any CPU
		{0940B5CF-2D92-4ECA-9EDB-960D470DE036}.Apply Migrations|x64.Build.0 = Debug|Any CPU
		{0940B5CF-2D92-4ECA-9EDB-960D470DE036}.Apply Migrations|x86.ActiveCfg = Debug|Any CPU
		{0940B5CF-2D92-4ECA-9EDB-960D470DE036}.Apply Migrations|x86.Build.0 = Debug|Any CPU
		{0940B5CF-2D92-4ECA-9EDB-960D470DE036}.Blazor Release|Any CPU.ActiveCfg = Release|Any CPU
		{0940B5CF-2D92-4ECA-9EDB-960D470DE036}.Blazor Release|Any CPU.Build.0 = Release|Any CPU
		{0940B5CF-2D92-4ECA-9EDB-960D470DE036}.Blazor Release|ARM.ActiveCfg = Release|Any CPU
		{0940B5CF-2D92-4ECA-9EDB-960D470DE036}.Blazor Release|ARM.Build.0 = Release|Any CPU
		{0940B5CF-2D92-4ECA-9EDB-960D470DE036}.Blazor Release|ARM64.ActiveCfg = Release|Any CPU
		{0940B5CF-2D92-4ECA-9EDB-960D470DE036}.Blazor Release|ARM64.Build.0 = Release|Any CPU
		{0940B5CF-2D92-4ECA-9EDB-960D470DE036}.Blazor Release|x64.ActiveCfg = Release|Any CPU
		{0940B5CF-2D92-4ECA-9EDB-960D470DE036}.Blazor Release|x64.Build.0 = Release|Any CPU
		{0940B5CF-2D92-4ECA-9EDB-960D470DE036}.Blazor Release|x86.ActiveCfg = Release|Any CPU
		{0940B5CF-2D92-4ECA-9EDB-960D470DE036}.Blazor Release|x86.Build.0 = Release|Any CPU
		{0940B5CF-2D92-4ECA-9EDB-960D470DE036}.Debug|Any CPU.ActiveCfg = Debug|Any CPU
		{0940B5CF-2D92-4ECA-9EDB-960D470DE036}.Debug|Any CPU.Build.0 = Debug|Any CPU
		{0940B5CF-2D92-4ECA-9EDB-960D470DE036}.Debug|ARM.ActiveCfg = Debug|Any CPU
		{0940B5CF-2D92-4ECA-9EDB-960D470DE036}.Debug|ARM.Build.0 = Debug|Any CPU
		{0940B5CF-2D92-4ECA-9EDB-960D470DE036}.Debug|ARM64.ActiveCfg = Debug|Any CPU
		{0940B5CF-2D92-4ECA-9EDB-960D470DE036}.Debug|ARM64.Build.0 = Debug|Any CPU
		{0940B5CF-2D92-4ECA-9EDB-960D470DE036}.Debug|x64.ActiveCfg = Debug|Any CPU
		{0940B5CF-2D92-4ECA-9EDB-960D470DE036}.Debug|x64.Build.0 = Debug|Any CPU
		{0940B5CF-2D92-4ECA-9EDB-960D470DE036}.Debug|x86.ActiveCfg = Debug|Any CPU
		{0940B5CF-2D92-4ECA-9EDB-960D470DE036}.Debug|x86.Build.0 = Debug|Any CPU
		{0940B5CF-2D92-4ECA-9EDB-960D470DE036}.Release|Any CPU.ActiveCfg = Release|Any CPU
		{0940B5CF-2D92-4ECA-9EDB-960D470DE036}.Release|Any CPU.Build.0 = Release|Any CPU
		{0940B5CF-2D92-4ECA-9EDB-960D470DE036}.Release|ARM.ActiveCfg = Release|Any CPU
		{0940B5CF-2D92-4ECA-9EDB-960D470DE036}.Release|ARM.Build.0 = Release|Any CPU
		{0940B5CF-2D92-4ECA-9EDB-960D470DE036}.Release|ARM64.ActiveCfg = Release|Any CPU
		{0940B5CF-2D92-4ECA-9EDB-960D470DE036}.Release|ARM64.Build.0 = Release|Any CPU
		{0940B5CF-2D92-4ECA-9EDB-960D470DE036}.Release|x64.ActiveCfg = Release|Any CPU
		{0940B5CF-2D92-4ECA-9EDB-960D470DE036}.Release|x64.Build.0 = Release|Any CPU
		{0940B5CF-2D92-4ECA-9EDB-960D470DE036}.Release|x86.ActiveCfg = Release|Any CPU
		{0940B5CF-2D92-4ECA-9EDB-960D470DE036}.Release|x86.Build.0 = Release|Any CPU
		{3BF37CBD-5C7D-47A1-9E1A-D223D186DA01}.All|Any CPU.ActiveCfg = Debug|Any CPU
		{3BF37CBD-5C7D-47A1-9E1A-D223D186DA01}.All|Any CPU.Build.0 = Debug|Any CPU
		{3BF37CBD-5C7D-47A1-9E1A-D223D186DA01}.All|ARM.ActiveCfg = Debug|Any CPU
		{3BF37CBD-5C7D-47A1-9E1A-D223D186DA01}.All|ARM.Build.0 = Debug|Any CPU
		{3BF37CBD-5C7D-47A1-9E1A-D223D186DA01}.All|ARM64.ActiveCfg = Debug|Any CPU
		{3BF37CBD-5C7D-47A1-9E1A-D223D186DA01}.All|ARM64.Build.0 = Debug|Any CPU
		{3BF37CBD-5C7D-47A1-9E1A-D223D186DA01}.All|x64.ActiveCfg = Debug|Any CPU
		{3BF37CBD-5C7D-47A1-9E1A-D223D186DA01}.All|x64.Build.0 = Debug|Any CPU
		{3BF37CBD-5C7D-47A1-9E1A-D223D186DA01}.All|x86.ActiveCfg = Debug|Any CPU
		{3BF37CBD-5C7D-47A1-9E1A-D223D186DA01}.All|x86.Build.0 = Debug|Any CPU
		{3BF37CBD-5C7D-47A1-9E1A-D223D186DA01}.Apply Migrations|Any CPU.ActiveCfg = Debug|Any CPU
		{3BF37CBD-5C7D-47A1-9E1A-D223D186DA01}.Apply Migrations|Any CPU.Build.0 = Debug|Any CPU
		{3BF37CBD-5C7D-47A1-9E1A-D223D186DA01}.Apply Migrations|ARM.ActiveCfg = Debug|Any CPU
		{3BF37CBD-5C7D-47A1-9E1A-D223D186DA01}.Apply Migrations|ARM.Build.0 = Debug|Any CPU
		{3BF37CBD-5C7D-47A1-9E1A-D223D186DA01}.Apply Migrations|ARM64.ActiveCfg = Debug|Any CPU
		{3BF37CBD-5C7D-47A1-9E1A-D223D186DA01}.Apply Migrations|ARM64.Build.0 = Debug|Any CPU
		{3BF37CBD-5C7D-47A1-9E1A-D223D186DA01}.Apply Migrations|x64.ActiveCfg = Debug|Any CPU
		{3BF37CBD-5C7D-47A1-9E1A-D223D186DA01}.Apply Migrations|x64.Build.0 = Debug|Any CPU
		{3BF37CBD-5C7D-47A1-9E1A-D223D186DA01}.Apply Migrations|x86.ActiveCfg = Debug|Any CPU
		{3BF37CBD-5C7D-47A1-9E1A-D223D186DA01}.Apply Migrations|x86.Build.0 = Debug|Any CPU
		{3BF37CBD-5C7D-47A1-9E1A-D223D186DA01}.Blazor Release|Any CPU.ActiveCfg = Release|Any CPU
		{3BF37CBD-5C7D-47A1-9E1A-D223D186DA01}.Blazor Release|Any CPU.Build.0 = Release|Any CPU
		{3BF37CBD-5C7D-47A1-9E1A-D223D186DA01}.Blazor Release|ARM.ActiveCfg = Release|Any CPU
		{3BF37CBD-5C7D-47A1-9E1A-D223D186DA01}.Blazor Release|ARM.Build.0 = Release|Any CPU
		{3BF37CBD-5C7D-47A1-9E1A-D223D186DA01}.Blazor Release|ARM64.ActiveCfg = Release|Any CPU
		{3BF37CBD-5C7D-47A1-9E1A-D223D186DA01}.Blazor Release|ARM64.Build.0 = Release|Any CPU
		{3BF37CBD-5C7D-47A1-9E1A-D223D186DA01}.Blazor Release|x64.ActiveCfg = Release|Any CPU
		{3BF37CBD-5C7D-47A1-9E1A-D223D186DA01}.Blazor Release|x64.Build.0 = Release|Any CPU
		{3BF37CBD-5C7D-47A1-9E1A-D223D186DA01}.Blazor Release|x86.ActiveCfg = Release|Any CPU
		{3BF37CBD-5C7D-47A1-9E1A-D223D186DA01}.Blazor Release|x86.Build.0 = Release|Any CPU
		{3BF37CBD-5C7D-47A1-9E1A-D223D186DA01}.Debug|Any CPU.ActiveCfg = Debug|Any CPU
		{3BF37CBD-5C7D-47A1-9E1A-D223D186DA01}.Debug|Any CPU.Build.0 = Debug|Any CPU
		{3BF37CBD-5C7D-47A1-9E1A-D223D186DA01}.Debug|ARM.ActiveCfg = Debug|Any CPU
		{3BF37CBD-5C7D-47A1-9E1A-D223D186DA01}.Debug|ARM.Build.0 = Debug|Any CPU
		{3BF37CBD-5C7D-47A1-9E1A-D223D186DA01}.Debug|ARM64.ActiveCfg = Debug|Any CPU
		{3BF37CBD-5C7D-47A1-9E1A-D223D186DA01}.Debug|ARM64.Build.0 = Debug|Any CPU
		{3BF37CBD-5C7D-47A1-9E1A-D223D186DA01}.Debug|x64.ActiveCfg = Debug|Any CPU
		{3BF37CBD-5C7D-47A1-9E1A-D223D186DA01}.Debug|x64.Build.0 = Debug|Any CPU
		{3BF37CBD-5C7D-47A1-9E1A-D223D186DA01}.Debug|x86.ActiveCfg = Debug|Any CPU
		{3BF37CBD-5C7D-47A1-9E1A-D223D186DA01}.Debug|x86.Build.0 = Debug|Any CPU
		{3BF37CBD-5C7D-47A1-9E1A-D223D186DA01}.Release|Any CPU.ActiveCfg = Release|Any CPU
		{3BF37CBD-5C7D-47A1-9E1A-D223D186DA01}.Release|Any CPU.Build.0 = Release|Any CPU
		{3BF37CBD-5C7D-47A1-9E1A-D223D186DA01}.Release|ARM.ActiveCfg = Release|Any CPU
		{3BF37CBD-5C7D-47A1-9E1A-D223D186DA01}.Release|ARM.Build.0 = Release|Any CPU
		{3BF37CBD-5C7D-47A1-9E1A-D223D186DA01}.Release|ARM64.ActiveCfg = Release|Any CPU
		{3BF37CBD-5C7D-47A1-9E1A-D223D186DA01}.Release|ARM64.Build.0 = Release|Any CPU
		{3BF37CBD-5C7D-47A1-9E1A-D223D186DA01}.Release|x64.ActiveCfg = Release|Any CPU
		{3BF37CBD-5C7D-47A1-9E1A-D223D186DA01}.Release|x64.Build.0 = Release|Any CPU
		{3BF37CBD-5C7D-47A1-9E1A-D223D186DA01}.Release|x86.ActiveCfg = Release|Any CPU
		{3BF37CBD-5C7D-47A1-9E1A-D223D186DA01}.Release|x86.Build.0 = Release|Any CPU
		{689FA3BA-BDEF-48A1-ADEB-661CA8763FE5}.All|Any CPU.ActiveCfg = Debug|Any CPU
		{689FA3BA-BDEF-48A1-ADEB-661CA8763FE5}.All|Any CPU.Build.0 = Debug|Any CPU
		{689FA3BA-BDEF-48A1-ADEB-661CA8763FE5}.All|ARM.ActiveCfg = Debug|Any CPU
		{689FA3BA-BDEF-48A1-ADEB-661CA8763FE5}.All|ARM.Build.0 = Debug|Any CPU
		{689FA3BA-BDEF-48A1-ADEB-661CA8763FE5}.All|ARM64.ActiveCfg = Debug|Any CPU
		{689FA3BA-BDEF-48A1-ADEB-661CA8763FE5}.All|ARM64.Build.0 = Debug|Any CPU
		{689FA3BA-BDEF-48A1-ADEB-661CA8763FE5}.All|x64.ActiveCfg = Debug|Any CPU
		{689FA3BA-BDEF-48A1-ADEB-661CA8763FE5}.All|x64.Build.0 = Debug|Any CPU
		{689FA3BA-BDEF-48A1-ADEB-661CA8763FE5}.All|x86.ActiveCfg = Debug|Any CPU
		{689FA3BA-BDEF-48A1-ADEB-661CA8763FE5}.All|x86.Build.0 = Debug|Any CPU
		{689FA3BA-BDEF-48A1-ADEB-661CA8763FE5}.Apply Migrations|Any CPU.ActiveCfg = Debug|Any CPU
		{689FA3BA-BDEF-48A1-ADEB-661CA8763FE5}.Apply Migrations|Any CPU.Build.0 = Debug|Any CPU
		{689FA3BA-BDEF-48A1-ADEB-661CA8763FE5}.Apply Migrations|ARM.ActiveCfg = Debug|Any CPU
		{689FA3BA-BDEF-48A1-ADEB-661CA8763FE5}.Apply Migrations|ARM.Build.0 = Debug|Any CPU
		{689FA3BA-BDEF-48A1-ADEB-661CA8763FE5}.Apply Migrations|ARM64.ActiveCfg = Debug|Any CPU
		{689FA3BA-BDEF-48A1-ADEB-661CA8763FE5}.Apply Migrations|ARM64.Build.0 = Debug|Any CPU
		{689FA3BA-BDEF-48A1-ADEB-661CA8763FE5}.Apply Migrations|x64.ActiveCfg = Debug|Any CPU
		{689FA3BA-BDEF-48A1-ADEB-661CA8763FE5}.Apply Migrations|x64.Build.0 = Debug|Any CPU
		{689FA3BA-BDEF-48A1-ADEB-661CA8763FE5}.Apply Migrations|x86.ActiveCfg = Debug|Any CPU
		{689FA3BA-BDEF-48A1-ADEB-661CA8763FE5}.Apply Migrations|x86.Build.0 = Debug|Any CPU
		{689FA3BA-BDEF-48A1-ADEB-661CA8763FE5}.Blazor Release|Any CPU.ActiveCfg = Debug|Any CPU
		{689FA3BA-BDEF-48A1-ADEB-661CA8763FE5}.Blazor Release|Any CPU.Build.0 = Debug|Any CPU
		{689FA3BA-BDEF-48A1-ADEB-661CA8763FE5}.Blazor Release|ARM.ActiveCfg = Debug|Any CPU
		{689FA3BA-BDEF-48A1-ADEB-661CA8763FE5}.Blazor Release|ARM.Build.0 = Debug|Any CPU
		{689FA3BA-BDEF-48A1-ADEB-661CA8763FE5}.Blazor Release|ARM64.ActiveCfg = Debug|Any CPU
		{689FA3BA-BDEF-48A1-ADEB-661CA8763FE5}.Blazor Release|ARM64.Build.0 = Debug|Any CPU
		{689FA3BA-BDEF-48A1-ADEB-661CA8763FE5}.Blazor Release|x64.ActiveCfg = Debug|Any CPU
		{689FA3BA-BDEF-48A1-ADEB-661CA8763FE5}.Blazor Release|x64.Build.0 = Debug|Any CPU
		{689FA3BA-BDEF-48A1-ADEB-661CA8763FE5}.Blazor Release|x86.ActiveCfg = Debug|Any CPU
		{689FA3BA-BDEF-48A1-ADEB-661CA8763FE5}.Blazor Release|x86.Build.0 = Debug|Any CPU
		{689FA3BA-BDEF-48A1-ADEB-661CA8763FE5}.Debug|Any CPU.ActiveCfg = Debug|Any CPU
		{689FA3BA-BDEF-48A1-ADEB-661CA8763FE5}.Debug|Any CPU.Build.0 = Debug|Any CPU
		{689FA3BA-BDEF-48A1-ADEB-661CA8763FE5}.Debug|ARM.ActiveCfg = Debug|Any CPU
		{689FA3BA-BDEF-48A1-ADEB-661CA8763FE5}.Debug|ARM.Build.0 = Debug|Any CPU
		{689FA3BA-BDEF-48A1-ADEB-661CA8763FE5}.Debug|ARM64.ActiveCfg = Debug|Any CPU
		{689FA3BA-BDEF-48A1-ADEB-661CA8763FE5}.Debug|ARM64.Build.0 = Debug|Any CPU
		{689FA3BA-BDEF-48A1-ADEB-661CA8763FE5}.Debug|x64.ActiveCfg = Debug|Any CPU
		{689FA3BA-BDEF-48A1-ADEB-661CA8763FE5}.Debug|x64.Build.0 = Debug|Any CPU
		{689FA3BA-BDEF-48A1-ADEB-661CA8763FE5}.Debug|x86.ActiveCfg = Debug|Any CPU
		{689FA3BA-BDEF-48A1-ADEB-661CA8763FE5}.Debug|x86.Build.0 = Debug|Any CPU
		{689FA3BA-BDEF-48A1-ADEB-661CA8763FE5}.Release|Any CPU.ActiveCfg = Release|Any CPU
		{689FA3BA-BDEF-48A1-ADEB-661CA8763FE5}.Release|Any CPU.Build.0 = Release|Any CPU
		{689FA3BA-BDEF-48A1-ADEB-661CA8763FE5}.Release|ARM.ActiveCfg = Release|Any CPU
		{689FA3BA-BDEF-48A1-ADEB-661CA8763FE5}.Release|ARM.Build.0 = Release|Any CPU
		{689FA3BA-BDEF-48A1-ADEB-661CA8763FE5}.Release|ARM64.ActiveCfg = Release|Any CPU
		{689FA3BA-BDEF-48A1-ADEB-661CA8763FE5}.Release|ARM64.Build.0 = Release|Any CPU
		{689FA3BA-BDEF-48A1-ADEB-661CA8763FE5}.Release|x64.ActiveCfg = Release|Any CPU
		{689FA3BA-BDEF-48A1-ADEB-661CA8763FE5}.Release|x64.Build.0 = Release|Any CPU
		{689FA3BA-BDEF-48A1-ADEB-661CA8763FE5}.Release|x86.ActiveCfg = Release|Any CPU
		{689FA3BA-BDEF-48A1-ADEB-661CA8763FE5}.Release|x86.Build.0 = Release|Any CPU
		{5D65EE49-6DF9-4F82-8002-75DB6BBCAED2}.All|Any CPU.ActiveCfg = Debug|Any CPU
		{5D65EE49-6DF9-4F82-8002-75DB6BBCAED2}.All|Any CPU.Build.0 = Debug|Any CPU
		{5D65EE49-6DF9-4F82-8002-75DB6BBCAED2}.All|ARM.ActiveCfg = Debug|Any CPU
		{5D65EE49-6DF9-4F82-8002-75DB6BBCAED2}.All|ARM.Build.0 = Debug|Any CPU
		{5D65EE49-6DF9-4F82-8002-75DB6BBCAED2}.All|ARM64.ActiveCfg = Debug|Any CPU
		{5D65EE49-6DF9-4F82-8002-75DB6BBCAED2}.All|ARM64.Build.0 = Debug|Any CPU
		{5D65EE49-6DF9-4F82-8002-75DB6BBCAED2}.All|x64.ActiveCfg = Debug|Any CPU
		{5D65EE49-6DF9-4F82-8002-75DB6BBCAED2}.All|x64.Build.0 = Debug|Any CPU
		{5D65EE49-6DF9-4F82-8002-75DB6BBCAED2}.All|x86.ActiveCfg = Debug|Any CPU
		{5D65EE49-6DF9-4F82-8002-75DB6BBCAED2}.All|x86.Build.0 = Debug|Any CPU
		{5D65EE49-6DF9-4F82-8002-75DB6BBCAED2}.Apply Migrations|Any CPU.ActiveCfg = Debug|Any CPU
		{5D65EE49-6DF9-4F82-8002-75DB6BBCAED2}.Apply Migrations|Any CPU.Build.0 = Debug|Any CPU
		{5D65EE49-6DF9-4F82-8002-75DB6BBCAED2}.Apply Migrations|ARM.ActiveCfg = Debug|Any CPU
		{5D65EE49-6DF9-4F82-8002-75DB6BBCAED2}.Apply Migrations|ARM.Build.0 = Debug|Any CPU
		{5D65EE49-6DF9-4F82-8002-75DB6BBCAED2}.Apply Migrations|ARM64.ActiveCfg = Debug|Any CPU
		{5D65EE49-6DF9-4F82-8002-75DB6BBCAED2}.Apply Migrations|ARM64.Build.0 = Debug|Any CPU
		{5D65EE49-6DF9-4F82-8002-75DB6BBCAED2}.Apply Migrations|x64.ActiveCfg = Debug|Any CPU
		{5D65EE49-6DF9-4F82-8002-75DB6BBCAED2}.Apply Migrations|x64.Build.0 = Debug|Any CPU
		{5D65EE49-6DF9-4F82-8002-75DB6BBCAED2}.Apply Migrations|x86.ActiveCfg = Debug|Any CPU
		{5D65EE49-6DF9-4F82-8002-75DB6BBCAED2}.Apply Migrations|x86.Build.0 = Debug|Any CPU
		{5D65EE49-6DF9-4F82-8002-75DB6BBCAED2}.Blazor Release|Any CPU.ActiveCfg = Debug|Any CPU
		{5D65EE49-6DF9-4F82-8002-75DB6BBCAED2}.Blazor Release|Any CPU.Build.0 = Debug|Any CPU
		{5D65EE49-6DF9-4F82-8002-75DB6BBCAED2}.Blazor Release|ARM.ActiveCfg = Debug|Any CPU
		{5D65EE49-6DF9-4F82-8002-75DB6BBCAED2}.Blazor Release|ARM.Build.0 = Debug|Any CPU
		{5D65EE49-6DF9-4F82-8002-75DB6BBCAED2}.Blazor Release|ARM64.ActiveCfg = Debug|Any CPU
		{5D65EE49-6DF9-4F82-8002-75DB6BBCAED2}.Blazor Release|ARM64.Build.0 = Debug|Any CPU
		{5D65EE49-6DF9-4F82-8002-75DB6BBCAED2}.Blazor Release|x64.ActiveCfg = Debug|Any CPU
		{5D65EE49-6DF9-4F82-8002-75DB6BBCAED2}.Blazor Release|x64.Build.0 = Debug|Any CPU
		{5D65EE49-6DF9-4F82-8002-75DB6BBCAED2}.Blazor Release|x86.ActiveCfg = Debug|Any CPU
		{5D65EE49-6DF9-4F82-8002-75DB6BBCAED2}.Blazor Release|x86.Build.0 = Debug|Any CPU
		{5D65EE49-6DF9-4F82-8002-75DB6BBCAED2}.Debug|Any CPU.ActiveCfg = Debug|Any CPU
		{5D65EE49-6DF9-4F82-8002-75DB6BBCAED2}.Debug|Any CPU.Build.0 = Debug|Any CPU
		{5D65EE49-6DF9-4F82-8002-75DB6BBCAED2}.Debug|ARM.ActiveCfg = Debug|Any CPU
		{5D65EE49-6DF9-4F82-8002-75DB6BBCAED2}.Debug|ARM.Build.0 = Debug|Any CPU
		{5D65EE49-6DF9-4F82-8002-75DB6BBCAED2}.Debug|ARM64.ActiveCfg = Debug|Any CPU
		{5D65EE49-6DF9-4F82-8002-75DB6BBCAED2}.Debug|ARM64.Build.0 = Debug|Any CPU
		{5D65EE49-6DF9-4F82-8002-75DB6BBCAED2}.Debug|x64.ActiveCfg = Debug|Any CPU
		{5D65EE49-6DF9-4F82-8002-75DB6BBCAED2}.Debug|x64.Build.0 = Debug|Any CPU
		{5D65EE49-6DF9-4F82-8002-75DB6BBCAED2}.Debug|x86.ActiveCfg = Debug|Any CPU
		{5D65EE49-6DF9-4F82-8002-75DB6BBCAED2}.Debug|x86.Build.0 = Debug|Any CPU
		{5D65EE49-6DF9-4F82-8002-75DB6BBCAED2}.Release|Any CPU.ActiveCfg = Release|Any CPU
		{5D65EE49-6DF9-4F82-8002-75DB6BBCAED2}.Release|Any CPU.Build.0 = Release|Any CPU
		{5D65EE49-6DF9-4F82-8002-75DB6BBCAED2}.Release|ARM.ActiveCfg = Release|Any CPU
		{5D65EE49-6DF9-4F82-8002-75DB6BBCAED2}.Release|ARM.Build.0 = Release|Any CPU
		{5D65EE49-6DF9-4F82-8002-75DB6BBCAED2}.Release|ARM64.ActiveCfg = Release|Any CPU
		{5D65EE49-6DF9-4F82-8002-75DB6BBCAED2}.Release|ARM64.Build.0 = Release|Any CPU
		{5D65EE49-6DF9-4F82-8002-75DB6BBCAED2}.Release|x64.ActiveCfg = Release|Any CPU
		{5D65EE49-6DF9-4F82-8002-75DB6BBCAED2}.Release|x64.Build.0 = Release|Any CPU
		{5D65EE49-6DF9-4F82-8002-75DB6BBCAED2}.Release|x86.ActiveCfg = Release|Any CPU
		{5D65EE49-6DF9-4F82-8002-75DB6BBCAED2}.Release|x86.Build.0 = Release|Any CPU
		{026BB22A-512A-482E-8A2F-A9B1FAFABD2B}.All|Any CPU.ActiveCfg = Debug|Any CPU
		{026BB22A-512A-482E-8A2F-A9B1FAFABD2B}.All|Any CPU.Build.0 = Debug|Any CPU
		{026BB22A-512A-482E-8A2F-A9B1FAFABD2B}.All|ARM.ActiveCfg = Debug|Any CPU
		{026BB22A-512A-482E-8A2F-A9B1FAFABD2B}.All|ARM.Build.0 = Debug|Any CPU
		{026BB22A-512A-482E-8A2F-A9B1FAFABD2B}.All|ARM64.ActiveCfg = Debug|Any CPU
		{026BB22A-512A-482E-8A2F-A9B1FAFABD2B}.All|ARM64.Build.0 = Debug|Any CPU
		{026BB22A-512A-482E-8A2F-A9B1FAFABD2B}.All|x64.ActiveCfg = Debug|Any CPU
		{026BB22A-512A-482E-8A2F-A9B1FAFABD2B}.All|x64.Build.0 = Debug|Any CPU
		{026BB22A-512A-482E-8A2F-A9B1FAFABD2B}.All|x86.ActiveCfg = Debug|Any CPU
		{026BB22A-512A-482E-8A2F-A9B1FAFABD2B}.All|x86.Build.0 = Debug|Any CPU
		{026BB22A-512A-482E-8A2F-A9B1FAFABD2B}.Apply Migrations|Any CPU.ActiveCfg = Debug|Any CPU
		{026BB22A-512A-482E-8A2F-A9B1FAFABD2B}.Apply Migrations|Any CPU.Build.0 = Debug|Any CPU
		{026BB22A-512A-482E-8A2F-A9B1FAFABD2B}.Apply Migrations|ARM.ActiveCfg = Debug|Any CPU
		{026BB22A-512A-482E-8A2F-A9B1FAFABD2B}.Apply Migrations|ARM.Build.0 = Debug|Any CPU
		{026BB22A-512A-482E-8A2F-A9B1FAFABD2B}.Apply Migrations|ARM64.ActiveCfg = Debug|Any CPU
		{026BB22A-512A-482E-8A2F-A9B1FAFABD2B}.Apply Migrations|ARM64.Build.0 = Debug|Any CPU
		{026BB22A-512A-482E-8A2F-A9B1FAFABD2B}.Apply Migrations|x64.ActiveCfg = Debug|Any CPU
		{026BB22A-512A-482E-8A2F-A9B1FAFABD2B}.Apply Migrations|x64.Build.0 = Debug|Any CPU
		{026BB22A-512A-482E-8A2F-A9B1FAFABD2B}.Apply Migrations|x86.ActiveCfg = Debug|Any CPU
		{026BB22A-512A-482E-8A2F-A9B1FAFABD2B}.Apply Migrations|x86.Build.0 = Debug|Any CPU
		{026BB22A-512A-482E-8A2F-A9B1FAFABD2B}.Blazor Release|Any CPU.ActiveCfg = Debug|Any CPU
		{026BB22A-512A-482E-8A2F-A9B1FAFABD2B}.Blazor Release|Any CPU.Build.0 = Debug|Any CPU
		{026BB22A-512A-482E-8A2F-A9B1FAFABD2B}.Blazor Release|ARM.ActiveCfg = Debug|Any CPU
		{026BB22A-512A-482E-8A2F-A9B1FAFABD2B}.Blazor Release|ARM.Build.0 = Debug|Any CPU
		{026BB22A-512A-482E-8A2F-A9B1FAFABD2B}.Blazor Release|ARM64.ActiveCfg = Debug|Any CPU
		{026BB22A-512A-482E-8A2F-A9B1FAFABD2B}.Blazor Release|ARM64.Build.0 = Debug|Any CPU
		{026BB22A-512A-482E-8A2F-A9B1FAFABD2B}.Blazor Release|x64.ActiveCfg = Debug|Any CPU
		{026BB22A-512A-482E-8A2F-A9B1FAFABD2B}.Blazor Release|x64.Build.0 = Debug|Any CPU
		{026BB22A-512A-482E-8A2F-A9B1FAFABD2B}.Blazor Release|x86.ActiveCfg = Debug|Any CPU
		{026BB22A-512A-482E-8A2F-A9B1FAFABD2B}.Blazor Release|x86.Build.0 = Debug|Any CPU
		{026BB22A-512A-482E-8A2F-A9B1FAFABD2B}.Debug|Any CPU.ActiveCfg = Debug|Any CPU
		{026BB22A-512A-482E-8A2F-A9B1FAFABD2B}.Debug|Any CPU.Build.0 = Debug|Any CPU
		{026BB22A-512A-482E-8A2F-A9B1FAFABD2B}.Debug|ARM.ActiveCfg = Debug|Any CPU
		{026BB22A-512A-482E-8A2F-A9B1FAFABD2B}.Debug|ARM.Build.0 = Debug|Any CPU
		{026BB22A-512A-482E-8A2F-A9B1FAFABD2B}.Debug|ARM64.ActiveCfg = Debug|Any CPU
		{026BB22A-512A-482E-8A2F-A9B1FAFABD2B}.Debug|ARM64.Build.0 = Debug|Any CPU
		{026BB22A-512A-482E-8A2F-A9B1FAFABD2B}.Debug|x64.ActiveCfg = Debug|Any CPU
		{026BB22A-512A-482E-8A2F-A9B1FAFABD2B}.Debug|x64.Build.0 = Debug|Any CPU
		{026BB22A-512A-482E-8A2F-A9B1FAFABD2B}.Debug|x86.ActiveCfg = Debug|Any CPU
		{026BB22A-512A-482E-8A2F-A9B1FAFABD2B}.Debug|x86.Build.0 = Debug|Any CPU
		{026BB22A-512A-482E-8A2F-A9B1FAFABD2B}.Release|Any CPU.ActiveCfg = Release|Any CPU
		{026BB22A-512A-482E-8A2F-A9B1FAFABD2B}.Release|Any CPU.Build.0 = Release|Any CPU
		{026BB22A-512A-482E-8A2F-A9B1FAFABD2B}.Release|ARM.ActiveCfg = Release|Any CPU
		{026BB22A-512A-482E-8A2F-A9B1FAFABD2B}.Release|ARM.Build.0 = Release|Any CPU
		{026BB22A-512A-482E-8A2F-A9B1FAFABD2B}.Release|ARM64.ActiveCfg = Release|Any CPU
		{026BB22A-512A-482E-8A2F-A9B1FAFABD2B}.Release|ARM64.Build.0 = Release|Any CPU
		{026BB22A-512A-482E-8A2F-A9B1FAFABD2B}.Release|x64.ActiveCfg = Release|Any CPU
		{026BB22A-512A-482E-8A2F-A9B1FAFABD2B}.Release|x64.Build.0 = Release|Any CPU
		{026BB22A-512A-482E-8A2F-A9B1FAFABD2B}.Release|x86.ActiveCfg = Release|Any CPU
		{026BB22A-512A-482E-8A2F-A9B1FAFABD2B}.Release|x86.Build.0 = Release|Any CPU
		{C3F6B528-6966-45FB-87DA-CD544D529D63}.All|Any CPU.ActiveCfg = Debug|Any CPU
		{C3F6B528-6966-45FB-87DA-CD544D529D63}.All|Any CPU.Build.0 = Debug|Any CPU
		{C3F6B528-6966-45FB-87DA-CD544D529D63}.All|ARM.ActiveCfg = Debug|Any CPU
		{C3F6B528-6966-45FB-87DA-CD544D529D63}.All|ARM.Build.0 = Debug|Any CPU
		{C3F6B528-6966-45FB-87DA-CD544D529D63}.All|ARM64.ActiveCfg = Debug|Any CPU
		{C3F6B528-6966-45FB-87DA-CD544D529D63}.All|ARM64.Build.0 = Debug|Any CPU
		{C3F6B528-6966-45FB-87DA-CD544D529D63}.All|x64.ActiveCfg = Debug|Any CPU
		{C3F6B528-6966-45FB-87DA-CD544D529D63}.All|x64.Build.0 = Debug|Any CPU
		{C3F6B528-6966-45FB-87DA-CD544D529D63}.All|x86.ActiveCfg = Debug|Any CPU
		{C3F6B528-6966-45FB-87DA-CD544D529D63}.All|x86.Build.0 = Debug|Any CPU
		{C3F6B528-6966-45FB-87DA-CD544D529D63}.Apply Migrations|Any CPU.ActiveCfg = Debug|Any CPU
		{C3F6B528-6966-45FB-87DA-CD544D529D63}.Apply Migrations|Any CPU.Build.0 = Debug|Any CPU
		{C3F6B528-6966-45FB-87DA-CD544D529D63}.Apply Migrations|ARM.ActiveCfg = Debug|Any CPU
		{C3F6B528-6966-45FB-87DA-CD544D529D63}.Apply Migrations|ARM.Build.0 = Debug|Any CPU
		{C3F6B528-6966-45FB-87DA-CD544D529D63}.Apply Migrations|ARM64.ActiveCfg = Debug|Any CPU
		{C3F6B528-6966-45FB-87DA-CD544D529D63}.Apply Migrations|ARM64.Build.0 = Debug|Any CPU
		{C3F6B528-6966-45FB-87DA-CD544D529D63}.Apply Migrations|x64.ActiveCfg = Debug|Any CPU
		{C3F6B528-6966-45FB-87DA-CD544D529D63}.Apply Migrations|x64.Build.0 = Debug|Any CPU
		{C3F6B528-6966-45FB-87DA-CD544D529D63}.Apply Migrations|x86.ActiveCfg = Debug|Any CPU
		{C3F6B528-6966-45FB-87DA-CD544D529D63}.Apply Migrations|x86.Build.0 = Debug|Any CPU
		{C3F6B528-6966-45FB-87DA-CD544D529D63}.Blazor Release|Any CPU.ActiveCfg = Debug|Any CPU
		{C3F6B528-6966-45FB-87DA-CD544D529D63}.Blazor Release|Any CPU.Build.0 = Debug|Any CPU
		{C3F6B528-6966-45FB-87DA-CD544D529D63}.Blazor Release|ARM.ActiveCfg = Debug|Any CPU
		{C3F6B528-6966-45FB-87DA-CD544D529D63}.Blazor Release|ARM.Build.0 = Debug|Any CPU
		{C3F6B528-6966-45FB-87DA-CD544D529D63}.Blazor Release|ARM64.ActiveCfg = Debug|Any CPU
		{C3F6B528-6966-45FB-87DA-CD544D529D63}.Blazor Release|ARM64.Build.0 = Debug|Any CPU
		{C3F6B528-6966-45FB-87DA-CD544D529D63}.Blazor Release|x64.ActiveCfg = Debug|Any CPU
		{C3F6B528-6966-45FB-87DA-CD544D529D63}.Blazor Release|x64.Build.0 = Debug|Any CPU
		{C3F6B528-6966-45FB-87DA-CD544D529D63}.Blazor Release|x86.ActiveCfg = Debug|Any CPU
		{C3F6B528-6966-45FB-87DA-CD544D529D63}.Blazor Release|x86.Build.0 = Debug|Any CPU
		{C3F6B528-6966-45FB-87DA-CD544D529D63}.Debug|Any CPU.ActiveCfg = Debug|Any CPU
		{C3F6B528-6966-45FB-87DA-CD544D529D63}.Debug|Any CPU.Build.0 = Debug|Any CPU
		{C3F6B528-6966-45FB-87DA-CD544D529D63}.Debug|ARM.ActiveCfg = Debug|Any CPU
		{C3F6B528-6966-45FB-87DA-CD544D529D63}.Debug|ARM.Build.0 = Debug|Any CPU
		{C3F6B528-6966-45FB-87DA-CD544D529D63}.Debug|ARM64.ActiveCfg = Debug|Any CPU
		{C3F6B528-6966-45FB-87DA-CD544D529D63}.Debug|ARM64.Build.0 = Debug|Any CPU
		{C3F6B528-6966-45FB-87DA-CD544D529D63}.Debug|x64.ActiveCfg = Debug|Any CPU
		{C3F6B528-6966-45FB-87DA-CD544D529D63}.Debug|x64.Build.0 = Debug|Any CPU
		{C3F6B528-6966-45FB-87DA-CD544D529D63}.Debug|x86.ActiveCfg = Debug|Any CPU
		{C3F6B528-6966-45FB-87DA-CD544D529D63}.Debug|x86.Build.0 = Debug|Any CPU
		{C3F6B528-6966-45FB-87DA-CD544D529D63}.Release|Any CPU.ActiveCfg = Release|Any CPU
		{C3F6B528-6966-45FB-87DA-CD544D529D63}.Release|Any CPU.Build.0 = Release|Any CPU
		{C3F6B528-6966-45FB-87DA-CD544D529D63}.Release|ARM.ActiveCfg = Release|Any CPU
		{C3F6B528-6966-45FB-87DA-CD544D529D63}.Release|ARM.Build.0 = Release|Any CPU
		{C3F6B528-6966-45FB-87DA-CD544D529D63}.Release|ARM64.ActiveCfg = Release|Any CPU
		{C3F6B528-6966-45FB-87DA-CD544D529D63}.Release|ARM64.Build.0 = Release|Any CPU
		{C3F6B528-6966-45FB-87DA-CD544D529D63}.Release|x64.ActiveCfg = Release|Any CPU
		{C3F6B528-6966-45FB-87DA-CD544D529D63}.Release|x64.Build.0 = Release|Any CPU
		{C3F6B528-6966-45FB-87DA-CD544D529D63}.Release|x86.ActiveCfg = Release|Any CPU
		{C3F6B528-6966-45FB-87DA-CD544D529D63}.Release|x86.Build.0 = Release|Any CPU
		{5C90F422-2B17-4632-B075-3F9BA2624016}.All|Any CPU.ActiveCfg = Debug|Any CPU
		{5C90F422-2B17-4632-B075-3F9BA2624016}.All|Any CPU.Build.0 = Debug|Any CPU
		{5C90F422-2B17-4632-B075-3F9BA2624016}.All|ARM.ActiveCfg = Debug|Any CPU
		{5C90F422-2B17-4632-B075-3F9BA2624016}.All|ARM.Build.0 = Debug|Any CPU
		{5C90F422-2B17-4632-B075-3F9BA2624016}.All|ARM64.ActiveCfg = Debug|Any CPU
		{5C90F422-2B17-4632-B075-3F9BA2624016}.All|ARM64.Build.0 = Debug|Any CPU
		{5C90F422-2B17-4632-B075-3F9BA2624016}.All|x64.ActiveCfg = Debug|Any CPU
		{5C90F422-2B17-4632-B075-3F9BA2624016}.All|x64.Build.0 = Debug|Any CPU
		{5C90F422-2B17-4632-B075-3F9BA2624016}.All|x86.ActiveCfg = Debug|Any CPU
		{5C90F422-2B17-4632-B075-3F9BA2624016}.All|x86.Build.0 = Debug|Any CPU
		{5C90F422-2B17-4632-B075-3F9BA2624016}.Apply Migrations|Any CPU.ActiveCfg = Debug|Any CPU
		{5C90F422-2B17-4632-B075-3F9BA2624016}.Apply Migrations|Any CPU.Build.0 = Debug|Any CPU
		{5C90F422-2B17-4632-B075-3F9BA2624016}.Apply Migrations|ARM.ActiveCfg = Debug|Any CPU
		{5C90F422-2B17-4632-B075-3F9BA2624016}.Apply Migrations|ARM.Build.0 = Debug|Any CPU
		{5C90F422-2B17-4632-B075-3F9BA2624016}.Apply Migrations|ARM64.ActiveCfg = Debug|Any CPU
		{5C90F422-2B17-4632-B075-3F9BA2624016}.Apply Migrations|ARM64.Build.0 = Debug|Any CPU
		{5C90F422-2B17-4632-B075-3F9BA2624016}.Apply Migrations|x64.ActiveCfg = Debug|Any CPU
		{5C90F422-2B17-4632-B075-3F9BA2624016}.Apply Migrations|x64.Build.0 = Debug|Any CPU
		{5C90F422-2B17-4632-B075-3F9BA2624016}.Apply Migrations|x86.ActiveCfg = Debug|Any CPU
		{5C90F422-2B17-4632-B075-3F9BA2624016}.Apply Migrations|x86.Build.0 = Debug|Any CPU
		{5C90F422-2B17-4632-B075-3F9BA2624016}.Blazor Release|Any CPU.ActiveCfg = Debug|Any CPU
		{5C90F422-2B17-4632-B075-3F9BA2624016}.Blazor Release|Any CPU.Build.0 = Debug|Any CPU
		{5C90F422-2B17-4632-B075-3F9BA2624016}.Blazor Release|ARM.ActiveCfg = Debug|Any CPU
		{5C90F422-2B17-4632-B075-3F9BA2624016}.Blazor Release|ARM.Build.0 = Debug|Any CPU
		{5C90F422-2B17-4632-B075-3F9BA2624016}.Blazor Release|ARM64.ActiveCfg = Debug|Any CPU
		{5C90F422-2B17-4632-B075-3F9BA2624016}.Blazor Release|ARM64.Build.0 = Debug|Any CPU
		{5C90F422-2B17-4632-B075-3F9BA2624016}.Blazor Release|x64.ActiveCfg = Debug|Any CPU
		{5C90F422-2B17-4632-B075-3F9BA2624016}.Blazor Release|x64.Build.0 = Debug|Any CPU
		{5C90F422-2B17-4632-B075-3F9BA2624016}.Blazor Release|x86.ActiveCfg = Debug|Any CPU
		{5C90F422-2B17-4632-B075-3F9BA2624016}.Blazor Release|x86.Build.0 = Debug|Any CPU
		{5C90F422-2B17-4632-B075-3F9BA2624016}.Debug|Any CPU.ActiveCfg = Debug|Any CPU
		{5C90F422-2B17-4632-B075-3F9BA2624016}.Debug|Any CPU.Build.0 = Debug|Any CPU
		{5C90F422-2B17-4632-B075-3F9BA2624016}.Debug|ARM.ActiveCfg = Debug|Any CPU
		{5C90F422-2B17-4632-B075-3F9BA2624016}.Debug|ARM.Build.0 = Debug|Any CPU
		{5C90F422-2B17-4632-B075-3F9BA2624016}.Debug|ARM64.ActiveCfg = Debug|Any CPU
		{5C90F422-2B17-4632-B075-3F9BA2624016}.Debug|ARM64.Build.0 = Debug|Any CPU
		{5C90F422-2B17-4632-B075-3F9BA2624016}.Debug|x64.ActiveCfg = Debug|Any CPU
		{5C90F422-2B17-4632-B075-3F9BA2624016}.Debug|x64.Build.0 = Debug|Any CPU
		{5C90F422-2B17-4632-B075-3F9BA2624016}.Debug|x86.ActiveCfg = Debug|Any CPU
		{5C90F422-2B17-4632-B075-3F9BA2624016}.Debug|x86.Build.0 = Debug|Any CPU
		{5C90F422-2B17-4632-B075-3F9BA2624016}.Release|Any CPU.ActiveCfg = Release|Any CPU
		{5C90F422-2B17-4632-B075-3F9BA2624016}.Release|Any CPU.Build.0 = Release|Any CPU
		{5C90F422-2B17-4632-B075-3F9BA2624016}.Release|ARM.ActiveCfg = Release|Any CPU
		{5C90F422-2B17-4632-B075-3F9BA2624016}.Release|ARM.Build.0 = Release|Any CPU
		{5C90F422-2B17-4632-B075-3F9BA2624016}.Release|ARM64.ActiveCfg = Release|Any CPU
		{5C90F422-2B17-4632-B075-3F9BA2624016}.Release|ARM64.Build.0 = Release|Any CPU
		{5C90F422-2B17-4632-B075-3F9BA2624016}.Release|x64.ActiveCfg = Release|Any CPU
		{5C90F422-2B17-4632-B075-3F9BA2624016}.Release|x64.Build.0 = Release|Any CPU
		{5C90F422-2B17-4632-B075-3F9BA2624016}.Release|x86.ActiveCfg = Release|Any CPU
		{5C90F422-2B17-4632-B075-3F9BA2624016}.Release|x86.Build.0 = Release|Any CPU
		{FFE236AC-9FE0-4386-A75B-37A97196323D}.All|Any CPU.ActiveCfg = Debug|Any CPU
		{FFE236AC-9FE0-4386-A75B-37A97196323D}.All|Any CPU.Build.0 = Debug|Any CPU
		{FFE236AC-9FE0-4386-A75B-37A97196323D}.All|ARM.ActiveCfg = Debug|Any CPU
		{FFE236AC-9FE0-4386-A75B-37A97196323D}.All|ARM.Build.0 = Debug|Any CPU
		{FFE236AC-9FE0-4386-A75B-37A97196323D}.All|ARM64.ActiveCfg = Debug|Any CPU
		{FFE236AC-9FE0-4386-A75B-37A97196323D}.All|ARM64.Build.0 = Debug|Any CPU
		{FFE236AC-9FE0-4386-A75B-37A97196323D}.All|x64.ActiveCfg = Debug|Any CPU
		{FFE236AC-9FE0-4386-A75B-37A97196323D}.All|x64.Build.0 = Debug|Any CPU
		{FFE236AC-9FE0-4386-A75B-37A97196323D}.All|x86.ActiveCfg = Debug|Any CPU
		{FFE236AC-9FE0-4386-A75B-37A97196323D}.All|x86.Build.0 = Debug|Any CPU
		{FFE236AC-9FE0-4386-A75B-37A97196323D}.Apply Migrations|Any CPU.ActiveCfg = Debug|Any CPU
		{FFE236AC-9FE0-4386-A75B-37A97196323D}.Apply Migrations|Any CPU.Build.0 = Debug|Any CPU
		{FFE236AC-9FE0-4386-A75B-37A97196323D}.Apply Migrations|ARM.ActiveCfg = Debug|Any CPU
		{FFE236AC-9FE0-4386-A75B-37A97196323D}.Apply Migrations|ARM.Build.0 = Debug|Any CPU
		{FFE236AC-9FE0-4386-A75B-37A97196323D}.Apply Migrations|ARM64.ActiveCfg = Debug|Any CPU
		{FFE236AC-9FE0-4386-A75B-37A97196323D}.Apply Migrations|ARM64.Build.0 = Debug|Any CPU
		{FFE236AC-9FE0-4386-A75B-37A97196323D}.Apply Migrations|x64.ActiveCfg = Debug|Any CPU
		{FFE236AC-9FE0-4386-A75B-37A97196323D}.Apply Migrations|x64.Build.0 = Debug|Any CPU
		{FFE236AC-9FE0-4386-A75B-37A97196323D}.Apply Migrations|x86.ActiveCfg = Debug|Any CPU
		{FFE236AC-9FE0-4386-A75B-37A97196323D}.Apply Migrations|x86.Build.0 = Debug|Any CPU
		{FFE236AC-9FE0-4386-A75B-37A97196323D}.Blazor Release|Any CPU.ActiveCfg = Debug|Any CPU
		{FFE236AC-9FE0-4386-A75B-37A97196323D}.Blazor Release|Any CPU.Build.0 = Debug|Any CPU
		{FFE236AC-9FE0-4386-A75B-37A97196323D}.Blazor Release|ARM.ActiveCfg = Debug|Any CPU
		{FFE236AC-9FE0-4386-A75B-37A97196323D}.Blazor Release|ARM.Build.0 = Debug|Any CPU
		{FFE236AC-9FE0-4386-A75B-37A97196323D}.Blazor Release|ARM64.ActiveCfg = Debug|Any CPU
		{FFE236AC-9FE0-4386-A75B-37A97196323D}.Blazor Release|ARM64.Build.0 = Debug|Any CPU
		{FFE236AC-9FE0-4386-A75B-37A97196323D}.Blazor Release|x64.ActiveCfg = Debug|Any CPU
		{FFE236AC-9FE0-4386-A75B-37A97196323D}.Blazor Release|x64.Build.0 = Debug|Any CPU
		{FFE236AC-9FE0-4386-A75B-37A97196323D}.Blazor Release|x86.ActiveCfg = Debug|Any CPU
		{FFE236AC-9FE0-4386-A75B-37A97196323D}.Blazor Release|x86.Build.0 = Debug|Any CPU
		{FFE236AC-9FE0-4386-A75B-37A97196323D}.Debug|Any CPU.ActiveCfg = Debug|Any CPU
		{FFE236AC-9FE0-4386-A75B-37A97196323D}.Debug|Any CPU.Build.0 = Debug|Any CPU
		{FFE236AC-9FE0-4386-A75B-37A97196323D}.Debug|ARM.ActiveCfg = Debug|Any CPU
		{FFE236AC-9FE0-4386-A75B-37A97196323D}.Debug|ARM.Build.0 = Debug|Any CPU
		{FFE236AC-9FE0-4386-A75B-37A97196323D}.Debug|ARM64.ActiveCfg = Debug|Any CPU
		{FFE236AC-9FE0-4386-A75B-37A97196323D}.Debug|ARM64.Build.0 = Debug|Any CPU
		{FFE236AC-9FE0-4386-A75B-37A97196323D}.Debug|x64.ActiveCfg = Debug|Any CPU
		{FFE236AC-9FE0-4386-A75B-37A97196323D}.Debug|x64.Build.0 = Debug|Any CPU
		{FFE236AC-9FE0-4386-A75B-37A97196323D}.Debug|x86.ActiveCfg = Debug|Any CPU
		{FFE236AC-9FE0-4386-A75B-37A97196323D}.Debug|x86.Build.0 = Debug|Any CPU
		{FFE236AC-9FE0-4386-A75B-37A97196323D}.Release|Any CPU.ActiveCfg = Release|Any CPU
		{FFE236AC-9FE0-4386-A75B-37A97196323D}.Release|Any CPU.Build.0 = Release|Any CPU
		{FFE236AC-9FE0-4386-A75B-37A97196323D}.Release|ARM.ActiveCfg = Release|Any CPU
		{FFE236AC-9FE0-4386-A75B-37A97196323D}.Release|ARM.Build.0 = Release|Any CPU
		{FFE236AC-9FE0-4386-A75B-37A97196323D}.Release|ARM64.ActiveCfg = Release|Any CPU
		{FFE236AC-9FE0-4386-A75B-37A97196323D}.Release|ARM64.Build.0 = Release|Any CPU
		{FFE236AC-9FE0-4386-A75B-37A97196323D}.Release|x64.ActiveCfg = Release|Any CPU
		{FFE236AC-9FE0-4386-A75B-37A97196323D}.Release|x64.Build.0 = Release|Any CPU
		{FFE236AC-9FE0-4386-A75B-37A97196323D}.Release|x86.ActiveCfg = Release|Any CPU
		{FFE236AC-9FE0-4386-A75B-37A97196323D}.Release|x86.Build.0 = Release|Any CPU
	EndGlobalSection
	GlobalSection(SolutionProperties) = preSolution
		HideSolutionNode = FALSE
	EndGlobalSection
	GlobalSection(NestedProjects) = preSolution
		{DB776599-0814-4608-AA1B-38234CF65B2B} = {F6FE064A-0421-4DD3-B682-CBD7C936D9E5}
		{0F90928C-4F7B-40C4-9450-7273F02C2135} = {F6FE064A-0421-4DD3-B682-CBD7C936D9E5}
		{207C5C26-E64B-4F11-BDF8-2F8CC0ED613D} = {363DCFA0-F463-4525-84A9-7C25E2948517}
		{2A489ED7-9EAB-43BA-9E8D-1AD06352787B} = {363DCFA0-F463-4525-84A9-7C25E2948517}
		{19092AFD-0CAB-4D0B-9AD4-757CB529EA24} = {363DCFA0-F463-4525-84A9-7C25E2948517}
		{FF3C7BA0-9EB6-4207-A635-FC1A9D8C384C} = {363DCFA0-F463-4525-84A9-7C25E2948517}
		{F6DF60C3-FC8F-4016-8895-7DAFA0A24186} = {363DCFA0-F463-4525-84A9-7C25E2948517}
		{DFDFBEEE-A63C-45A2-8ED6-FF3BBFD236A1} = {F55228AE-1F0F-487D-B7F5-41E0ED19782A}
		{FE555724-07D8-4E8C-B4DC-89E776008510} = {F55228AE-1F0F-487D-B7F5-41E0ED19782A}
		{ACECD58F-6153-4D2E-AB69-DBB2957D68F0} = {F55228AE-1F0F-487D-B7F5-41E0ED19782A}
		{0940B5CF-2D92-4ECA-9EDB-960D470DE036} = {F55228AE-1F0F-487D-B7F5-41E0ED19782A}
		{689FA3BA-BDEF-48A1-ADEB-661CA8763FE5} = {DE5A386D-BC9A-4FA1-9EAB-36E66C72BC6E}
		{5D65EE49-6DF9-4F82-8002-75DB6BBCAED2} = {DE5A386D-BC9A-4FA1-9EAB-36E66C72BC6E}
		{026BB22A-512A-482E-8A2F-A9B1FAFABD2B} = {F55228AE-1F0F-487D-B7F5-41E0ED19782A}
		{9DDDB100-CBC3-4A7F-B5E5-9A31C53AC716} = {DE5A386D-BC9A-4FA1-9EAB-36E66C72BC6E}
		{37C54DFB-BDD0-4B87-A2DC-7C0B742ECE9B} = {DE5A386D-BC9A-4FA1-9EAB-36E66C72BC6E}
		{9147E489-AC3C-42D3-BFF3-7149F395EC1D} = {DE5A386D-BC9A-4FA1-9EAB-36E66C72BC6E}
		{C3F6B528-6966-45FB-87DA-CD544D529D63} = {37C54DFB-BDD0-4B87-A2DC-7C0B742ECE9B}
		{5C90F422-2B17-4632-B075-3F9BA2624016} = {F55228AE-1F0F-487D-B7F5-41E0ED19782A}
		{FFE236AC-9FE0-4386-A75B-37A97196323D} = {F55228AE-1F0F-487D-B7F5-41E0ED19782A}
	EndGlobalSection
	GlobalSection(ExtensibilityGlobals) = postSolution
		SolutionGuid = {7548869C-04B6-4F88-A5AF-48310959D2D3}
	EndGlobalSection
	GlobalSection(NDepend) = preSolution
		Project = ".\Pamaxie5.ndproj"
	EndGlobalSection
EndGlobal
